{
  "version": 4,
  "terraform_version": "1.10.0",
  "serial": 599,
  "lineage": "e9aa899b-b713-3d03-a579-c014e93088e6",
  "outputs": {},
  "resources": [
    {
      "mode": "data",
      "type": "ibm_is_floating_ip",
      "name": "public_ip_master",
      "provider": "provider[\"registry.terraform.io/ibm-cloud/ibm\"]",
      "instances": []
    },
    {
      "mode": "data",
      "type": "ibm_is_image",
      "name": "image_debian",
      "provider": "provider[\"registry.terraform.io/ibm-cloud/ibm\"]",
      "instances": [
        {
          "schema_version": 0,
          "attributes": {
            "access_tags": [],
            "architecture": "amd64",
            "catalog_offering": [
              {
                "managed": false,
                "version": []
              }
            ],
            "checksum": "b0956abb730030130514d0e5c36b289c57a316874b6b2091e2768f06581419cb",
            "created_at": "2024-11-20T19:01:54.000Z",
            "crn": "crn:v1:bluemix:public:is:us-south:a/811f8abfbd32425597dc7ba40da98fa6::image:r006-9e7263d4-47eb-460e-a024-5ba05952dca0",
            "deprecation_at": null,
            "encryption": "none",
            "encryption_key": null,
            "id": "r006-9e7263d4-47eb-460e-a024-5ba05952dca0",
            "identifier": null,
            "name": "ibm-debian-12-12-minimal-amd64-1",
            "obsolescence_at": null,
            "operating_system": [
              {
                "allow_user_image_creation": true,
                "architecture": "amd64",
                "dedicated_host_only": false,
                "display_name": "Debian GNU/Linux 12.x Bookworm/Stable - Minimal Install (amd64)",
                "family": "Debian GNU/Linux",
                "href": "https://us-south.iaas.cloud.ibm.com/v1/operating_systems/debian-12-amd64",
                "name": "debian-12-amd64",
                "user_data_format": "cloud_init",
                "vendor": "Debian",
                "version": "12.x Bookworm/Stable - Minimal Install"
              }
            ],
            "os": "debian-12-amd64",
            "resource_group": [
              {
                "href": "https://resource-controller.cloud.ibm.com/v1/resource_groups/5807b5832a8741179b2e06ca2d2b3b96",
                "id": "5807b5832a8741179b2e06ca2d2b3b96",
                "name": "Default"
              }
            ],
            "source_volume": null,
            "status": "available",
            "status_reasons": null,
            "user_data_format": "cloud_init",
            "visibility": "public"
          },
          "sensitive_attributes": []
        }
      ]
    },
    {
      "mode": "data",
      "type": "ibm_is_image",
      "name": "image_ubuntu",
      "provider": "provider[\"registry.terraform.io/ibm-cloud/ibm\"]",
      "instances": [
        {
          "schema_version": 0,
          "attributes": {
            "access_tags": [],
            "architecture": "amd64",
            "catalog_offering": [
              {
                "managed": false,
                "version": []
              }
            ],
            "checksum": "952f925d4e8a50dc08a3cce8f8d894fedf7d10139008a62286031a0844549a84",
            "created_at": "2024-09-17T14:30:02.000Z",
            "crn": "crn:v1:bluemix:public:is:us-south:a/811f8abfbd32425597dc7ba40da98fa6::image:r006-1986fc62-8a9e-49da-bde4-f431e7e074a7",
            "deprecation_at": "2024-12-10T18:32:18.000Z",
            "encryption": "none",
            "encryption_key": null,
            "id": "r006-1986fc62-8a9e-49da-bde4-f431e7e074a7",
            "identifier": null,
            "name": "ibm-ubuntu-22-04-4-minimal-amd64-4",
            "obsolescence_at": null,
            "operating_system": [
              {
                "allow_user_image_creation": true,
                "architecture": "amd64",
                "dedicated_host_only": false,
                "display_name": "Ubuntu Linux 22.04 LTS Jammy Jellyfish Minimal Install (amd64)",
                "family": "Ubuntu Linux",
                "href": "https://us-south.iaas.cloud.ibm.com/v1/operating_systems/ubuntu-22-04-amd64",
                "name": "ubuntu-22-04-amd64",
                "user_data_format": "cloud_init",
                "vendor": "Canonical",
                "version": "22.04 LTS Jammy Jellyfish Minimal Install"
              }
            ],
            "os": "ubuntu-22-04-amd64",
            "resource_group": [
              {
                "href": "https://resource-controller.cloud.ibm.com/v1/resource_groups/5807b5832a8741179b2e06ca2d2b3b96",
                "id": "5807b5832a8741179b2e06ca2d2b3b96",
                "name": "Default"
              }
            ],
            "source_volume": null,
            "status": "deprecated",
            "status_reasons": null,
            "user_data_format": "cloud_init",
            "visibility": "public"
          },
          "sensitive_attributes": []
        }
      ]
    },
    {
      "module": "module.compute",
      "mode": "managed",
      "type": "ibm_is_instance",
      "name": "instance",
      "provider": "module.compute.provider[\"registry.terraform.io/ibm-cloud/ibm\"]",
      "instances": [
        {
          "index_key": "instance-master",
          "schema_version": 0,
          "attributes": {
            "access_tags": [],
            "action": null,
            "auto_delete_volume": null,
            "availability_policy_host_failure": "restart",
            "bandwidth": 4000,
            "boot_volume": [
              {
                "auto_delete_volume": true,
                "encryption": "",
                "iops": 3000,
                "name": "flail-unneeded-habitual-fastball",
                "profile": "general-purpose",
                "size": 100,
                "snapshot": "",
                "snapshot_crn": "",
                "tags": [],
                "volume_id": "r006-917db3e7-2257-449b-83a0-8bbe2f1f1776"
              }
            ],
            "catalog_offering": [],
            "confidential_compute_mode": "disabled",
            "crn": "crn:v1:bluemix:public:is:us-south-1:a/65c005b968304c79af0072316cd66882::instance:0717_521842ec-eb59-43a2-ad8c-88743726dffd",
            "dedicated_host": null,
            "dedicated_host_group": null,
            "default_trusted_profile_auto_link": null,
            "default_trusted_profile_target": null,
            "disks": [],
            "enable_secure_boot": false,
            "force_action": false,
            "force_recovery_time": null,
            "gpu": [],
            "id": "0717_521842ec-eb59-43a2-ad8c-88743726dffd",
            "image": "r006-1986fc62-8a9e-49da-bde4-f431e7e074a7",
            "instance_template": null,
            "keys": [
              "r006-c1319cf2-9ec2-45dc-a83e-be36c12c2094"
            ],
            "lifecycle_reasons": [],
            "lifecycle_state": "stable",
            "memory": 8,
            "metadata_service": [
              {
                "enabled": false,
                "protocol": "http",
                "response_hop_limit": 1
              }
            ],
            "metadata_service_enabled": false,
            "name": "instance-master",
            "network_attachments": [],
            "network_interfaces": [],
            "numa_count": 1,
            "placement_group": null,
            "placement_target": [],
            "primary_network_attachment": [],
            "primary_network_interface": [
              {
                "allow_ip_spoofing": false,
                "id": "0717-6aa70ae2-9afd-4847-90d9-f48f95f7c650",
                "name": "culminate-musket-mankind-treasure",
                "port_speed": 3000,
                "primary_ip": [
                  {
                    "address": "10.240.0.4",
                    "auto_delete": true,
                    "href": "https://us-south.iaas.cloud.ibm.com/v1/subnets/0717-630fd68e-5eec-4aed-982c-aae18229a151/reserved_ips/0717-d5850594-69da-4924-acc0-b4ad03f95203",
                    "name": "broadways-waviness-sublet-suspense",
                    "reserved_ip": "0717-d5850594-69da-4924-acc0-b4ad03f95203",
                    "resource_type": "subnet_reserved_ip"
                  }
                ],
                "primary_ipv4_address": "10.240.0.4",
                "security_groups": [
                  "r006-faa377ae-e830-4522-b57d-c69cd7de2a08"
                ],
                "subnet": "0717-630fd68e-5eec-4aed-982c-aae18229a151"
              }
            ],
            "profile": "bx2-2x8",
            "reservation": [],
            "reservation_affinity": [
              {
                "policy": "disabled",
                "pool": []
              }
            ],
            "resource_controller_url": "https://cloud.ibm.com/vpc-ext/compute/vs",
            "resource_crn": "crn:v1:bluemix:public:is:us-south-1:a/65c005b968304c79af0072316cd66882::instance:0717_521842ec-eb59-43a2-ad8c-88743726dffd",
            "resource_group": "c1b26be79bf24bad9a79a237e20d453d",
            "resource_group_name": "khaled",
            "resource_name": "instance-master",
            "resource_status": "running",
            "status": "running",
            "status_reasons": [],
            "tags": [
              "Name:instance_instance-master"
            ],
            "timeouts": null,
            "total_network_bandwidth": 3000,
            "total_volume_bandwidth": 1000,
            "user_data": null,
            "vcpu": [
              {
                "architecture": "amd64",
                "count": 2,
                "manufacturer": "intel"
              }
            ],
            "volume_attachments": [
              {
                "id": "0717-d85758d2-8ef3-4433-8209-a0076893f48a",
                "name": "stew-sheath-ajar-caloric",
                "volume_crn": "crn:v1:bluemix:public:is:us-south-1:a/65c005b968304c79af0072316cd66882::volume:r006-917db3e7-2257-449b-83a0-8bbe2f1f1776",
                "volume_id": "r006-917db3e7-2257-449b-83a0-8bbe2f1f1776",
                "volume_name": "flail-unneeded-habitual-fastball"
              }
            ],
            "volumes": null,
            "vpc": "r006-8af72644-7fcd-4d73-b07b-8323bd4b626d",
            "wait_before_delete": true,
            "zone": "us-south-1"
          },
          "sensitive_attributes": [],
          "private": "eyJlMmJmYjczMC1lY2FhLTExZTYtOGY4OC0zNDM2M2JjN2M0YzAiOnsiY3JlYXRlIjoxODAwMDAwMDAwMDAwLCJkZWxldGUiOjE4MDAwMDAwMDAwMDAsInVwZGF0ZSI6MTgwMDAwMDAwMDAwMH19",
          "dependencies": [
            "data.ibm_is_image.image_ubuntu",
            "module.network.ibm_is_public_gateway.gateway",
            "module.network.ibm_is_subnet.subnet",
            "module.network.ibm_is_vpc.vpc",
            "module.network.ibm_is_vpc_routing_table.khaled",
            "module.network.ibm_resource_group.resource_group",
            "module.security.ibm_is_security_group.SG",
            "module.security.ibm_is_ssh_key.ssh"
          ]
        },
        {
          "index_key": "instance-node-1",
          "schema_version": 0,
          "attributes": {
            "access_tags": [],
            "action": null,
            "auto_delete_volume": null,
            "availability_policy_host_failure": "restart",
            "bandwidth": 4000,
            "boot_volume": [
              {
                "auto_delete_volume": true,
                "encryption": "",
                "iops": 3000,
                "name": "payroll-tripod-expediter-company",
                "profile": "general-purpose",
                "size": 100,
                "snapshot": "",
                "snapshot_crn": "",
                "tags": [],
                "volume_id": "r006-b0adc30d-3a41-4981-b0a2-f53ad7b457e2"
              }
            ],
            "catalog_offering": [],
            "confidential_compute_mode": "disabled",
            "crn": "crn:v1:bluemix:public:is:us-south-1:a/65c005b968304c79af0072316cd66882::instance:0717_179e6a00-1bab-443b-a893-f0ecebedd53d",
            "dedicated_host": null,
            "dedicated_host_group": null,
            "default_trusted_profile_auto_link": null,
            "default_trusted_profile_target": null,
            "disks": [],
            "enable_secure_boot": false,
            "force_action": false,
            "force_recovery_time": null,
            "gpu": [],
            "id": "0717_179e6a00-1bab-443b-a893-f0ecebedd53d",
            "image": "r006-1986fc62-8a9e-49da-bde4-f431e7e074a7",
            "instance_template": null,
            "keys": [
              "r006-7c6b41d8-389a-4889-9878-e31327228f3f"
            ],
            "lifecycle_reasons": [],
            "lifecycle_state": "stable",
            "memory": 8,
            "metadata_service": [
              {
                "enabled": false,
                "protocol": "http",
                "response_hop_limit": 1
              }
            ],
            "metadata_service_enabled": false,
            "name": "instance-node-1",
            "network_attachments": [],
            "network_interfaces": [],
            "numa_count": 1,
            "placement_group": null,
            "placement_target": [],
            "primary_network_attachment": [],
            "primary_network_interface": [
              {
                "allow_ip_spoofing": false,
                "id": "0717-d7e21cc1-2bcb-4dfa-b272-54d3a278fefe",
                "name": "yin-animate-tablet-gauging",
                "port_speed": 3000,
                "primary_ip": [
                  {
                    "address": "10.240.1.4",
                    "auto_delete": true,
                    "href": "https://us-south.iaas.cloud.ibm.com/v1/subnets/0717-b1a94456-8708-4990-aab7-f562eb785ec8/reserved_ips/0717-99b15334-2206-447c-af39-4bebd3c55544",
                    "name": "lyrically-running-stubbly-supper",
                    "reserved_ip": "0717-99b15334-2206-447c-af39-4bebd3c55544",
                    "resource_type": "subnet_reserved_ip"
                  }
                ],
                "primary_ipv4_address": "10.240.1.4",
                "security_groups": [
                  "r006-3c7f2488-04c0-4d9e-b9ff-fdab61d8310d"
                ],
                "subnet": "0717-b1a94456-8708-4990-aab7-f562eb785ec8"
              }
            ],
            "profile": "bx2-2x8",
            "reservation": [],
            "reservation_affinity": [
              {
                "policy": "disabled",
                "pool": []
              }
            ],
            "resource_controller_url": "https://cloud.ibm.com/vpc-ext/compute/vs",
            "resource_crn": "crn:v1:bluemix:public:is:us-south-1:a/65c005b968304c79af0072316cd66882::instance:0717_179e6a00-1bab-443b-a893-f0ecebedd53d",
            "resource_group": "c1b26be79bf24bad9a79a237e20d453d",
            "resource_group_name": "khaled",
            "resource_name": "instance-node-1",
            "resource_status": "running",
            "status": "running",
            "status_reasons": [],
            "tags": [
              "Name:instance_instance-node-1"
            ],
            "timeouts": null,
            "total_network_bandwidth": 3000,
            "total_volume_bandwidth": 1000,
            "user_data": null,
            "vcpu": [
              {
                "architecture": "amd64",
                "count": 2,
                "manufacturer": "intel"
              }
            ],
            "volume_attachments": [
              {
                "id": "0717-04d593e8-d6e8-41ab-b643-65ab73266929",
                "name": "scorpion-celery-shorthand-stuck",
                "volume_crn": "crn:v1:bluemix:public:is:us-south-1:a/65c005b968304c79af0072316cd66882::volume:r006-b0adc30d-3a41-4981-b0a2-f53ad7b457e2",
                "volume_id": "r006-b0adc30d-3a41-4981-b0a2-f53ad7b457e2",
                "volume_name": "payroll-tripod-expediter-company"
              }
            ],
            "volumes": null,
            "vpc": "r006-8af72644-7fcd-4d73-b07b-8323bd4b626d",
            "wait_before_delete": true,
            "zone": "us-south-1"
          },
          "sensitive_attributes": [],
          "private": "eyJlMmJmYjczMC1lY2FhLTExZTYtOGY4OC0zNDM2M2JjN2M0YzAiOnsiY3JlYXRlIjoxODAwMDAwMDAwMDAwLCJkZWxldGUiOjE4MDAwMDAwMDAwMDAsInVwZGF0ZSI6MTgwMDAwMDAwMDAwMH19",
          "dependencies": [
            "data.ibm_is_image.image_ubuntu",
            "module.network.ibm_is_public_gateway.gateway",
            "module.network.ibm_is_subnet.subnet",
            "module.network.ibm_is_vpc.vpc",
            "module.network.ibm_is_vpc_routing_table.khaled",
            "module.network.ibm_resource_group.resource_group",
            "module.security.ibm_is_security_group.SG",
            "module.security.ibm_is_ssh_key.ssh"
          ]
        },
        {
          "index_key": "instance-node-2",
          "schema_version": 0,
          "attributes": {
            "access_tags": [],
            "action": null,
            "auto_delete_volume": null,
            "availability_policy_host_failure": "restart",
            "bandwidth": 4000,
            "boot_volume": [
              {
                "auto_delete_volume": true,
                "encryption": "",
                "iops": 3000,
                "name": "numbing-prune-aptly-outreach",
                "profile": "general-purpose",
                "size": 100,
                "snapshot": "",
                "snapshot_crn": "",
                "tags": [],
                "volume_id": "r006-f9f93b0e-d6dd-4ce2-a691-7db385d15ac4"
              }
            ],
            "catalog_offering": [],
            "confidential_compute_mode": "disabled",
            "crn": "crn:v1:bluemix:public:is:us-south-1:a/65c005b968304c79af0072316cd66882::instance:0717_e572a186-3806-41fd-b25e-d1f906ad33ad",
            "dedicated_host": null,
            "dedicated_host_group": null,
            "default_trusted_profile_auto_link": null,
            "default_trusted_profile_target": null,
            "disks": [],
            "enable_secure_boot": false,
            "force_action": false,
            "force_recovery_time": null,
            "gpu": [],
            "id": "0717_e572a186-3806-41fd-b25e-d1f906ad33ad",
            "image": "r006-1986fc62-8a9e-49da-bde4-f431e7e074a7",
            "instance_template": null,
            "keys": [
              "r006-7c6b41d8-389a-4889-9878-e31327228f3f"
            ],
            "lifecycle_reasons": [],
            "lifecycle_state": "stable",
            "memory": 8,
            "metadata_service": [
              {
                "enabled": false,
                "protocol": "http",
                "response_hop_limit": 1
              }
            ],
            "metadata_service_enabled": false,
            "name": "instance-node-2",
            "network_attachments": [],
            "network_interfaces": [],
            "numa_count": 1,
            "placement_group": null,
            "placement_target": [],
            "primary_network_attachment": [],
            "primary_network_interface": [
              {
                "allow_ip_spoofing": false,
                "id": "0717-5f0a5fa1-6ee3-403c-b0ce-0e834afa1581",
                "name": "knelt-gander-paralegal-nape",
                "port_speed": 3000,
                "primary_ip": [
                  {
                    "address": "10.240.1.5",
                    "auto_delete": true,
                    "href": "https://us-south.iaas.cloud.ibm.com/v1/subnets/0717-b1a94456-8708-4990-aab7-f562eb785ec8/reserved_ips/0717-03884168-f09f-4e9d-a8a0-02f85a5846f1",
                    "name": "murkiness-dedicate-phobia-mardi",
                    "reserved_ip": "0717-03884168-f09f-4e9d-a8a0-02f85a5846f1",
                    "resource_type": "subnet_reserved_ip"
                  }
                ],
                "primary_ipv4_address": "10.240.1.5",
                "security_groups": [
                  "r006-3c7f2488-04c0-4d9e-b9ff-fdab61d8310d"
                ],
                "subnet": "0717-b1a94456-8708-4990-aab7-f562eb785ec8"
              }
            ],
            "profile": "bx2-2x8",
            "reservation": [],
            "reservation_affinity": [
              {
                "policy": "disabled",
                "pool": []
              }
            ],
            "resource_controller_url": "https://cloud.ibm.com/vpc-ext/compute/vs",
            "resource_crn": "crn:v1:bluemix:public:is:us-south-1:a/65c005b968304c79af0072316cd66882::instance:0717_e572a186-3806-41fd-b25e-d1f906ad33ad",
            "resource_group": "c1b26be79bf24bad9a79a237e20d453d",
            "resource_group_name": "khaled",
            "resource_name": "instance-node-2",
            "resource_status": "running",
            "status": "running",
            "status_reasons": [],
            "tags": [
              "Name:instance_instance-node-2"
            ],
            "timeouts": null,
            "total_network_bandwidth": 3000,
            "total_volume_bandwidth": 1000,
            "user_data": null,
            "vcpu": [
              {
                "architecture": "amd64",
                "count": 2,
                "manufacturer": "intel"
              }
            ],
            "volume_attachments": [
              {
                "id": "0717-36252b67-e534-40cc-991c-ce2b837d9883",
                "name": "penknife-dazzle-guidance-gargle",
                "volume_crn": "crn:v1:bluemix:public:is:us-south-1:a/65c005b968304c79af0072316cd66882::volume:r006-f9f93b0e-d6dd-4ce2-a691-7db385d15ac4",
                "volume_id": "r006-f9f93b0e-d6dd-4ce2-a691-7db385d15ac4",
                "volume_name": "numbing-prune-aptly-outreach"
              }
            ],
            "volumes": null,
            "vpc": "r006-8af72644-7fcd-4d73-b07b-8323bd4b626d",
            "wait_before_delete": true,
            "zone": "us-south-1"
          },
          "sensitive_attributes": [],
          "private": "eyJlMmJmYjczMC1lY2FhLTExZTYtOGY4OC0zNDM2M2JjN2M0YzAiOnsiY3JlYXRlIjoxODAwMDAwMDAwMDAwLCJkZWxldGUiOjE4MDAwMDAwMDAwMDAsInVwZGF0ZSI6MTgwMDAwMDAwMDAwMH19",
          "dependencies": [
            "data.ibm_is_image.image_ubuntu",
            "module.network.ibm_is_public_gateway.gateway",
            "module.network.ibm_is_subnet.subnet",
            "module.network.ibm_is_vpc.vpc",
            "module.network.ibm_is_vpc_routing_table.khaled",
            "module.network.ibm_resource_group.resource_group",
            "module.security.ibm_is_security_group.SG",
            "module.security.ibm_is_ssh_key.ssh"
          ]
        }
      ]
    },
    {
      "module": "module.network",
      "mode": "managed",
      "type": "ibm_is_floating_ip",
      "name": "F_ip",
      "provider": "module.network.provider[\"registry.terraform.io/ibm-cloud/ibm\"]",
      "instances": [
        {
          "index_key": "master",
          "schema_version": 0,
          "attributes": {
            "access_tags": [],
            "address": "52.118.148.36",
            "crn": "crn:v1:bluemix:public:is:us-south-1:a/65c005b968304c79af0072316cd66882::floating-ip:r006-ee6ac0b6-09f6-4e81-bf1c-4694c84ac961",
            "id": "r006-ee6ac0b6-09f6-4e81-bf1c-4694c84ac961",
            "name": "master",
            "resource_controller_url": "https://cloud.ibm.com/vpc-ext/network/floatingIPs",
            "resource_crn": "crn:v1:bluemix:public:is:us-south-1:a/65c005b968304c79af0072316cd66882::floating-ip:r006-ee6ac0b6-09f6-4e81-bf1c-4694c84ac961",
            "resource_group": "f85c67de9d944c59afb9709a10a7a25b",
            "resource_group_name": "Default",
            "resource_name": "master",
            "resource_status": "available",
            "status": "available",
            "tags": [
              "Name:F_ip_master"
            ],
            "target": "0717-6aa70ae2-9afd-4847-90d9-f48f95f7c650",
            "target_list": [
              {
                "crn": "",
                "deleted": [],
                "href": "https://us-south.iaas.cloud.ibm.com/v1/instances/0717_521842ec-eb59-43a2-ad8c-88743726dffd/network_interfaces/0717-6aa70ae2-9afd-4847-90d9-f48f95f7c650",
                "id": "0717-6aa70ae2-9afd-4847-90d9-f48f95f7c650",
                "name": "culminate-musket-mankind-treasure",
                "primary_ip": [
                  {
                    "address": "10.240.0.4",
                    "href": "https://us-south.iaas.cloud.ibm.com/v1/subnets/0717-630fd68e-5eec-4aed-982c-aae18229a151/reserved_ips/0717-d5850594-69da-4924-acc0-b4ad03f95203",
                    "name": "broadways-waviness-sublet-suspense",
                    "reserved_ip": "0717-d5850594-69da-4924-acc0-b4ad03f95203",
                    "resource_type": "subnet_reserved_ip"
                  }
                ],
                "resource_type": "network_interface"
              }
            ],
            "timeouts": null,
            "zone": "us-south-1"
          },
          "sensitive_attributes": [],
          "private": "eyJlMmJmYjczMC1lY2FhLTExZTYtOGY4OC0zNDM2M2JjN2M0YzAiOnsiY3JlYXRlIjo2MDAwMDAwMDAwMDAsImRlbGV0ZSI6NjAwMDAwMDAwMDAwfX0=",
          "dependencies": [
            "data.ibm_is_image.image_ubuntu",
            "module.compute.ibm_is_instance.instance",
            "module.network.ibm_is_public_gateway.gateway",
            "module.network.ibm_is_subnet.subnet",
            "module.network.ibm_is_vpc.vpc",
            "module.network.ibm_is_vpc_routing_table.khaled",
            "module.network.ibm_resource_group.resource_group",
            "module.security.ibm_is_security_group.SG",
            "module.security.ibm_is_ssh_key.ssh"
          ]
        }
      ]
    },
    {
      "module": "module.network",
      "mode": "managed",
      "type": "ibm_is_public_gateway",
      "name": "gateway",
      "provider": "module.network.provider[\"registry.terraform.io/ibm-cloud/ibm\"]",
      "instances": [
        {
          "schema_version": 0,
          "attributes": {
            "access_tags": [],
            "crn": "crn:v1:bluemix:public:is:us-south-1:a/65c005b968304c79af0072316cd66882::public-gateway:r006-fce45fda-f091-4402-992c-cceeb3ec83b8",
            "floating_ip": {
              "address": "150.240.64.251",
              "id": "r006-acc2e010-f7dd-484e-959a-df3adbeef642"
            },
            "id": "r006-fce45fda-f091-4402-992c-cceeb3ec83b8",
            "name": "khaled-gateway",
            "resource_controller_url": "https://cloud.ibm.com/vpc-ext/network/publicGateways",
            "resource_crn": "crn:v1:bluemix:public:is:us-south-1:a/65c005b968304c79af0072316cd66882::public-gateway:r006-fce45fda-f091-4402-992c-cceeb3ec83b8",
            "resource_group": "f85c67de9d944c59afb9709a10a7a25b",
            "resource_group_name": "Default",
            "resource_name": "khaled-gateway",
            "resource_status": "available",
            "status": "available",
            "tags": [],
            "timeouts": null,
            "vpc": "r006-8af72644-7fcd-4d73-b07b-8323bd4b626d",
            "zone": "us-south-1"
          },
          "sensitive_attributes": [],
          "private": "eyJlMmJmYjczMC1lY2FhLTExZTYtOGY4OC0zNDM2M2JjN2M0YzAiOnsiY3JlYXRlIjo2MDAwMDAwMDAwMDAsImRlbGV0ZSI6NjAwMDAwMDAwMDAwfX0=",
          "dependencies": [
            "module.network.ibm_is_vpc.vpc",
            "module.network.ibm_resource_group.resource_group"
          ]
        }
      ]
    },
    {
      "module": "module.network",
      "mode": "managed",
      "type": "ibm_is_subnet",
      "name": "subnet",
      "provider": "module.network.provider[\"registry.terraform.io/ibm-cloud/ibm\"]",
      "instances": [
        {
          "index_key": "private-subnet-kube",
          "schema_version": 0,
          "attributes": {
            "access_tags": [],
            "available_ipv4_address_count": 251,
            "crn": "crn:v1:bluemix:public:is:us-south-1:a/65c005b968304c79af0072316cd66882::subnet:0717-b1a94456-8708-4990-aab7-f562eb785ec8",
            "id": "0717-b1a94456-8708-4990-aab7-f562eb785ec8",
            "ip_version": "ipv4",
            "ipv4_cidr_block": "10.240.1.0/24",
            "name": "private-subnet-kube",
            "network_acl": "r006-ec8a4290-2a89-4868-9a2d-993034a8ad77",
            "public_gateway": "r006-fce45fda-f091-4402-992c-cceeb3ec83b8",
            "resource_controller_url": "https://cloud.ibm.com/vpc-ext/network/subnets",
            "resource_crn": "crn:v1:bluemix:public:is:us-south-1:a/65c005b968304c79af0072316cd66882::subnet:0717-b1a94456-8708-4990-aab7-f562eb785ec8",
            "resource_group": "f85c67de9d944c59afb9709a10a7a25b",
            "resource_group_name": "Default",
            "resource_name": "private-subnet-kube",
            "resource_status": "available",
            "routing_table": "r006-d3d2a617-db81-4883-9b3c-2e1fe0c1e014",
            "routing_table_crn": "crn:v1:bluemix:public:is:us-south:a/65c005b968304c79af0072316cd66882::vpc-routing-table:r006-8af72644-7fcd-4d73-b07b-8323bd4b626d/r006-d3d2a617-db81-4883-9b3c-2e1fe0c1e014",
            "status": "available",
            "tags": [
              "Name:subnet_private-subnet-kube"
            ],
            "timeouts": null,
            "total_ipv4_address_count": 256,
            "vpc": "r006-8af72644-7fcd-4d73-b07b-8323bd4b626d",
            "zone": "us-south-1"
          },
          "sensitive_attributes": [],
          "private": "eyJlMmJmYjczMC1lY2FhLTExZTYtOGY4OC0zNDM2M2JjN2M0YzAiOnsiY3JlYXRlIjo2MDAwMDAwMDAwMDAsImRlbGV0ZSI6NjAwMDAwMDAwMDAwLCJ1cGRhdGUiOjYwMDAwMDAwMDAwMH19",
          "dependencies": [
            "module.network.ibm_is_public_gateway.gateway",
            "module.network.ibm_is_vpc.vpc",
            "module.network.ibm_is_vpc_routing_table.khaled",
            "module.network.ibm_resource_group.resource_group"
          ]
        },
        {
          "index_key": "public-subnet-kube",
          "schema_version": 0,
          "attributes": {
            "access_tags": [],
            "available_ipv4_address_count": 251,
            "crn": "crn:v1:bluemix:public:is:us-south-1:a/65c005b968304c79af0072316cd66882::subnet:0717-630fd68e-5eec-4aed-982c-aae18229a151",
            "id": "0717-630fd68e-5eec-4aed-982c-aae18229a151",
            "ip_version": "ipv4",
            "ipv4_cidr_block": "10.240.0.0/24",
            "name": "public-subnet-kube",
            "network_acl": "r006-ec8a4290-2a89-4868-9a2d-993034a8ad77",
            "public_gateway": "r006-fce45fda-f091-4402-992c-cceeb3ec83b8",
            "resource_controller_url": "https://cloud.ibm.com/vpc-ext/network/subnets",
            "resource_crn": "crn:v1:bluemix:public:is:us-south-1:a/65c005b968304c79af0072316cd66882::subnet:0717-630fd68e-5eec-4aed-982c-aae18229a151",
            "resource_group": "f85c67de9d944c59afb9709a10a7a25b",
            "resource_group_name": "Default",
            "resource_name": "public-subnet-kube",
            "resource_status": "available",
            "routing_table": "r006-d3d2a617-db81-4883-9b3c-2e1fe0c1e014",
            "routing_table_crn": "crn:v1:bluemix:public:is:us-south:a/65c005b968304c79af0072316cd66882::vpc-routing-table:r006-8af72644-7fcd-4d73-b07b-8323bd4b626d/r006-d3d2a617-db81-4883-9b3c-2e1fe0c1e014",
            "status": "available",
            "tags": [
              "Name:subnet_public-subnet-kube"
            ],
            "timeouts": null,
            "total_ipv4_address_count": 256,
            "vpc": "r006-8af72644-7fcd-4d73-b07b-8323bd4b626d",
            "zone": "us-south-1"
          },
          "sensitive_attributes": [],
          "private": "eyJlMmJmYjczMC1lY2FhLTExZTYtOGY4OC0zNDM2M2JjN2M0YzAiOnsiY3JlYXRlIjo2MDAwMDAwMDAwMDAsImRlbGV0ZSI6NjAwMDAwMDAwMDAwLCJ1cGRhdGUiOjYwMDAwMDAwMDAwMH19",
          "dependencies": [
            "module.network.ibm_is_public_gateway.gateway",
            "module.network.ibm_is_vpc.vpc",
            "module.network.ibm_is_vpc_routing_table.khaled",
            "module.network.ibm_resource_group.resource_group"
          ]
        }
      ]
    },
    {
      "module": "module.network",
      "mode": "managed",
      "type": "ibm_is_vpc",
      "name": "vpc",
      "provider": "module.network.provider[\"registry.terraform.io/ibm-cloud/ibm\"]",
      "instances": [
        {
          "index_key": "vpc-khaled",
          "schema_version": 0,
          "attributes": {
            "access_tags": [],
            "address_prefix_management": "auto",
            "classic_access": false,
            "crn": "crn:v1:bluemix:public:is:us-south:a/65c005b968304c79af0072316cd66882::vpc:r006-8af72644-7fcd-4d73-b07b-8323bd4b626d",
            "cse_source_addresses": [
              {
                "address": "10.22.213.146",
                "zone_name": "us-south-1"
              },
              {
                "address": "10.12.157.51",
                "zone_name": "us-south-2"
              },
              {
                "address": "10.16.250.173",
                "zone_name": "us-south-3"
              }
            ],
            "default_network_acl": "r006-ec8a4290-2a89-4868-9a2d-993034a8ad77",
            "default_network_acl_crn": "crn:v1:bluemix:public:is:us-south:a/65c005b968304c79af0072316cd66882::network-acl:r006-ec8a4290-2a89-4868-9a2d-993034a8ad77",
            "default_network_acl_name": "imaginary-trustee-scrawny-faculty",
            "default_routing_table": "r006-3fe527cb-2b07-4bea-85fe-541d65b293a1",
            "default_routing_table_crn": "crn:v1:bluemix:public:is:us-south:a/65c005b968304c79af0072316cd66882::vpc-routing-table:r006-8af72644-7fcd-4d73-b07b-8323bd4b626d/r006-3fe527cb-2b07-4bea-85fe-541d65b293a1",
            "default_routing_table_name": "mourning-antsy-slicing-smithy",
            "default_security_group": "r006-96e851e6-96c6-4efc-83a4-47a2993cc090",
            "default_security_group_crn": "crn:v1:bluemix:public:is:us-south:a/65c005b968304c79af0072316cd66882::security-group:r006-96e851e6-96c6-4efc-83a4-47a2993cc090",
            "default_security_group_name": "banal-delta-stream-generous",
            "dns": [
              {
                "enable_hub": false,
                "resolution_binding_count": 0,
                "resolver": [
                  {
                    "configuration": "default",
                    "dns_binding_id": "",
                    "dns_binding_name": "",
                    "manual_servers": [],
                    "servers": [
                      {
                        "address": "161.26.0.10",
                        "zone_affinity": ""
                      },
                      {
                        "address": "161.26.0.11",
                        "zone_affinity": ""
                      }
                    ],
                    "type": "system",
                    "vpc_crn": "",
                    "vpc_id": "",
                    "vpc_name": "",
                    "vpc_remote_account_id": "",
                    "vpc_remote_region": ""
                  }
                ]
              }
            ],
            "health_reasons": [],
            "health_state": "ok",
            "id": "r006-8af72644-7fcd-4d73-b07b-8323bd4b626d",
            "name": "vpc-khaled",
            "no_sg_acl_rules": false,
            "resource_controller_url": "https://cloud.ibm.com/vpc-ext/network/vpcs",
            "resource_crn": "crn:v1:bluemix:public:is:us-south:a/65c005b968304c79af0072316cd66882::vpc:r006-8af72644-7fcd-4d73-b07b-8323bd4b626d",
            "resource_group": "c1b26be79bf24bad9a79a237e20d453d",
            "resource_group_name": "khaled",
            "resource_name": "vpc-khaled",
            "resource_status": "available",
            "security_group": [
              {
                "group_id": "r006-96e851e6-96c6-4efc-83a4-47a2993cc090",
                "group_name": "banal-delta-stream-generous",
                "rules": [
                  {
                    "code": 0,
                    "direction": "outbound",
                    "ip_version": "ipv4",
                    "port_max": 0,
                    "port_min": 0,
                    "protocol": "all",
                    "remote": "0.0.0.0/0",
                    "rule_id": "r006-a73902e3-9b50-41ca-8ceb-2ab32e722948",
                    "type": 0
                  },
                  {
                    "code": 0,
                    "direction": "inbound",
                    "ip_version": "ipv4",
                    "port_max": 0,
                    "port_min": 0,
                    "protocol": "all",
                    "remote": "r006-96e851e6-96c6-4efc-83a4-47a2993cc090",
                    "rule_id": "r006-0d70d921-7fa0-4647-a22f-482a8268389b",
                    "type": 0
                  }
                ]
              }
            ],
            "status": "available",
            "subnets": [],
            "tags": [
              "name:vpc-khaled"
            ],
            "timeouts": null
          },
          "sensitive_attributes": [],
          "private": "eyJlMmJmYjczMC1lY2FhLTExZTYtOGY4OC0zNDM2M2JjN2M0YzAiOnsiY3JlYXRlIjo2MDAwMDAwMDAwMDAsImRlbGV0ZSI6NjAwMDAwMDAwMDAwfX0=",
          "dependencies": [
            "module.network.ibm_resource_group.resource_group"
          ]
        }
      ]
    },
    {
      "module": "module.network",
      "mode": "managed",
      "type": "ibm_is_vpc_routing_table",
      "name": "khaled",
      "provider": "module.network.provider[\"registry.terraform.io/ibm-cloud/ibm\"]",
      "instances": [
        {
          "schema_version": 0,
          "attributes": {
            "accept_routes_from_resource_type": [],
            "access_tags": [],
            "advertise_routes_to": [],
            "created_at": "2024-12-28T18:54:46.000Z",
            "crn": "crn:v1:bluemix:public:is:us-south:a/65c005b968304c79af0072316cd66882::vpc-routing-table:r006-8af72644-7fcd-4d73-b07b-8323bd4b626d/r006-d3d2a617-db81-4883-9b3c-2e1fe0c1e014",
            "href": "https://us-south.iaas.cloud.ibm.com/v1/vpcs/r006-8af72644-7fcd-4d73-b07b-8323bd4b626d/routing_tables/r006-d3d2a617-db81-4883-9b3c-2e1fe0c1e014",
            "id": "r006-8af72644-7fcd-4d73-b07b-8323bd4b626d/r006-d3d2a617-db81-4883-9b3c-2e1fe0c1e014",
            "is_default": false,
            "lifecycle_state": "stable",
            "name": "khaled-routing-table",
            "resource_group": [
              {
                "href": "https://resource-controller.cloud.ibm.com/v2/resource_groups/c1b26be79bf24bad9a79a237e20d453d",
                "id": "c1b26be79bf24bad9a79a237e20d453d",
                "name": "khaled"
              }
            ],
            "resource_type": "routing_table",
            "route_direct_link_ingress": false,
            "route_internet_ingress": false,
            "route_transit_gateway_ingress": false,
            "route_vpc_zone_ingress": false,
            "routing_table": "r006-d3d2a617-db81-4883-9b3c-2e1fe0c1e014",
            "subnets": [],
            "tags": [],
            "timeouts": null,
            "vpc": "r006-8af72644-7fcd-4d73-b07b-8323bd4b626d"
          },
          "sensitive_attributes": [],
          "private": "eyJlMmJmYjczMC1lY2FhLTExZTYtOGY4OC0zNDM2M2JjN2M0YzAiOnsiY3JlYXRlIjo2MDAwMDAwMDAwMDAsImRlbGV0ZSI6NjAwMDAwMDAwMDAwLCJ1cGRhdGUiOjYwMDAwMDAwMDAwMH19",
          "dependencies": [
            "module.network.ibm_is_vpc.vpc",
            "module.network.ibm_resource_group.resource_group"
          ]
        }
      ]
    },
    {
      "module": "module.network",
      "mode": "managed",
      "type": "ibm_resource_group",
      "name": "resource_group",
      "provider": "module.network.provider[\"registry.terraform.io/ibm-cloud/ibm\"]",
      "instances": [
        {
          "schema_version": 0,
          "attributes": {
            "created_at": "2024-12-06T13:12:28.616Z",
            "crn": "crn:v1:bluemix:public:resource-controller::a/65c005b968304c79af0072316cd66882::resource-group:c1b26be79bf24bad9a79a237e20d453d",
            "default": false,
            "id": "c1b26be79bf24bad9a79a237e20d453d",
            "name": "khaled",
            "payment_methods_url": null,
            "quota_id": "a3d7b8d01e261c24677937c29ab33f3c",
            "quota_url": "/v2/quota_definitions/a3d7b8d01e261c24677937c29ab33f3c",
            "resource_linkages": [],
            "state": "ACTIVE",
            "tags": null,
            "teams_url": null,
            "timeouts": null,
            "updated_at": "2024-12-06T13:12:28.616Z"
          },
          "sensitive_attributes": [],
          "private": "eyJlMmJmYjczMC1lY2FhLTExZTYtOGY4OC0zNDM2M2JjN2M0YzAiOnsiZGVsZXRlIjoxMjAwMDAwMDAwMDAwfX0="
        }
      ]
    },
    {
      "module": "module.security",
      "mode": "managed",
      "type": "ibm_is_security_group",
      "name": "SG",
      "provider": "module.security.provider[\"registry.terraform.io/ibm-cloud/ibm\"]",
      "instances": [
        {
          "index_key": "master",
          "schema_version": 0,
          "attributes": {
            "access_tags": [],
            "crn": "crn:v1:bluemix:public:is:us-south:a/65c005b968304c79af0072316cd66882::security-group:r006-faa377ae-e830-4522-b57d-c69cd7de2a08",
            "id": "r006-faa377ae-e830-4522-b57d-c69cd7de2a08",
            "name": "master",
            "resource_controller_url": "https://cloud.ibm.com/vpc-ext/network/securityGroups",
            "resource_crn": "crn:v1:bluemix:public:is:us-south:a/65c005b968304c79af0072316cd66882::security-group:r006-faa377ae-e830-4522-b57d-c69cd7de2a08",
            "resource_group": "f85c67de9d944c59afb9709a10a7a25b",
            "resource_group_name": "Default",
            "resource_name": "master",
            "rules": [],
            "tags": [
              "Name:SG_master"
            ],
            "timeouts": null,
            "vpc": "r006-8af72644-7fcd-4d73-b07b-8323bd4b626d"
          },
          "sensitive_attributes": [],
          "private": "eyJlMmJmYjczMC1lY2FhLTExZTYtOGY4OC0zNDM2M2JjN2M0YzAiOnsiY3JlYXRlIjo2MDAwMDAwMDAwMDAsImRlbGV0ZSI6NjAwMDAwMDAwMDAwfX0=",
          "dependencies": [
            "module.network.ibm_is_vpc.vpc",
            "module.network.ibm_resource_group.resource_group"
          ]
        },
        {
          "index_key": "node",
          "schema_version": 0,
          "attributes": {
            "access_tags": [],
            "crn": "crn:v1:bluemix:public:is:us-south:a/65c005b968304c79af0072316cd66882::security-group:r006-3c7f2488-04c0-4d9e-b9ff-fdab61d8310d",
            "id": "r006-3c7f2488-04c0-4d9e-b9ff-fdab61d8310d",
            "name": "node",
            "resource_controller_url": "https://cloud.ibm.com/vpc-ext/network/securityGroups",
            "resource_crn": "crn:v1:bluemix:public:is:us-south:a/65c005b968304c79af0072316cd66882::security-group:r006-3c7f2488-04c0-4d9e-b9ff-fdab61d8310d",
            "resource_group": "f85c67de9d944c59afb9709a10a7a25b",
            "resource_group_name": "Default",
            "resource_name": "node",
            "rules": [],
            "tags": [
              "Name:SG_node"
            ],
            "timeouts": null,
            "vpc": "r006-8af72644-7fcd-4d73-b07b-8323bd4b626d"
          },
          "sensitive_attributes": [],
          "private": "eyJlMmJmYjczMC1lY2FhLTExZTYtOGY4OC0zNDM2M2JjN2M0YzAiOnsiY3JlYXRlIjo2MDAwMDAwMDAwMDAsImRlbGV0ZSI6NjAwMDAwMDAwMDAwfX0=",
          "dependencies": [
            "module.network.ibm_is_vpc.vpc",
            "module.network.ibm_resource_group.resource_group"
          ]
        }
      ]
    },
    {
      "module": "module.security",
      "mode": "managed",
      "type": "ibm_is_security_group_rule",
      "name": "SGR_icmp",
      "provider": "module.security.provider[\"registry.terraform.io/ibm-cloud/ibm\"]",
      "instances": [
        {
          "index_key": "SGR_icmp_master_inbound",
          "schema_version": 0,
          "attributes": {
            "direction": "inbound",
            "group": "r006-faa377ae-e830-4522-b57d-c69cd7de2a08",
            "icmp": [
              {
                "code": null,
                "type": null
              }
            ],
            "id": "r006-faa377ae-e830-4522-b57d-c69cd7de2a08.r006-242c6775-d16b-4eca-932e-31b6c47d316d",
            "ip_version": "ipv4",
            "local": "0.0.0.0/0",
            "protocol": "icmp",
            "related_crn": "crn:v1:bluemix:public:is:us-south:a/65c005b968304c79af0072316cd66882::security-group:r006-faa377ae-e830-4522-b57d-c69cd7de2a08",
            "remote": "0.0.0.0/0",
            "rule_id": "r006-242c6775-d16b-4eca-932e-31b6c47d316d",
            "tcp": [],
            "udp": []
          },
          "sensitive_attributes": [],
          "private": "bnVsbA==",
          "dependencies": [
            "module.network.ibm_is_vpc.vpc",
            "module.network.ibm_resource_group.resource_group",
            "module.security.ibm_is_security_group.SG"
          ]
        },
        {
          "index_key": "SGR_icmp_master_outbound",
          "schema_version": 0,
          "attributes": {
            "direction": "outbound",
            "group": "r006-faa377ae-e830-4522-b57d-c69cd7de2a08",
            "icmp": [
              {
                "code": null,
                "type": null
              }
            ],
            "id": "r006-faa377ae-e830-4522-b57d-c69cd7de2a08.r006-1ea0e243-360d-4a7a-b0f0-62cfbf440cdd",
            "ip_version": "ipv4",
            "local": "0.0.0.0/0",
            "protocol": "icmp",
            "related_crn": "crn:v1:bluemix:public:is:us-south:a/65c005b968304c79af0072316cd66882::security-group:r006-faa377ae-e830-4522-b57d-c69cd7de2a08",
            "remote": "0.0.0.0/0",
            "rule_id": "r006-1ea0e243-360d-4a7a-b0f0-62cfbf440cdd",
            "tcp": [],
            "udp": []
          },
          "sensitive_attributes": [],
          "private": "bnVsbA==",
          "dependencies": [
            "module.network.ibm_is_vpc.vpc",
            "module.network.ibm_resource_group.resource_group",
            "module.security.ibm_is_security_group.SG"
          ]
        },
        {
          "index_key": "SGR_icmp_node_inbound",
          "schema_version": 0,
          "attributes": {
            "direction": "inbound",
            "group": "r006-3c7f2488-04c0-4d9e-b9ff-fdab61d8310d",
            "icmp": [
              {
                "code": null,
                "type": null
              }
            ],
            "id": "r006-3c7f2488-04c0-4d9e-b9ff-fdab61d8310d.r006-8a7e933b-6431-40a2-bfda-683e70e74d08",
            "ip_version": "ipv4",
            "local": "0.0.0.0/0",
            "protocol": "icmp",
            "related_crn": "crn:v1:bluemix:public:is:us-south:a/65c005b968304c79af0072316cd66882::security-group:r006-3c7f2488-04c0-4d9e-b9ff-fdab61d8310d",
            "remote": "0.0.0.0/0",
            "rule_id": "r006-8a7e933b-6431-40a2-bfda-683e70e74d08",
            "tcp": [],
            "udp": []
          },
          "sensitive_attributes": [],
          "private": "bnVsbA==",
          "dependencies": [
            "module.network.ibm_is_vpc.vpc",
            "module.network.ibm_resource_group.resource_group",
            "module.security.ibm_is_security_group.SG"
          ]
        },
        {
          "index_key": "SGR_icmp_node_outbound",
          "schema_version": 0,
          "attributes": {
            "direction": "outbound",
            "group": "r006-3c7f2488-04c0-4d9e-b9ff-fdab61d8310d",
            "icmp": [
              {
                "code": null,
                "type": null
              }
            ],
            "id": "r006-3c7f2488-04c0-4d9e-b9ff-fdab61d8310d.r006-5d92f0e6-a191-459d-aa19-64c9ae28b0f4",
            "ip_version": "ipv4",
            "local": "0.0.0.0/0",
            "protocol": "icmp",
            "related_crn": "crn:v1:bluemix:public:is:us-south:a/65c005b968304c79af0072316cd66882::security-group:r006-3c7f2488-04c0-4d9e-b9ff-fdab61d8310d",
            "remote": "0.0.0.0/0",
            "rule_id": "r006-5d92f0e6-a191-459d-aa19-64c9ae28b0f4",
            "tcp": [],
            "udp": []
          },
          "sensitive_attributes": [],
          "private": "bnVsbA==",
          "dependencies": [
            "module.network.ibm_is_vpc.vpc",
            "module.network.ibm_resource_group.resource_group",
            "module.security.ibm_is_security_group.SG"
          ]
        }
      ]
    },
    {
      "module": "module.security",
      "mode": "managed",
      "type": "ibm_is_security_group_rule",
      "name": "SGR_tcp",
      "provider": "module.security.provider[\"registry.terraform.io/ibm-cloud/ibm\"]",
      "instances": [
        {
          "index_key": "master_inbound_10250",
          "schema_version": 0,
          "attributes": {
            "direction": "inbound",
            "group": "r006-faa377ae-e830-4522-b57d-c69cd7de2a08",
            "icmp": [],
            "id": "r006-faa377ae-e830-4522-b57d-c69cd7de2a08.r006-0c241f1e-bd7d-4495-a32f-41dd3282b635",
            "ip_version": "ipv4",
            "local": "0.0.0.0/0",
            "protocol": "tcp",
            "related_crn": "crn:v1:bluemix:public:is:us-south:a/65c005b968304c79af0072316cd66882::security-group:r006-faa377ae-e830-4522-b57d-c69cd7de2a08",
            "remote": "0.0.0.0/0",
            "rule_id": "r006-0c241f1e-bd7d-4495-a32f-41dd3282b635",
            "tcp": [
              {
                "port_max": 10250,
                "port_min": 10250
              }
            ],
            "udp": []
          },
          "sensitive_attributes": [],
          "private": "bnVsbA==",
          "dependencies": [
            "module.network.ibm_is_vpc.vpc",
            "module.network.ibm_resource_group.resource_group",
            "module.security.ibm_is_security_group.SG"
          ]
        },
        {
          "index_key": "master_inbound_10251",
          "schema_version": 0,
          "attributes": {
            "direction": "inbound",
            "group": "r006-faa377ae-e830-4522-b57d-c69cd7de2a08",
            "icmp": [],
            "id": "r006-faa377ae-e830-4522-b57d-c69cd7de2a08.r006-2006dce7-bdc9-4a23-a84e-541d79d67c84",
            "ip_version": "ipv4",
            "local": "0.0.0.0/0",
            "protocol": "tcp",
            "related_crn": "crn:v1:bluemix:public:is:us-south:a/65c005b968304c79af0072316cd66882::security-group:r006-faa377ae-e830-4522-b57d-c69cd7de2a08",
            "remote": "0.0.0.0/0",
            "rule_id": "r006-2006dce7-bdc9-4a23-a84e-541d79d67c84",
            "tcp": [
              {
                "port_max": 10251,
                "port_min": 10251
              }
            ],
            "udp": []
          },
          "sensitive_attributes": [],
          "private": "bnVsbA==",
          "dependencies": [
            "module.network.ibm_is_vpc.vpc",
            "module.network.ibm_resource_group.resource_group",
            "module.security.ibm_is_security_group.SG"
          ]
        },
        {
          "index_key": "master_inbound_10252",
          "schema_version": 0,
          "attributes": {
            "direction": "inbound",
            "group": "r006-faa377ae-e830-4522-b57d-c69cd7de2a08",
            "icmp": [],
            "id": "r006-faa377ae-e830-4522-b57d-c69cd7de2a08.r006-cceb12a0-48cf-43e9-bd21-7d8dbffd0e1d",
            "ip_version": "ipv4",
            "local": "0.0.0.0/0",
            "protocol": "tcp",
            "related_crn": "crn:v1:bluemix:public:is:us-south:a/65c005b968304c79af0072316cd66882::security-group:r006-faa377ae-e830-4522-b57d-c69cd7de2a08",
            "remote": "0.0.0.0/0",
            "rule_id": "r006-cceb12a0-48cf-43e9-bd21-7d8dbffd0e1d",
            "tcp": [
              {
                "port_max": 10252,
                "port_min": 10252
              }
            ],
            "udp": []
          },
          "sensitive_attributes": [],
          "private": "bnVsbA==",
          "dependencies": [
            "module.network.ibm_is_vpc.vpc",
            "module.network.ibm_resource_group.resource_group",
            "module.security.ibm_is_security_group.SG"
          ]
        },
        {
          "index_key": "master_inbound_2379_to_2380",
          "schema_version": 0,
          "attributes": {
            "direction": "inbound",
            "group": "r006-faa377ae-e830-4522-b57d-c69cd7de2a08",
            "icmp": [],
            "id": "r006-faa377ae-e830-4522-b57d-c69cd7de2a08.r006-24a63340-18cf-4964-9ff4-21e37a7e1d0c",
            "ip_version": "ipv4",
            "local": "0.0.0.0/0",
            "protocol": "tcp",
            "related_crn": "crn:v1:bluemix:public:is:us-south:a/65c005b968304c79af0072316cd66882::security-group:r006-faa377ae-e830-4522-b57d-c69cd7de2a08",
            "remote": "0.0.0.0/0",
            "rule_id": "r006-24a63340-18cf-4964-9ff4-21e37a7e1d0c",
            "tcp": [
              {
                "port_max": 2380,
                "port_min": 2379
              }
            ],
            "udp": []
          },
          "sensitive_attributes": [],
          "private": "bnVsbA==",
          "dependencies": [
            "module.network.ibm_is_vpc.vpc",
            "module.network.ibm_resource_group.resource_group",
            "module.security.ibm_is_security_group.SG"
          ]
        },
        {
          "index_key": "master_inbound_DNS",
          "schema_version": 0,
          "attributes": {
            "direction": "inbound",
            "group": "r006-faa377ae-e830-4522-b57d-c69cd7de2a08",
            "icmp": [],
            "id": "r006-faa377ae-e830-4522-b57d-c69cd7de2a08.r006-8d66fa62-cb1f-4d5e-b2b3-093ae4de9e6b",
            "ip_version": "ipv4",
            "local": "0.0.0.0/0",
            "protocol": "tcp",
            "related_crn": "crn:v1:bluemix:public:is:us-south:a/65c005b968304c79af0072316cd66882::security-group:r006-faa377ae-e830-4522-b57d-c69cd7de2a08",
            "remote": "0.0.0.0/0",
            "rule_id": "r006-8d66fa62-cb1f-4d5e-b2b3-093ae4de9e6b",
            "tcp": [
              {
                "port_max": 53,
                "port_min": 53
              }
            ],
            "udp": []
          },
          "sensitive_attributes": [],
          "private": "bnVsbA==",
          "dependencies": [
            "module.network.ibm_is_vpc.vpc",
            "module.network.ibm_resource_group.resource_group",
            "module.security.ibm_is_security_group.SG"
          ]
        },
        {
          "index_key": "master_inbound_http",
          "schema_version": 0,
          "attributes": {
            "direction": "inbound",
            "group": "r006-faa377ae-e830-4522-b57d-c69cd7de2a08",
            "icmp": [],
            "id": "r006-faa377ae-e830-4522-b57d-c69cd7de2a08.r006-ffe37eb5-4974-487e-a0fc-1708213d3abf",
            "ip_version": "ipv4",
            "local": "0.0.0.0/0",
            "protocol": "tcp",
            "related_crn": "crn:v1:bluemix:public:is:us-south:a/65c005b968304c79af0072316cd66882::security-group:r006-faa377ae-e830-4522-b57d-c69cd7de2a08",
            "remote": "0.0.0.0/0",
            "rule_id": "r006-ffe37eb5-4974-487e-a0fc-1708213d3abf",
            "tcp": [
              {
                "port_max": 80,
                "port_min": 80
              }
            ],
            "udp": []
          },
          "sensitive_attributes": [],
          "private": "bnVsbA==",
          "dependencies": [
            "module.network.ibm_is_vpc.vpc",
            "module.network.ibm_resource_group.resource_group",
            "module.security.ibm_is_security_group.SG"
          ]
        },
        {
          "index_key": "master_inbound_https",
          "schema_version": 0,
          "attributes": {
            "direction": "inbound",
            "group": "r006-faa377ae-e830-4522-b57d-c69cd7de2a08",
            "icmp": [],
            "id": "r006-faa377ae-e830-4522-b57d-c69cd7de2a08.r006-df139201-0b2e-421d-bc64-c3644f633aa3",
            "ip_version": "ipv4",
            "local": "0.0.0.0/0",
            "protocol": "tcp",
            "related_crn": "crn:v1:bluemix:public:is:us-south:a/65c005b968304c79af0072316cd66882::security-group:r006-faa377ae-e830-4522-b57d-c69cd7de2a08",
            "remote": "0.0.0.0/0",
            "rule_id": "r006-df139201-0b2e-421d-bc64-c3644f633aa3",
            "tcp": [
              {
                "port_max": 443,
                "port_min": 443
              }
            ],
            "udp": []
          },
          "sensitive_attributes": [],
          "private": "bnVsbA==",
          "dependencies": [
            "module.network.ibm_is_vpc.vpc",
            "module.network.ibm_resource_group.resource_group",
            "module.security.ibm_is_security_group.SG"
          ]
        },
        {
          "index_key": "master_inbound_ssh",
          "schema_version": 0,
          "attributes": {
            "direction": "inbound",
            "group": "r006-faa377ae-e830-4522-b57d-c69cd7de2a08",
            "icmp": [],
            "id": "r006-faa377ae-e830-4522-b57d-c69cd7de2a08.r006-a69f3c83-5962-4e15-aac4-31a395f6c09e",
            "ip_version": "ipv4",
            "local": "0.0.0.0/0",
            "protocol": "tcp",
            "related_crn": "crn:v1:bluemix:public:is:us-south:a/65c005b968304c79af0072316cd66882::security-group:r006-faa377ae-e830-4522-b57d-c69cd7de2a08",
            "remote": "0.0.0.0/0",
            "rule_id": "r006-a69f3c83-5962-4e15-aac4-31a395f6c09e",
            "tcp": [
              {
                "port_max": 22,
                "port_min": 22
              }
            ],
            "udp": []
          },
          "sensitive_attributes": [],
          "private": "bnVsbA==",
          "dependencies": [
            "module.network.ibm_is_vpc.vpc",
            "module.network.ibm_resource_group.resource_group",
            "module.security.ibm_is_security_group.SG"
          ]
        },
        {
          "index_key": "master_outbound_10250",
          "schema_version": 0,
          "attributes": {
            "direction": "outbound",
            "group": "r006-faa377ae-e830-4522-b57d-c69cd7de2a08",
            "icmp": [],
            "id": "r006-faa377ae-e830-4522-b57d-c69cd7de2a08.r006-1017a350-24f9-45d3-8e9b-360f22262c34",
            "ip_version": "ipv4",
            "local": "0.0.0.0/0",
            "protocol": "tcp",
            "related_crn": "crn:v1:bluemix:public:is:us-south:a/65c005b968304c79af0072316cd66882::security-group:r006-faa377ae-e830-4522-b57d-c69cd7de2a08",
            "remote": "0.0.0.0/0",
            "rule_id": "r006-1017a350-24f9-45d3-8e9b-360f22262c34",
            "tcp": [
              {
                "port_max": 10250,
                "port_min": 10250
              }
            ],
            "udp": []
          },
          "sensitive_attributes": [],
          "private": "bnVsbA==",
          "dependencies": [
            "module.network.ibm_is_vpc.vpc",
            "module.network.ibm_resource_group.resource_group",
            "module.security.ibm_is_security_group.SG"
          ]
        },
        {
          "index_key": "master_outbound_10251",
          "schema_version": 0,
          "attributes": {
            "direction": "outbound",
            "group": "r006-faa377ae-e830-4522-b57d-c69cd7de2a08",
            "icmp": [],
            "id": "r006-faa377ae-e830-4522-b57d-c69cd7de2a08.r006-940d293d-b85f-412c-9352-c32eb498e135",
            "ip_version": "ipv4",
            "local": "0.0.0.0/0",
            "protocol": "tcp",
            "related_crn": "crn:v1:bluemix:public:is:us-south:a/65c005b968304c79af0072316cd66882::security-group:r006-faa377ae-e830-4522-b57d-c69cd7de2a08",
            "remote": "0.0.0.0/0",
            "rule_id": "r006-940d293d-b85f-412c-9352-c32eb498e135",
            "tcp": [
              {
                "port_max": 10251,
                "port_min": 10251
              }
            ],
            "udp": []
          },
          "sensitive_attributes": [],
          "private": "bnVsbA==",
          "dependencies": [
            "module.network.ibm_is_vpc.vpc",
            "module.network.ibm_resource_group.resource_group",
            "module.security.ibm_is_security_group.SG"
          ]
        },
        {
          "index_key": "master_outbound_10252",
          "schema_version": 0,
          "attributes": {
            "direction": "outbound",
            "group": "r006-faa377ae-e830-4522-b57d-c69cd7de2a08",
            "icmp": [],
            "id": "r006-faa377ae-e830-4522-b57d-c69cd7de2a08.r006-74d9ba61-49e6-43b0-bac5-d16106dc64ba",
            "ip_version": "ipv4",
            "local": "0.0.0.0/0",
            "protocol": "tcp",
            "related_crn": "crn:v1:bluemix:public:is:us-south:a/65c005b968304c79af0072316cd66882::security-group:r006-faa377ae-e830-4522-b57d-c69cd7de2a08",
            "remote": "0.0.0.0/0",
            "rule_id": "r006-74d9ba61-49e6-43b0-bac5-d16106dc64ba",
            "tcp": [
              {
                "port_max": 10252,
                "port_min": 10252
              }
            ],
            "udp": []
          },
          "sensitive_attributes": [],
          "private": "bnVsbA==",
          "dependencies": [
            "module.network.ibm_is_vpc.vpc",
            "module.network.ibm_resource_group.resource_group",
            "module.security.ibm_is_security_group.SG"
          ]
        },
        {
          "index_key": "master_outbound_DNS",
          "schema_version": 0,
          "attributes": {
            "direction": "outbound",
            "group": "r006-faa377ae-e830-4522-b57d-c69cd7de2a08",
            "icmp": [],
            "id": "r006-faa377ae-e830-4522-b57d-c69cd7de2a08.r006-06bbadeb-cfc5-44d0-accd-22136f4bec9f",
            "ip_version": "ipv4",
            "local": "0.0.0.0/0",
            "protocol": "tcp",
            "related_crn": "crn:v1:bluemix:public:is:us-south:a/65c005b968304c79af0072316cd66882::security-group:r006-faa377ae-e830-4522-b57d-c69cd7de2a08",
            "remote": "0.0.0.0/0",
            "rule_id": "r006-06bbadeb-cfc5-44d0-accd-22136f4bec9f",
            "tcp": [
              {
                "port_max": 53,
                "port_min": 53
              }
            ],
            "udp": []
          },
          "sensitive_attributes": [],
          "private": "bnVsbA==",
          "dependencies": [
            "module.network.ibm_is_vpc.vpc",
            "module.network.ibm_resource_group.resource_group",
            "module.security.ibm_is_security_group.SG"
          ]
        },
        {
          "index_key": "master_outbound_http",
          "schema_version": 0,
          "attributes": {
            "direction": "outbound",
            "group": "r006-faa377ae-e830-4522-b57d-c69cd7de2a08",
            "icmp": [],
            "id": "r006-faa377ae-e830-4522-b57d-c69cd7de2a08.r006-52c2d252-0691-4c7c-9ebf-e1b0f51bc9ed",
            "ip_version": "ipv4",
            "local": "0.0.0.0/0",
            "protocol": "tcp",
            "related_crn": "crn:v1:bluemix:public:is:us-south:a/65c005b968304c79af0072316cd66882::security-group:r006-faa377ae-e830-4522-b57d-c69cd7de2a08",
            "remote": "0.0.0.0/0",
            "rule_id": "r006-52c2d252-0691-4c7c-9ebf-e1b0f51bc9ed",
            "tcp": [
              {
                "port_max": 80,
                "port_min": 80
              }
            ],
            "udp": []
          },
          "sensitive_attributes": [],
          "private": "bnVsbA==",
          "dependencies": [
            "module.network.ibm_is_vpc.vpc",
            "module.network.ibm_resource_group.resource_group",
            "module.security.ibm_is_security_group.SG"
          ]
        },
        {
          "index_key": "master_outbound_https",
          "schema_version": 0,
          "attributes": {
            "direction": "outbound",
            "group": "r006-faa377ae-e830-4522-b57d-c69cd7de2a08",
            "icmp": [],
            "id": "r006-faa377ae-e830-4522-b57d-c69cd7de2a08.r006-7d12fcf3-acc3-4c26-8073-d7134ffccec4",
            "ip_version": "ipv4",
            "local": "0.0.0.0/0",
            "protocol": "tcp",
            "related_crn": "crn:v1:bluemix:public:is:us-south:a/65c005b968304c79af0072316cd66882::security-group:r006-faa377ae-e830-4522-b57d-c69cd7de2a08",
            "remote": "0.0.0.0/0",
            "rule_id": "r006-7d12fcf3-acc3-4c26-8073-d7134ffccec4",
            "tcp": [
              {
                "port_max": 443,
                "port_min": 443
              }
            ],
            "udp": []
          },
          "sensitive_attributes": [],
          "private": "bnVsbA==",
          "dependencies": [
            "module.network.ibm_is_vpc.vpc",
            "module.network.ibm_resource_group.resource_group",
            "module.security.ibm_is_security_group.SG"
          ]
        },
        {
          "index_key": "master_outbound_ssh",
          "schema_version": 0,
          "attributes": {
            "direction": "outbound",
            "group": "r006-faa377ae-e830-4522-b57d-c69cd7de2a08",
            "icmp": [],
            "id": "r006-faa377ae-e830-4522-b57d-c69cd7de2a08.r006-faa93beb-fa9a-4c55-9b32-17b63d069b31",
            "ip_version": "ipv4",
            "local": "0.0.0.0/0",
            "protocol": "tcp",
            "related_crn": "crn:v1:bluemix:public:is:us-south:a/65c005b968304c79af0072316cd66882::security-group:r006-faa377ae-e830-4522-b57d-c69cd7de2a08",
            "remote": "0.0.0.0/0",
            "rule_id": "r006-faa93beb-fa9a-4c55-9b32-17b63d069b31",
            "tcp": [
              {
                "port_max": 22,
                "port_min": 22
              }
            ],
            "udp": []
          },
          "sensitive_attributes": [],
          "private": "bnVsbA==",
          "dependencies": [
            "module.network.ibm_is_vpc.vpc",
            "module.network.ibm_resource_group.resource_group",
            "module.security.ibm_is_security_group.SG"
          ]
        },
        {
          "index_key": "node_inbound_10250",
          "schema_version": 0,
          "attributes": {
            "direction": "inbound",
            "group": "r006-3c7f2488-04c0-4d9e-b9ff-fdab61d8310d",
            "icmp": [],
            "id": "r006-3c7f2488-04c0-4d9e-b9ff-fdab61d8310d.r006-35bb6beb-40d6-419f-acad-0fa15477a3e6",
            "ip_version": "ipv4",
            "local": "0.0.0.0/0",
            "protocol": "tcp",
            "related_crn": "crn:v1:bluemix:public:is:us-south:a/65c005b968304c79af0072316cd66882::security-group:r006-3c7f2488-04c0-4d9e-b9ff-fdab61d8310d",
            "remote": "0.0.0.0/0",
            "rule_id": "r006-35bb6beb-40d6-419f-acad-0fa15477a3e6",
            "tcp": [
              {
                "port_max": 10250,
                "port_min": 10250
              }
            ],
            "udp": []
          },
          "sensitive_attributes": [],
          "private": "bnVsbA==",
          "dependencies": [
            "module.network.ibm_is_vpc.vpc",
            "module.network.ibm_resource_group.resource_group",
            "module.security.ibm_is_security_group.SG"
          ]
        },
        {
          "index_key": "node_inbound_10251",
          "schema_version": 0,
          "attributes": {
            "direction": "inbound",
            "group": "r006-3c7f2488-04c0-4d9e-b9ff-fdab61d8310d",
            "icmp": [],
            "id": "r006-3c7f2488-04c0-4d9e-b9ff-fdab61d8310d.r006-15f49dc0-89eb-489c-bcde-2b56947327d9",
            "ip_version": "ipv4",
            "local": "0.0.0.0/0",
            "protocol": "tcp",
            "related_crn": "crn:v1:bluemix:public:is:us-south:a/65c005b968304c79af0072316cd66882::security-group:r006-3c7f2488-04c0-4d9e-b9ff-fdab61d8310d",
            "remote": "0.0.0.0/0",
            "rule_id": "r006-15f49dc0-89eb-489c-bcde-2b56947327d9",
            "tcp": [
              {
                "port_max": 10251,
                "port_min": 10251
              }
            ],
            "udp": []
          },
          "sensitive_attributes": [],
          "private": "bnVsbA==",
          "dependencies": [
            "module.network.ibm_is_vpc.vpc",
            "module.network.ibm_resource_group.resource_group",
            "module.security.ibm_is_security_group.SG"
          ]
        },
        {
          "index_key": "node_inbound_10252",
          "schema_version": 0,
          "attributes": {
            "direction": "inbound",
            "group": "r006-3c7f2488-04c0-4d9e-b9ff-fdab61d8310d",
            "icmp": [],
            "id": "r006-3c7f2488-04c0-4d9e-b9ff-fdab61d8310d.r006-8ac5a459-4c44-43ec-8636-b72c4d5d9c51",
            "ip_version": "ipv4",
            "local": "0.0.0.0/0",
            "protocol": "tcp",
            "related_crn": "crn:v1:bluemix:public:is:us-south:a/65c005b968304c79af0072316cd66882::security-group:r006-3c7f2488-04c0-4d9e-b9ff-fdab61d8310d",
            "remote": "0.0.0.0/0",
            "rule_id": "r006-8ac5a459-4c44-43ec-8636-b72c4d5d9c51",
            "tcp": [
              {
                "port_max": 10252,
                "port_min": 10252
              }
            ],
            "udp": []
          },
          "sensitive_attributes": [],
          "private": "bnVsbA==",
          "dependencies": [
            "module.network.ibm_is_vpc.vpc",
            "module.network.ibm_resource_group.resource_group",
            "module.security.ibm_is_security_group.SG"
          ]
        },
        {
          "index_key": "node_inbound_2379_to_2380",
          "schema_version": 0,
          "attributes": {
            "direction": "inbound",
            "group": "r006-3c7f2488-04c0-4d9e-b9ff-fdab61d8310d",
            "icmp": [],
            "id": "r006-3c7f2488-04c0-4d9e-b9ff-fdab61d8310d.r006-9f91d2b8-7815-4990-b49a-abfa87d62cf5",
            "ip_version": "ipv4",
            "local": "0.0.0.0/0",
            "protocol": "tcp",
            "related_crn": "crn:v1:bluemix:public:is:us-south:a/65c005b968304c79af0072316cd66882::security-group:r006-3c7f2488-04c0-4d9e-b9ff-fdab61d8310d",
            "remote": "0.0.0.0/0",
            "rule_id": "r006-9f91d2b8-7815-4990-b49a-abfa87d62cf5",
            "tcp": [
              {
                "port_max": 2380,
                "port_min": 2379
              }
            ],
            "udp": []
          },
          "sensitive_attributes": [],
          "private": "bnVsbA==",
          "dependencies": [
            "module.network.ibm_is_vpc.vpc",
            "module.network.ibm_resource_group.resource_group",
            "module.security.ibm_is_security_group.SG"
          ]
        },
        {
          "index_key": "node_inbound_DNS",
          "schema_version": 0,
          "attributes": {
            "direction": "inbound",
            "group": "r006-3c7f2488-04c0-4d9e-b9ff-fdab61d8310d",
            "icmp": [],
            "id": "r006-3c7f2488-04c0-4d9e-b9ff-fdab61d8310d.r006-f2781def-1b21-4c28-9342-bbca06f4e3b9",
            "ip_version": "ipv4",
            "local": "0.0.0.0/0",
            "protocol": "tcp",
            "related_crn": "crn:v1:bluemix:public:is:us-south:a/65c005b968304c79af0072316cd66882::security-group:r006-3c7f2488-04c0-4d9e-b9ff-fdab61d8310d",
            "remote": "0.0.0.0/0",
            "rule_id": "r006-f2781def-1b21-4c28-9342-bbca06f4e3b9",
            "tcp": [
              {
                "port_max": 53,
                "port_min": 53
              }
            ],
            "udp": []
          },
          "sensitive_attributes": [],
          "private": "bnVsbA==",
          "dependencies": [
            "module.network.ibm_is_vpc.vpc",
            "module.network.ibm_resource_group.resource_group",
            "module.security.ibm_is_security_group.SG"
          ]
        },
        {
          "index_key": "node_inbound_http",
          "schema_version": 0,
          "attributes": {
            "direction": "inbound",
            "group": "r006-3c7f2488-04c0-4d9e-b9ff-fdab61d8310d",
            "icmp": [],
            "id": "r006-3c7f2488-04c0-4d9e-b9ff-fdab61d8310d.r006-a231552c-334e-4043-9c8f-931e3686e90b",
            "ip_version": "ipv4",
            "local": "0.0.0.0/0",
            "protocol": "tcp",
            "related_crn": "crn:v1:bluemix:public:is:us-south:a/65c005b968304c79af0072316cd66882::security-group:r006-3c7f2488-04c0-4d9e-b9ff-fdab61d8310d",
            "remote": "0.0.0.0/0",
            "rule_id": "r006-a231552c-334e-4043-9c8f-931e3686e90b",
            "tcp": [
              {
                "port_max": 80,
                "port_min": 80
              }
            ],
            "udp": []
          },
          "sensitive_attributes": [],
          "private": "bnVsbA==",
          "dependencies": [
            "module.network.ibm_is_vpc.vpc",
            "module.network.ibm_resource_group.resource_group",
            "module.security.ibm_is_security_group.SG"
          ]
        },
        {
          "index_key": "node_inbound_https",
          "schema_version": 0,
          "attributes": {
            "direction": "inbound",
            "group": "r006-3c7f2488-04c0-4d9e-b9ff-fdab61d8310d",
            "icmp": [],
            "id": "r006-3c7f2488-04c0-4d9e-b9ff-fdab61d8310d.r006-b7c69e5c-2b37-4d91-a1e6-c8e6ea118f58",
            "ip_version": "ipv4",
            "local": "0.0.0.0/0",
            "protocol": "tcp",
            "related_crn": "crn:v1:bluemix:public:is:us-south:a/65c005b968304c79af0072316cd66882::security-group:r006-3c7f2488-04c0-4d9e-b9ff-fdab61d8310d",
            "remote": "0.0.0.0/0",
            "rule_id": "r006-b7c69e5c-2b37-4d91-a1e6-c8e6ea118f58",
            "tcp": [
              {
                "port_max": 443,
                "port_min": 443
              }
            ],
            "udp": []
          },
          "sensitive_attributes": [],
          "private": "bnVsbA==",
          "dependencies": [
            "module.network.ibm_is_vpc.vpc",
            "module.network.ibm_resource_group.resource_group",
            "module.security.ibm_is_security_group.SG"
          ]
        },
        {
          "index_key": "node_inbound_ssh",
          "schema_version": 0,
          "attributes": {
            "direction": "inbound",
            "group": "r006-3c7f2488-04c0-4d9e-b9ff-fdab61d8310d",
            "icmp": [],
            "id": "r006-3c7f2488-04c0-4d9e-b9ff-fdab61d8310d.r006-a27bde33-b4b4-49d6-82d2-45c47f5d7e22",
            "ip_version": "ipv4",
            "local": "0.0.0.0/0",
            "protocol": "tcp",
            "related_crn": "crn:v1:bluemix:public:is:us-south:a/65c005b968304c79af0072316cd66882::security-group:r006-3c7f2488-04c0-4d9e-b9ff-fdab61d8310d",
            "remote": "0.0.0.0/0",
            "rule_id": "r006-a27bde33-b4b4-49d6-82d2-45c47f5d7e22",
            "tcp": [
              {
                "port_max": 22,
                "port_min": 22
              }
            ],
            "udp": []
          },
          "sensitive_attributes": [],
          "private": "bnVsbA==",
          "dependencies": [
            "module.network.ibm_is_vpc.vpc",
            "module.network.ibm_resource_group.resource_group",
            "module.security.ibm_is_security_group.SG"
          ]
        },
        {
          "index_key": "node_outbound_10250",
          "schema_version": 0,
          "attributes": {
            "direction": "outbound",
            "group": "r006-3c7f2488-04c0-4d9e-b9ff-fdab61d8310d",
            "icmp": [],
            "id": "r006-3c7f2488-04c0-4d9e-b9ff-fdab61d8310d.r006-834b64bf-fa59-4bfc-8505-63c077f9484d",
            "ip_version": "ipv4",
            "local": "0.0.0.0/0",
            "protocol": "tcp",
            "related_crn": "crn:v1:bluemix:public:is:us-south:a/65c005b968304c79af0072316cd66882::security-group:r006-3c7f2488-04c0-4d9e-b9ff-fdab61d8310d",
            "remote": "0.0.0.0/0",
            "rule_id": "r006-834b64bf-fa59-4bfc-8505-63c077f9484d",
            "tcp": [
              {
                "port_max": 10250,
                "port_min": 10250
              }
            ],
            "udp": []
          },
          "sensitive_attributes": [],
          "private": "bnVsbA==",
          "dependencies": [
            "module.network.ibm_is_vpc.vpc",
            "module.network.ibm_resource_group.resource_group",
            "module.security.ibm_is_security_group.SG"
          ]
        },
        {
          "index_key": "node_outbound_10251",
          "schema_version": 0,
          "attributes": {
            "direction": "outbound",
            "group": "r006-3c7f2488-04c0-4d9e-b9ff-fdab61d8310d",
            "icmp": [],
            "id": "r006-3c7f2488-04c0-4d9e-b9ff-fdab61d8310d.r006-ac1bd634-f39f-4e15-a153-65c5ad1c7aeb",
            "ip_version": "ipv4",
            "local": "0.0.0.0/0",
            "protocol": "tcp",
            "related_crn": "crn:v1:bluemix:public:is:us-south:a/65c005b968304c79af0072316cd66882::security-group:r006-3c7f2488-04c0-4d9e-b9ff-fdab61d8310d",
            "remote": "0.0.0.0/0",
            "rule_id": "r006-ac1bd634-f39f-4e15-a153-65c5ad1c7aeb",
            "tcp": [
              {
                "port_max": 10251,
                "port_min": 10251
              }
            ],
            "udp": []
          },
          "sensitive_attributes": [],
          "private": "bnVsbA==",
          "dependencies": [
            "module.network.ibm_is_vpc.vpc",
            "module.network.ibm_resource_group.resource_group",
            "module.security.ibm_is_security_group.SG"
          ]
        },
        {
          "index_key": "node_outbound_10252",
          "schema_version": 0,
          "attributes": {
            "direction": "outbound",
            "group": "r006-3c7f2488-04c0-4d9e-b9ff-fdab61d8310d",
            "icmp": [],
            "id": "r006-3c7f2488-04c0-4d9e-b9ff-fdab61d8310d.r006-2fb1022d-3a4e-425a-ac4d-878d0843ac5d",
            "ip_version": "ipv4",
            "local": "0.0.0.0/0",
            "protocol": "tcp",
            "related_crn": "crn:v1:bluemix:public:is:us-south:a/65c005b968304c79af0072316cd66882::security-group:r006-3c7f2488-04c0-4d9e-b9ff-fdab61d8310d",
            "remote": "0.0.0.0/0",
            "rule_id": "r006-2fb1022d-3a4e-425a-ac4d-878d0843ac5d",
            "tcp": [
              {
                "port_max": 10252,
                "port_min": 10252
              }
            ],
            "udp": []
          },
          "sensitive_attributes": [],
          "private": "bnVsbA==",
          "dependencies": [
            "module.network.ibm_is_vpc.vpc",
            "module.network.ibm_resource_group.resource_group",
            "module.security.ibm_is_security_group.SG"
          ]
        },
        {
          "index_key": "node_outbound_DNS",
          "schema_version": 0,
          "attributes": {
            "direction": "outbound",
            "group": "r006-3c7f2488-04c0-4d9e-b9ff-fdab61d8310d",
            "icmp": [],
            "id": "r006-3c7f2488-04c0-4d9e-b9ff-fdab61d8310d.r006-28db9358-f567-4f0c-a649-c6ec5cfef3c6",
            "ip_version": "ipv4",
            "local": "0.0.0.0/0",
            "protocol": "tcp",
            "related_crn": "crn:v1:bluemix:public:is:us-south:a/65c005b968304c79af0072316cd66882::security-group:r006-3c7f2488-04c0-4d9e-b9ff-fdab61d8310d",
            "remote": "0.0.0.0/0",
            "rule_id": "r006-28db9358-f567-4f0c-a649-c6ec5cfef3c6",
            "tcp": [
              {
                "port_max": 53,
                "port_min": 53
              }
            ],
            "udp": []
          },
          "sensitive_attributes": [],
          "private": "bnVsbA==",
          "dependencies": [
            "module.network.ibm_is_vpc.vpc",
            "module.network.ibm_resource_group.resource_group",
            "module.security.ibm_is_security_group.SG"
          ]
        },
        {
          "index_key": "node_outbound_http",
          "schema_version": 0,
          "attributes": {
            "direction": "outbound",
            "group": "r006-3c7f2488-04c0-4d9e-b9ff-fdab61d8310d",
            "icmp": [],
            "id": "r006-3c7f2488-04c0-4d9e-b9ff-fdab61d8310d.r006-6b8a1d9e-1ecf-4361-a323-eaa30b12604c",
            "ip_version": "ipv4",
            "local": "0.0.0.0/0",
            "protocol": "tcp",
            "related_crn": "crn:v1:bluemix:public:is:us-south:a/65c005b968304c79af0072316cd66882::security-group:r006-3c7f2488-04c0-4d9e-b9ff-fdab61d8310d",
            "remote": "0.0.0.0/0",
            "rule_id": "r006-6b8a1d9e-1ecf-4361-a323-eaa30b12604c",
            "tcp": [
              {
                "port_max": 80,
                "port_min": 80
              }
            ],
            "udp": []
          },
          "sensitive_attributes": [],
          "private": "bnVsbA==",
          "dependencies": [
            "module.network.ibm_is_vpc.vpc",
            "module.network.ibm_resource_group.resource_group",
            "module.security.ibm_is_security_group.SG"
          ]
        },
        {
          "index_key": "node_outbound_https",
          "schema_version": 0,
          "attributes": {
            "direction": "outbound",
            "group": "r006-3c7f2488-04c0-4d9e-b9ff-fdab61d8310d",
            "icmp": [],
            "id": "r006-3c7f2488-04c0-4d9e-b9ff-fdab61d8310d.r006-a747c4f3-6401-4ca5-88b3-858dea2abd4c",
            "ip_version": "ipv4",
            "local": "0.0.0.0/0",
            "protocol": "tcp",
            "related_crn": "crn:v1:bluemix:public:is:us-south:a/65c005b968304c79af0072316cd66882::security-group:r006-3c7f2488-04c0-4d9e-b9ff-fdab61d8310d",
            "remote": "0.0.0.0/0",
            "rule_id": "r006-a747c4f3-6401-4ca5-88b3-858dea2abd4c",
            "tcp": [
              {
                "port_max": 443,
                "port_min": 443
              }
            ],
            "udp": []
          },
          "sensitive_attributes": [],
          "private": "bnVsbA==",
          "dependencies": [
            "module.network.ibm_is_vpc.vpc",
            "module.network.ibm_resource_group.resource_group",
            "module.security.ibm_is_security_group.SG"
          ]
        },
        {
          "index_key": "node_outbound_ssh",
          "schema_version": 0,
          "attributes": {
            "direction": "outbound",
            "group": "r006-3c7f2488-04c0-4d9e-b9ff-fdab61d8310d",
            "icmp": [],
            "id": "r006-3c7f2488-04c0-4d9e-b9ff-fdab61d8310d.r006-0d331a12-6032-4971-ac62-e59ea94619d3",
            "ip_version": "ipv4",
            "local": "0.0.0.0/0",
            "protocol": "tcp",
            "related_crn": "crn:v1:bluemix:public:is:us-south:a/65c005b968304c79af0072316cd66882::security-group:r006-3c7f2488-04c0-4d9e-b9ff-fdab61d8310d",
            "remote": "0.0.0.0/0",
            "rule_id": "r006-0d331a12-6032-4971-ac62-e59ea94619d3",
            "tcp": [
              {
                "port_max": 22,
                "port_min": 22
              }
            ],
            "udp": []
          },
          "sensitive_attributes": [],
          "private": "bnVsbA==",
          "dependencies": [
            "module.network.ibm_is_vpc.vpc",
            "module.network.ibm_resource_group.resource_group",
            "module.security.ibm_is_security_group.SG"
          ]
        }
      ]
    },
    {
      "module": "module.security",
      "mode": "managed",
      "type": "ibm_is_ssh_key",
      "name": "ssh",
      "provider": "module.security.provider[\"registry.terraform.io/ibm-cloud/ibm\"]",
      "instances": [
        {
          "index_key": "master",
          "schema_version": 0,
          "attributes": {
            "access_tags": [],
            "crn": "crn:v1:bluemix:public:is:us-south:a/65c005b968304c79af0072316cd66882::key:r006-c1319cf2-9ec2-45dc-a83e-be36c12c2094",
            "fingerprint": "SHA256:ymvt0vF8YxkCe7dc/2xag2msONRDS3Md3nxQAjRWJ1o",
            "id": "r006-c1319cf2-9ec2-45dc-a83e-be36c12c2094",
            "length": 2048,
            "name": "master",
            "public_key": "ssh-rsa AAAAB3NzaC1yc2EAAAADAQABAAABAQCQBeNzV333BwUQsblsodTYPdsdYsm+Sqzq//bVD8R+b/87VlB0SzsJV9Dw09cOS5D+FeqfSmchvLqGJY6D96UvnBMKNWxP71qMokOxmYezm91WdA/4UA9i5Z6Nbn5JkJgQqeyj7xrWH1mjE1GAwMYJSSi+kpIW5qSk+JKr69rVTa6uMQzeC0RYQwBXCdVToBwTzK4WIgFUXdBKd8YPYStdaFLOe7Hs8o32VmzswKakYlBpf9RBqCSiozeLDioG+QOTe0EFPI8Mj64TLSncSVKCIb9BEZm5N455E50rLH66iTR9ZOJINqiSVsZVW6xRKGjZSmD0+Mkor2LpfNNJaFcP",
            "resource_controller_url": "https://cloud.ibm.com/vpc-ext/compute/sshKeys",
            "resource_crn": "crn:v1:bluemix:public:is:us-south:a/65c005b968304c79af0072316cd66882::key:r006-c1319cf2-9ec2-45dc-a83e-be36c12c2094",
            "resource_group": "f85c67de9d944c59afb9709a10a7a25b",
            "resource_group_name": "Default",
            "resource_name": "master",
            "tags": [],
            "type": "rsa"
          },
          "sensitive_attributes": [],
          "private": "bnVsbA=="
        },
        {
          "index_key": "node",
          "schema_version": 0,
          "attributes": {
            "access_tags": [],
            "crn": "crn:v1:bluemix:public:is:us-south:a/65c005b968304c79af0072316cd66882::key:r006-7c6b41d8-389a-4889-9878-e31327228f3f",
            "fingerprint": "SHA256:S91BtshSgOaTPE0RIY2Yu8zo3FqUksKYzcMI4tzw4Ro",
            "id": "r006-7c6b41d8-389a-4889-9878-e31327228f3f",
            "length": 2048,
            "name": "node",
            "public_key": "ssh-rsa AAAAB3NzaC1yc2EAAAADAQABAAABAQCJQ3CNDDUuORn+LQTQqXF4uqumr1xYrf7Ru28ZjzCjK5zmvI8oPN3YP8/sp80PDfF2UWp6kI8mgteBGaJtKn+X42FHqMAcN6Qgwmiv8PF+mGrLx5wytONFZS8wASk0JwOHaZUf0TAw3fMLdRJXvj6yX7VSbsuohIIjph+F/7pzlSanLbbUgUSzDHqtJJZwMfKIaiDEvZsEnYy2PYrrGc5jIVjHou3qZ9X17AgGTvaFFFZX1gAYA0X5VJX4e5rItmoOWnLHa7HLXGumYjw4HvNiKEUtv1h98tdu96SKm4CgqAYpbD7qbBhW9AyIytttt/EBTFWCOK5n+g3wG21H350/",
            "resource_controller_url": "https://cloud.ibm.com/vpc-ext/compute/sshKeys",
            "resource_crn": "crn:v1:bluemix:public:is:us-south:a/65c005b968304c79af0072316cd66882::key:r006-7c6b41d8-389a-4889-9878-e31327228f3f",
            "resource_group": "f85c67de9d944c59afb9709a10a7a25b",
            "resource_group_name": "Default",
            "resource_name": "node",
            "tags": [],
            "type": "rsa"
          },
          "sensitive_attributes": [],
          "private": "bnVsbA=="
        }
      ]
    }
  ],
  "check_results": null
}
