{
  "version": 4,
  "terraform_version": "1.10.0",
  "serial": 493,
  "lineage": "e9aa899b-b713-3d03-a579-c014e93088e6",
  "outputs": {
    "ip": {
      "value": "52.118.148.78",
      "type": "string"
    }
  },
  "resources": [
    {
      "mode": "data",
      "type": "ibm_is_floating_ip",
      "name": "public_ip_master",
      "provider": "provider[\"registry.terraform.io/ibm-cloud/ibm\"]",
      "instances": [
        {
          "schema_version": 0,
          "attributes": {
            "access_tags": [],
            "address": "52.118.148.78",
            "crn": "crn:v1:bluemix:public:is:us-south-1:a/65c005b968304c79af0072316cd66882::floating-ip:r006-546b3817-e9a8-45b2-ba99-7d8daaedee76",
            "id": "r006-546b3817-e9a8-45b2-ba99-7d8daaedee76",
            "name": "master",
            "status": "available",
            "tags": [
              "name:f_ip_master"
            ],
            "target": "0717-f1ae1cc2-a386-4679-9288-b8626012b48f",
            "target_list": [
              {
                "crn": "",
                "deleted": [],
                "href": "https://us-south.iaas.cloud.ibm.com/v1/instances/0717_84792743-261f-4e29-bdba-7bcaad59835a/network_interfaces/0717-f1ae1cc2-a386-4679-9288-b8626012b48f",
                "id": "0717-f1ae1cc2-a386-4679-9288-b8626012b48f",
                "name": "catapult-unblock-anthill-skindeep",
                "primary_ip": [
                  {
                    "address": "10.240.0.11",
                    "href": "https://us-south.iaas.cloud.ibm.com/v1/subnets/0717-0877df04-737e-42bd-8e26-2b70f86c7988/reserved_ips/0717-60b4d00d-6709-4d89-b753-f87bf1a6d751",
                    "name": "hesitancy-moieties-pushup-issue",
                    "reserved_ip": "0717-60b4d00d-6709-4d89-b753-f87bf1a6d751",
                    "resource_type": "subnet_reserved_ip"
                  }
                ],
                "resource_type": "network_interface"
              }
            ],
            "zone": "us-south-1"
          },
          "sensitive_attributes": []
        }
      ]
    },
    {
      "mode": "data",
      "type": "ibm_is_image",
      "name": "image_debian",
      "provider": "provider[\"registry.terraform.io/ibm-cloud/ibm\"]",
      "instances": [
        {
          "schema_version": 0,
          "attributes": {
            "access_tags": [],
            "architecture": "amd64",
            "catalog_offering": [
              {
                "managed": false,
                "version": []
              }
            ],
            "checksum": "b0956abb730030130514d0e5c36b289c57a316874b6b2091e2768f06581419cb",
            "created_at": "2024-11-20T19:01:54.000Z",
            "crn": "crn:v1:bluemix:public:is:us-south:a/811f8abfbd32425597dc7ba40da98fa6::image:r006-9e7263d4-47eb-460e-a024-5ba05952dca0",
            "deprecation_at": null,
            "encryption": "none",
            "encryption_key": null,
            "id": "r006-9e7263d4-47eb-460e-a024-5ba05952dca0",
            "identifier": null,
            "name": "ibm-debian-12-12-minimal-amd64-1",
            "obsolescence_at": null,
            "operating_system": [
              {
                "allow_user_image_creation": true,
                "architecture": "amd64",
                "dedicated_host_only": false,
                "display_name": "Debian GNU/Linux 12.x Bookworm/Stable - Minimal Install (amd64)",
                "family": "Debian GNU/Linux",
                "href": "https://us-south.iaas.cloud.ibm.com/v1/operating_systems/debian-12-amd64",
                "name": "debian-12-amd64",
                "user_data_format": "cloud_init",
                "vendor": "Debian",
                "version": "12.x Bookworm/Stable - Minimal Install"
              }
            ],
            "os": "debian-12-amd64",
            "resource_group": [
              {
                "href": "https://resource-controller.cloud.ibm.com/v1/resource_groups/5807b5832a8741179b2e06ca2d2b3b96",
                "id": "5807b5832a8741179b2e06ca2d2b3b96",
                "name": "Default"
              }
            ],
            "source_volume": null,
            "status": "available",
            "status_reasons": null,
            "user_data_format": "cloud_init",
            "visibility": "public"
          },
          "sensitive_attributes": []
        }
      ]
    },
    {
      "mode": "data",
      "type": "ibm_is_image",
      "name": "image_ubuntu",
      "provider": "provider[\"registry.terraform.io/ibm-cloud/ibm\"]",
      "instances": [
        {
          "schema_version": 0,
          "attributes": {
            "access_tags": [],
            "architecture": "amd64",
            "catalog_offering": [
              {
                "managed": false,
                "version": []
              }
            ],
            "checksum": "952f925d4e8a50dc08a3cce8f8d894fedf7d10139008a62286031a0844549a84",
            "created_at": "2024-09-17T14:30:02.000Z",
            "crn": "crn:v1:bluemix:public:is:us-south:a/811f8abfbd32425597dc7ba40da98fa6::image:r006-1986fc62-8a9e-49da-bde4-f431e7e074a7",
            "deprecation_at": "2024-12-10T18:32:18.000Z",
            "encryption": "none",
            "encryption_key": null,
            "id": "r006-1986fc62-8a9e-49da-bde4-f431e7e074a7",
            "identifier": null,
            "name": "ibm-ubuntu-22-04-4-minimal-amd64-4",
            "obsolescence_at": null,
            "operating_system": [
              {
                "allow_user_image_creation": true,
                "architecture": "amd64",
                "dedicated_host_only": false,
                "display_name": "Ubuntu Linux 22.04 LTS Jammy Jellyfish Minimal Install (amd64)",
                "family": "Ubuntu Linux",
                "href": "https://us-south.iaas.cloud.ibm.com/v1/operating_systems/ubuntu-22-04-amd64",
                "name": "ubuntu-22-04-amd64",
                "user_data_format": "cloud_init",
                "vendor": "Canonical",
                "version": "22.04 LTS Jammy Jellyfish Minimal Install"
              }
            ],
            "os": "ubuntu-22-04-amd64",
            "resource_group": [
              {
                "href": "https://resource-controller.cloud.ibm.com/v1/resource_groups/5807b5832a8741179b2e06ca2d2b3b96",
                "id": "5807b5832a8741179b2e06ca2d2b3b96",
                "name": "Default"
              }
            ],
            "source_volume": null,
            "status": "deprecated",
            "status_reasons": null,
            "user_data_format": "cloud_init",
            "visibility": "public"
          },
          "sensitive_attributes": []
        }
      ]
    },
    {
      "mode": "managed",
      "type": "null_resource",
      "name": "bash_script",
      "provider": "provider[\"registry.terraform.io/hashicorp/null\"]",
      "instances": [
        {
          "status": "tainted",
          "schema_version": 0,
          "attributes": {
            "id": "5017431563713153141",
            "triggers": null
          },
          "sensitive_attributes": [],
          "dependencies": [
            "data.ibm_is_floating_ip.public_ip_master",
            "data.ibm_is_image.image_ubuntu",
            "module.compute.ibm_is_instance.instance",
            "module.network.ibm_is_public_gateway.gateway",
            "module.network.ibm_is_subnet.subnet",
            "module.network.ibm_is_vpc.vpc",
            "module.network.ibm_is_vpc_routing_table.khaled",
            "module.network.ibm_resource_group.resource_group",
            "module.security.ibm_is_security_group.SG",
            "module.security.ibm_is_ssh_key.ssh"
          ]
        }
      ]
    },
    {
      "module": "module.compute",
      "mode": "managed",
      "type": "ibm_is_instance",
      "name": "instance",
      "provider": "module.compute.provider[\"registry.terraform.io/ibm-cloud/ibm\"]",
      "instances": [
        {
          "index_key": "instance-master",
          "schema_version": 0,
          "attributes": {
            "access_tags": [],
            "action": null,
            "auto_delete_volume": null,
            "availability_policy_host_failure": "restart",
            "bandwidth": 4000,
            "boot_volume": [
              {
                "auto_delete_volume": true,
                "encryption": "",
                "iops": 3000,
                "name": "magnetism-armory-festival-faster",
                "profile": "general-purpose",
                "size": 100,
                "snapshot": "",
                "snapshot_crn": "",
                "tags": [],
                "volume_id": "r006-f943debf-08e9-4f39-9494-220d692c70f6"
              }
            ],
            "catalog_offering": [],
            "confidential_compute_mode": "disabled",
            "crn": "crn:v1:bluemix:public:is:us-south-1:a/65c005b968304c79af0072316cd66882::instance:0717_84792743-261f-4e29-bdba-7bcaad59835a",
            "dedicated_host": null,
            "dedicated_host_group": null,
            "default_trusted_profile_auto_link": null,
            "default_trusted_profile_target": null,
            "disks": [],
            "enable_secure_boot": false,
            "force_action": false,
            "force_recovery_time": null,
            "gpu": [],
            "id": "0717_84792743-261f-4e29-bdba-7bcaad59835a",
            "image": "r006-1986fc62-8a9e-49da-bde4-f431e7e074a7",
            "instance_template": null,
            "keys": [
              "r006-acd6aead-18b1-4e95-a21f-6b00c2df134d"
            ],
            "lifecycle_reasons": [],
            "lifecycle_state": "stable",
            "memory": 8,
            "metadata_service": [
              {
                "enabled": false,
                "protocol": "http",
                "response_hop_limit": 1
              }
            ],
            "metadata_service_enabled": false,
            "name": "instance-master",
            "network_attachments": [],
            "network_interfaces": [],
            "numa_count": 1,
            "placement_group": null,
            "placement_target": [],
            "primary_network_attachment": [],
            "primary_network_interface": [
              {
                "allow_ip_spoofing": false,
                "id": "0717-f1ae1cc2-a386-4679-9288-b8626012b48f",
                "name": "catapult-unblock-anthill-skindeep",
                "port_speed": 3000,
                "primary_ip": [
                  {
                    "address": "10.240.0.11",
                    "auto_delete": true,
                    "href": "https://us-south.iaas.cloud.ibm.com/v1/subnets/0717-0877df04-737e-42bd-8e26-2b70f86c7988/reserved_ips/0717-60b4d00d-6709-4d89-b753-f87bf1a6d751",
                    "name": "hesitancy-moieties-pushup-issue",
                    "reserved_ip": "0717-60b4d00d-6709-4d89-b753-f87bf1a6d751",
                    "resource_type": "subnet_reserved_ip"
                  }
                ],
                "primary_ipv4_address": "10.240.0.11",
                "security_groups": [
                  "r006-8accab01-e0c1-4661-8df2-fdc9d4ecb4e9"
                ],
                "subnet": "0717-0877df04-737e-42bd-8e26-2b70f86c7988"
              }
            ],
            "profile": "bx2-2x8",
            "reservation": [],
            "reservation_affinity": [
              {
                "policy": "disabled",
                "pool": []
              }
            ],
            "resource_controller_url": "https://cloud.ibm.com/vpc-ext/compute/vs",
            "resource_crn": "crn:v1:bluemix:public:is:us-south-1:a/65c005b968304c79af0072316cd66882::instance:0717_84792743-261f-4e29-bdba-7bcaad59835a",
            "resource_group": "c1b26be79bf24bad9a79a237e20d453d",
            "resource_group_name": "khaled",
            "resource_name": "instance-master",
            "resource_status": "running",
            "status": "running",
            "status_reasons": [],
            "tags": [
              "name:instance_instance-master"
            ],
            "timeouts": null,
            "total_network_bandwidth": 3000,
            "total_volume_bandwidth": 1000,
            "user_data": null,
            "vcpu": [
              {
                "architecture": "amd64",
                "count": 2,
                "manufacturer": "intel"
              }
            ],
            "volume_attachments": [
              {
                "id": "0717-0d10f1eb-3cd7-4809-963b-a494377ed2e8",
                "name": "tiling-squires-divining-showier",
                "volume_crn": "crn:v1:bluemix:public:is:us-south-1:a/65c005b968304c79af0072316cd66882::volume:r006-f943debf-08e9-4f39-9494-220d692c70f6",
                "volume_id": "r006-f943debf-08e9-4f39-9494-220d692c70f6",
                "volume_name": "magnetism-armory-festival-faster"
              }
            ],
            "volumes": null,
            "vpc": "r006-8af72644-7fcd-4d73-b07b-8323bd4b626d",
            "wait_before_delete": true,
            "zone": "us-south-1"
          },
          "sensitive_attributes": [],
          "private": "eyJlMmJmYjczMC1lY2FhLTExZTYtOGY4OC0zNDM2M2JjN2M0YzAiOnsiY3JlYXRlIjoxODAwMDAwMDAwMDAwLCJkZWxldGUiOjE4MDAwMDAwMDAwMDAsInVwZGF0ZSI6MTgwMDAwMDAwMDAwMH19",
          "dependencies": [
            "data.ibm_is_image.image_ubuntu",
            "module.network.ibm_is_public_gateway.gateway",
            "module.network.ibm_is_subnet.subnet",
            "module.network.ibm_is_vpc.vpc",
            "module.network.ibm_is_vpc_routing_table.khaled",
            "module.network.ibm_resource_group.resource_group",
            "module.security.ibm_is_security_group.SG",
            "module.security.ibm_is_ssh_key.ssh"
          ]
        },
        {
          "index_key": "instance-mohsen",
          "schema_version": 0,
          "attributes": {
            "access_tags": [],
            "action": null,
            "auto_delete_volume": null,
            "availability_policy_host_failure": "restart",
            "bandwidth": 16000,
            "boot_volume": [
              {
                "auto_delete_volume": true,
                "encryption": "",
                "iops": 3000,
                "name": "support-supervised-perceive-audibly",
                "profile": "general-purpose",
                "size": 100,
                "snapshot": "",
                "snapshot_crn": "",
                "tags": [],
                "volume_id": "r006-d4173dd7-ab0f-4eb9-89bc-de2e898be026"
              }
            ],
            "catalog_offering": [],
            "confidential_compute_mode": "disabled",
            "crn": "crn:v1:bluemix:public:is:us-south-1:a/65c005b968304c79af0072316cd66882::instance:0717_492ef193-4531-461e-a293-24da6d0db2d8",
            "dedicated_host": null,
            "dedicated_host_group": null,
            "default_trusted_profile_auto_link": null,
            "default_trusted_profile_target": null,
            "disks": [],
            "enable_secure_boot": false,
            "force_action": false,
            "force_recovery_time": null,
            "gpu": [],
            "id": "0717_492ef193-4531-461e-a293-24da6d0db2d8",
            "image": "r006-1986fc62-8a9e-49da-bde4-f431e7e074a7",
            "instance_template": null,
            "keys": [
              "r006-a58173f6-2da2-4e6c-ad07-dd5f5d91073d"
            ],
            "lifecycle_reasons": [],
            "lifecycle_state": "stable",
            "memory": 32,
            "metadata_service": [
              {
                "enabled": false,
                "protocol": "http",
                "response_hop_limit": 1
              }
            ],
            "metadata_service_enabled": false,
            "name": "instance-mohsen",
            "network_attachments": [],
            "network_interfaces": [],
            "numa_count": 2,
            "placement_group": null,
            "placement_target": [],
            "primary_network_attachment": [],
            "primary_network_interface": [
              {
                "allow_ip_spoofing": false,
                "id": "0717-e416de0a-2656-42a5-8882-5f5af054750e",
                "name": "dubiously-earthlike-churn-dreamily",
                "port_speed": 12000,
                "primary_ip": [
                  {
                    "address": "10.240.2.5",
                    "auto_delete": true,
                    "href": "https://us-south.iaas.cloud.ibm.com/v1/subnets/0717-9ff5c8a6-cd9b-49b1-92b6-0dd7e3f6ef94/reserved_ips/0717-2fcd5506-a453-4ccc-acb5-42a97ff23141",
                    "name": "oven-kick-embers-cornflake",
                    "reserved_ip": "0717-2fcd5506-a453-4ccc-acb5-42a97ff23141",
                    "resource_type": "subnet_reserved_ip"
                  }
                ],
                "primary_ipv4_address": "10.240.2.5",
                "security_groups": [
                  "r006-06395d58-824c-42be-9473-b51af4e99a43"
                ],
                "subnet": "0717-9ff5c8a6-cd9b-49b1-92b6-0dd7e3f6ef94"
              }
            ],
            "profile": "bx2-8x32",
            "reservation": [],
            "reservation_affinity": [
              {
                "policy": "disabled",
                "pool": []
              }
            ],
            "resource_controller_url": "https://cloud.ibm.com/vpc-ext/compute/vs",
            "resource_crn": "crn:v1:bluemix:public:is:us-south-1:a/65c005b968304c79af0072316cd66882::instance:0717_492ef193-4531-461e-a293-24da6d0db2d8",
            "resource_group": "c1b26be79bf24bad9a79a237e20d453d",
            "resource_group_name": "khaled",
            "resource_name": "instance-mohsen",
            "resource_status": "running",
            "status": "running",
            "status_reasons": [],
            "tags": [
              "name:instance_instance-mohsen"
            ],
            "timeouts": null,
            "total_network_bandwidth": 12000,
            "total_volume_bandwidth": 4000,
            "user_data": null,
            "vcpu": [
              {
                "architecture": "amd64",
                "count": 8,
                "manufacturer": "intel"
              }
            ],
            "volume_attachments": [
              {
                "id": "0717-caa48f21-3e31-4675-b9ac-e0ac92de1c36",
                "name": "sulfide-cannon-snagged-cryptic",
                "volume_crn": "crn:v1:bluemix:public:is:us-south-1:a/65c005b968304c79af0072316cd66882::volume:r006-d4173dd7-ab0f-4eb9-89bc-de2e898be026",
                "volume_id": "r006-d4173dd7-ab0f-4eb9-89bc-de2e898be026",
                "volume_name": "support-supervised-perceive-audibly"
              }
            ],
            "volumes": null,
            "vpc": "r006-8af72644-7fcd-4d73-b07b-8323bd4b626d",
            "wait_before_delete": true,
            "zone": "us-south-1"
          },
          "sensitive_attributes": [],
          "private": "eyJlMmJmYjczMC1lY2FhLTExZTYtOGY4OC0zNDM2M2JjN2M0YzAiOnsiY3JlYXRlIjoxODAwMDAwMDAwMDAwLCJkZWxldGUiOjE4MDAwMDAwMDAwMDAsInVwZGF0ZSI6MTgwMDAwMDAwMDAwMH19",
          "dependencies": [
            "data.ibm_is_image.image_ubuntu",
            "module.network.ibm_is_public_gateway.gateway",
            "module.network.ibm_is_subnet.subnet",
            "module.network.ibm_is_vpc.vpc",
            "module.network.ibm_is_vpc_routing_table.khaled",
            "module.network.ibm_resource_group.resource_group",
            "module.security.ibm_is_security_group.SG",
            "module.security.ibm_is_ssh_key.ssh"
          ]
        },
        {
          "index_key": "instance-node-1",
          "schema_version": 0,
          "attributes": {
            "access_tags": [],
            "action": null,
            "auto_delete_volume": null,
            "availability_policy_host_failure": "restart",
            "bandwidth": 4000,
            "boot_volume": [
              {
                "auto_delete_volume": true,
                "encryption": "",
                "iops": 3000,
                "name": "jargon-rekindle-stifling-psychic",
                "profile": "general-purpose",
                "size": 100,
                "snapshot": "",
                "snapshot_crn": "",
                "tags": [],
                "volume_id": "r006-76098d77-d911-42a1-b903-312d819c7730"
              }
            ],
            "catalog_offering": [],
            "confidential_compute_mode": "disabled",
            "crn": "crn:v1:bluemix:public:is:us-south-1:a/65c005b968304c79af0072316cd66882::instance:0717_79c1305f-1d6b-48f0-9647-9dd335f25641",
            "dedicated_host": null,
            "dedicated_host_group": null,
            "default_trusted_profile_auto_link": null,
            "default_trusted_profile_target": null,
            "disks": [],
            "enable_secure_boot": false,
            "force_action": false,
            "force_recovery_time": null,
            "gpu": [],
            "id": "0717_79c1305f-1d6b-48f0-9647-9dd335f25641",
            "image": "r006-1986fc62-8a9e-49da-bde4-f431e7e074a7",
            "instance_template": null,
            "keys": [
              "r006-de9e7317-da7e-42d7-b359-55012117234c"
            ],
            "lifecycle_reasons": [],
            "lifecycle_state": "stable",
            "memory": 8,
            "metadata_service": [
              {
                "enabled": false,
                "protocol": "http",
                "response_hop_limit": 1
              }
            ],
            "metadata_service_enabled": false,
            "name": "instance-node-1",
            "network_attachments": [],
            "network_interfaces": [],
            "numa_count": 1,
            "placement_group": null,
            "placement_target": [],
            "primary_network_attachment": [],
            "primary_network_interface": [
              {
                "allow_ip_spoofing": false,
                "id": "0717-6cd906c2-5882-4a63-84c5-519d21653b69",
                "name": "ultimate-freehand-ferry-accustomed",
                "port_speed": 3000,
                "primary_ip": [
                  {
                    "address": "10.240.1.10",
                    "auto_delete": true,
                    "href": "https://us-south.iaas.cloud.ibm.com/v1/subnets/0717-07f4d45f-e5d8-49f5-88cf-80394edea3e6/reserved_ips/0717-b02a921b-4cf2-41a2-b3c6-8725845d55ae",
                    "name": "sandblast-euphemism-scariness-walnut",
                    "reserved_ip": "0717-b02a921b-4cf2-41a2-b3c6-8725845d55ae",
                    "resource_type": "subnet_reserved_ip"
                  }
                ],
                "primary_ipv4_address": "10.240.1.10",
                "security_groups": [
                  "r006-0d3bbc33-cfff-4c91-8284-b6ad6656b8ae"
                ],
                "subnet": "0717-07f4d45f-e5d8-49f5-88cf-80394edea3e6"
              }
            ],
            "profile": "bx2-2x8",
            "reservation": [],
            "reservation_affinity": [
              {
                "policy": "disabled",
                "pool": []
              }
            ],
            "resource_controller_url": "https://cloud.ibm.com/vpc-ext/compute/vs",
            "resource_crn": "crn:v1:bluemix:public:is:us-south-1:a/65c005b968304c79af0072316cd66882::instance:0717_79c1305f-1d6b-48f0-9647-9dd335f25641",
            "resource_group": "c1b26be79bf24bad9a79a237e20d453d",
            "resource_group_name": "khaled",
            "resource_name": "instance-node-1",
            "resource_status": "running",
            "status": "running",
            "status_reasons": [],
            "tags": [
              "name:instance_instance-node-1"
            ],
            "timeouts": null,
            "total_network_bandwidth": 3000,
            "total_volume_bandwidth": 1000,
            "user_data": null,
            "vcpu": [
              {
                "architecture": "amd64",
                "count": 2,
                "manufacturer": "intel"
              }
            ],
            "volume_attachments": [
              {
                "id": "0717-5615c13f-746d-4792-bae3-e600244df4ab",
                "name": "pantry-pyramid-bravery-cabana",
                "volume_crn": "crn:v1:bluemix:public:is:us-south-1:a/65c005b968304c79af0072316cd66882::volume:r006-76098d77-d911-42a1-b903-312d819c7730",
                "volume_id": "r006-76098d77-d911-42a1-b903-312d819c7730",
                "volume_name": "jargon-rekindle-stifling-psychic"
              }
            ],
            "volumes": null,
            "vpc": "r006-8af72644-7fcd-4d73-b07b-8323bd4b626d",
            "wait_before_delete": true,
            "zone": "us-south-1"
          },
          "sensitive_attributes": [],
          "private": "eyJlMmJmYjczMC1lY2FhLTExZTYtOGY4OC0zNDM2M2JjN2M0YzAiOnsiY3JlYXRlIjoxODAwMDAwMDAwMDAwLCJkZWxldGUiOjE4MDAwMDAwMDAwMDAsInVwZGF0ZSI6MTgwMDAwMDAwMDAwMH19",
          "dependencies": [
            "data.ibm_is_image.image_ubuntu",
            "module.network.ibm_is_public_gateway.gateway",
            "module.network.ibm_is_subnet.subnet",
            "module.network.ibm_is_vpc.vpc",
            "module.network.ibm_is_vpc_routing_table.khaled",
            "module.network.ibm_resource_group.resource_group",
            "module.security.ibm_is_security_group.SG",
            "module.security.ibm_is_ssh_key.ssh"
          ]
        },
        {
          "index_key": "instance-node-2",
          "schema_version": 0,
          "attributes": {
            "access_tags": [],
            "action": null,
            "auto_delete_volume": null,
            "availability_policy_host_failure": "restart",
            "bandwidth": 4000,
            "boot_volume": [
              {
                "auto_delete_volume": true,
                "encryption": "",
                "iops": 3000,
                "name": "democratic-violin-geiger-undaunting",
                "profile": "general-purpose",
                "size": 100,
                "snapshot": "",
                "snapshot_crn": "",
                "tags": [],
                "volume_id": "r006-b08f025e-1394-452b-b355-0d4a9ad4ff4e"
              }
            ],
            "catalog_offering": [],
            "confidential_compute_mode": "disabled",
            "crn": "crn:v1:bluemix:public:is:us-south-1:a/65c005b968304c79af0072316cd66882::instance:0717_d6275da3-783a-48ad-ba84-44f5bda021f2",
            "dedicated_host": null,
            "dedicated_host_group": null,
            "default_trusted_profile_auto_link": null,
            "default_trusted_profile_target": null,
            "disks": [],
            "enable_secure_boot": false,
            "force_action": false,
            "force_recovery_time": null,
            "gpu": [],
            "id": "0717_d6275da3-783a-48ad-ba84-44f5bda021f2",
            "image": "r006-1986fc62-8a9e-49da-bde4-f431e7e074a7",
            "instance_template": null,
            "keys": [
              "r006-de9e7317-da7e-42d7-b359-55012117234c"
            ],
            "lifecycle_reasons": [],
            "lifecycle_state": "stable",
            "memory": 8,
            "metadata_service": [
              {
                "enabled": false,
                "protocol": "http",
                "response_hop_limit": 1
              }
            ],
            "metadata_service_enabled": false,
            "name": "instance-node-2",
            "network_attachments": [],
            "network_interfaces": [],
            "numa_count": 1,
            "placement_group": null,
            "placement_target": [],
            "primary_network_attachment": [],
            "primary_network_interface": [
              {
                "allow_ip_spoofing": false,
                "id": "0717-a6d340ec-d21d-4169-bf00-a0f258f46e47",
                "name": "nuttiness-clip-smashup-wolf",
                "port_speed": 3000,
                "primary_ip": [
                  {
                    "address": "10.240.1.11",
                    "auto_delete": true,
                    "href": "https://us-south.iaas.cloud.ibm.com/v1/subnets/0717-07f4d45f-e5d8-49f5-88cf-80394edea3e6/reserved_ips/0717-acd27d32-ff44-4892-b6f7-e357bea6a836",
                    "name": "proud-raffle-crucial-antonym",
                    "reserved_ip": "0717-acd27d32-ff44-4892-b6f7-e357bea6a836",
                    "resource_type": "subnet_reserved_ip"
                  }
                ],
                "primary_ipv4_address": "10.240.1.11",
                "security_groups": [
                  "r006-0d3bbc33-cfff-4c91-8284-b6ad6656b8ae"
                ],
                "subnet": "0717-07f4d45f-e5d8-49f5-88cf-80394edea3e6"
              }
            ],
            "profile": "bx2-2x8",
            "reservation": [],
            "reservation_affinity": [
              {
                "policy": "disabled",
                "pool": []
              }
            ],
            "resource_controller_url": "https://cloud.ibm.com/vpc-ext/compute/vs",
            "resource_crn": "crn:v1:bluemix:public:is:us-south-1:a/65c005b968304c79af0072316cd66882::instance:0717_d6275da3-783a-48ad-ba84-44f5bda021f2",
            "resource_group": "c1b26be79bf24bad9a79a237e20d453d",
            "resource_group_name": "khaled",
            "resource_name": "instance-node-2",
            "resource_status": "running",
            "status": "running",
            "status_reasons": [],
            "tags": [
              "name:instance_instance-node-2"
            ],
            "timeouts": null,
            "total_network_bandwidth": 3000,
            "total_volume_bandwidth": 1000,
            "user_data": null,
            "vcpu": [
              {
                "architecture": "amd64",
                "count": 2,
                "manufacturer": "intel"
              }
            ],
            "volume_attachments": [
              {
                "id": "0717-13e50da2-e0bf-4a88-97c4-231b4fbd15ba",
                "name": "tarmac-griminess-whiff-colt",
                "volume_crn": "crn:v1:bluemix:public:is:us-south-1:a/65c005b968304c79af0072316cd66882::volume:r006-b08f025e-1394-452b-b355-0d4a9ad4ff4e",
                "volume_id": "r006-b08f025e-1394-452b-b355-0d4a9ad4ff4e",
                "volume_name": "democratic-violin-geiger-undaunting"
              }
            ],
            "volumes": null,
            "vpc": "r006-8af72644-7fcd-4d73-b07b-8323bd4b626d",
            "wait_before_delete": true,
            "zone": "us-south-1"
          },
          "sensitive_attributes": [],
          "private": "eyJlMmJmYjczMC1lY2FhLTExZTYtOGY4OC0zNDM2M2JjN2M0YzAiOnsiY3JlYXRlIjoxODAwMDAwMDAwMDAwLCJkZWxldGUiOjE4MDAwMDAwMDAwMDAsInVwZGF0ZSI6MTgwMDAwMDAwMDAwMH19",
          "dependencies": [
            "data.ibm_is_image.image_ubuntu",
            "module.network.ibm_is_public_gateway.gateway",
            "module.network.ibm_is_subnet.subnet",
            "module.network.ibm_is_vpc.vpc",
            "module.network.ibm_is_vpc_routing_table.khaled",
            "module.network.ibm_resource_group.resource_group",
            "module.security.ibm_is_security_group.SG",
            "module.security.ibm_is_ssh_key.ssh"
          ]
        }
      ]
    },
    {
      "module": "module.network",
      "mode": "managed",
      "type": "ibm_is_floating_ip",
      "name": "F_ip",
      "provider": "module.network.provider[\"registry.terraform.io/ibm-cloud/ibm\"]",
      "instances": [
        {
          "index_key": "master",
          "schema_version": 0,
          "attributes": {
            "access_tags": [],
            "address": "52.118.148.78",
            "crn": "crn:v1:bluemix:public:is:us-south-1:a/65c005b968304c79af0072316cd66882::floating-ip:r006-546b3817-e9a8-45b2-ba99-7d8daaedee76",
            "id": "r006-546b3817-e9a8-45b2-ba99-7d8daaedee76",
            "name": "master",
            "resource_controller_url": "https://cloud.ibm.com/vpc-ext/network/floatingIPs",
            "resource_crn": "crn:v1:bluemix:public:is:us-south-1:a/65c005b968304c79af0072316cd66882::floating-ip:r006-546b3817-e9a8-45b2-ba99-7d8daaedee76",
            "resource_group": "f85c67de9d944c59afb9709a10a7a25b",
            "resource_group_name": "Default",
            "resource_name": "master",
            "resource_status": "available",
            "status": "available",
            "tags": [
              "name:f_ip_master"
            ],
            "target": "0717-f1ae1cc2-a386-4679-9288-b8626012b48f",
            "target_list": [
              {
                "crn": "",
                "deleted": [],
                "href": "https://us-south.iaas.cloud.ibm.com/v1/instances/0717_84792743-261f-4e29-bdba-7bcaad59835a/network_interfaces/0717-f1ae1cc2-a386-4679-9288-b8626012b48f",
                "id": "0717-f1ae1cc2-a386-4679-9288-b8626012b48f",
                "name": "catapult-unblock-anthill-skindeep",
                "primary_ip": [
                  {
                    "address": "10.240.0.11",
                    "href": "https://us-south.iaas.cloud.ibm.com/v1/subnets/0717-0877df04-737e-42bd-8e26-2b70f86c7988/reserved_ips/0717-60b4d00d-6709-4d89-b753-f87bf1a6d751",
                    "name": "hesitancy-moieties-pushup-issue",
                    "reserved_ip": "0717-60b4d00d-6709-4d89-b753-f87bf1a6d751",
                    "resource_type": "subnet_reserved_ip"
                  }
                ],
                "resource_type": "network_interface"
              }
            ],
            "timeouts": null,
            "zone": "us-south-1"
          },
          "sensitive_attributes": [],
          "private": "eyJlMmJmYjczMC1lY2FhLTExZTYtOGY4OC0zNDM2M2JjN2M0YzAiOnsiY3JlYXRlIjo2MDAwMDAwMDAwMDAsImRlbGV0ZSI6NjAwMDAwMDAwMDAwfX0=",
          "dependencies": [
            "data.ibm_is_image.image_ubuntu",
            "module.compute.ibm_is_instance.instance",
            "module.network.ibm_is_public_gateway.gateway",
            "module.network.ibm_is_subnet.subnet",
            "module.network.ibm_is_vpc.vpc",
            "module.network.ibm_is_vpc_routing_table.khaled",
            "module.network.ibm_resource_group.resource_group",
            "module.security.ibm_is_security_group.SG",
            "module.security.ibm_is_ssh_key.ssh"
          ]
        },
        {
          "index_key": "mohsen",
          "schema_version": 0,
          "attributes": {
            "access_tags": [],
            "address": "52.118.191.65",
            "crn": "crn:v1:bluemix:public:is:us-south-1:a/65c005b968304c79af0072316cd66882::floating-ip:r006-db623cc9-71b6-49b7-a63a-21e83af036a2",
            "id": "r006-db623cc9-71b6-49b7-a63a-21e83af036a2",
            "name": "mohsen",
            "resource_controller_url": "https://cloud.ibm.com/vpc-ext/network/floatingIPs",
            "resource_crn": "crn:v1:bluemix:public:is:us-south-1:a/65c005b968304c79af0072316cd66882::floating-ip:r006-db623cc9-71b6-49b7-a63a-21e83af036a2",
            "resource_group": "f85c67de9d944c59afb9709a10a7a25b",
            "resource_group_name": "Default",
            "resource_name": "mohsen",
            "resource_status": "available",
            "status": "available",
            "tags": [
              "name:f_ip_mohsen"
            ],
            "target": "0717-e416de0a-2656-42a5-8882-5f5af054750e",
            "target_list": [
              {
                "crn": "",
                "deleted": [],
                "href": "https://us-south.iaas.cloud.ibm.com/v1/instances/0717_492ef193-4531-461e-a293-24da6d0db2d8/network_interfaces/0717-e416de0a-2656-42a5-8882-5f5af054750e",
                "id": "0717-e416de0a-2656-42a5-8882-5f5af054750e",
                "name": "dubiously-earthlike-churn-dreamily",
                "primary_ip": [
                  {
                    "address": "10.240.2.5",
                    "href": "https://us-south.iaas.cloud.ibm.com/v1/subnets/0717-9ff5c8a6-cd9b-49b1-92b6-0dd7e3f6ef94/reserved_ips/0717-2fcd5506-a453-4ccc-acb5-42a97ff23141",
                    "name": "oven-kick-embers-cornflake",
                    "reserved_ip": "0717-2fcd5506-a453-4ccc-acb5-42a97ff23141",
                    "resource_type": "subnet_reserved_ip"
                  }
                ],
                "resource_type": "network_interface"
              }
            ],
            "timeouts": null,
            "zone": "us-south-1"
          },
          "sensitive_attributes": [],
          "private": "eyJlMmJmYjczMC1lY2FhLTExZTYtOGY4OC0zNDM2M2JjN2M0YzAiOnsiY3JlYXRlIjo2MDAwMDAwMDAwMDAsImRlbGV0ZSI6NjAwMDAwMDAwMDAwfX0=",
          "dependencies": [
            "data.ibm_is_image.image_ubuntu",
            "module.compute.ibm_is_instance.instance",
            "module.network.ibm_is_public_gateway.gateway",
            "module.network.ibm_is_subnet.subnet",
            "module.network.ibm_is_vpc.vpc",
            "module.network.ibm_is_vpc_routing_table.khaled",
            "module.network.ibm_resource_group.resource_group",
            "module.security.ibm_is_security_group.SG",
            "module.security.ibm_is_ssh_key.ssh"
          ]
        }
      ]
    },
    {
      "module": "module.network",
      "mode": "managed",
      "type": "ibm_is_public_gateway",
      "name": "gateway",
      "provider": "module.network.provider[\"registry.terraform.io/ibm-cloud/ibm\"]",
      "instances": [
        {
          "schema_version": 0,
          "attributes": {
            "access_tags": [],
            "crn": "crn:v1:bluemix:public:is:us-south-1:a/65c005b968304c79af0072316cd66882::public-gateway:r006-fce45fda-f091-4402-992c-cceeb3ec83b8",
            "floating_ip": {
              "address": "150.240.64.251",
              "id": "r006-acc2e010-f7dd-484e-959a-df3adbeef642"
            },
            "id": "r006-fce45fda-f091-4402-992c-cceeb3ec83b8",
            "name": "khaled-gateway",
            "resource_controller_url": "https://cloud.ibm.com/vpc-ext/network/publicGateways",
            "resource_crn": "crn:v1:bluemix:public:is:us-south-1:a/65c005b968304c79af0072316cd66882::public-gateway:r006-fce45fda-f091-4402-992c-cceeb3ec83b8",
            "resource_group": "f85c67de9d944c59afb9709a10a7a25b",
            "resource_group_name": "Default",
            "resource_name": "khaled-gateway",
            "resource_status": "available",
            "status": "available",
            "tags": [],
            "timeouts": null,
            "vpc": "r006-8af72644-7fcd-4d73-b07b-8323bd4b626d",
            "zone": "us-south-1"
          },
          "sensitive_attributes": [],
          "private": "eyJlMmJmYjczMC1lY2FhLTExZTYtOGY4OC0zNDM2M2JjN2M0YzAiOnsiY3JlYXRlIjo2MDAwMDAwMDAwMDAsImRlbGV0ZSI6NjAwMDAwMDAwMDAwfX0=",
          "dependencies": [
            "module.network.ibm_is_vpc.vpc",
            "module.network.ibm_resource_group.resource_group"
          ]
        }
      ]
    },
    {
      "module": "module.network",
      "mode": "managed",
      "type": "ibm_is_subnet",
      "name": "subnet",
      "provider": "module.network.provider[\"registry.terraform.io/ibm-cloud/ibm\"]",
      "instances": [
        {
          "index_key": "private-subnet-kube",
          "schema_version": 0,
          "attributes": {
            "access_tags": [],
            "available_ipv4_address_count": 249,
            "crn": "crn:v1:bluemix:public:is:us-south-1:a/65c005b968304c79af0072316cd66882::subnet:0717-07f4d45f-e5d8-49f5-88cf-80394edea3e6",
            "id": "0717-07f4d45f-e5d8-49f5-88cf-80394edea3e6",
            "ip_version": "ipv4",
            "ipv4_cidr_block": "10.240.1.0/24",
            "name": "private-subnet-kube",
            "network_acl": "r006-ec8a4290-2a89-4868-9a2d-993034a8ad77",
            "public_gateway": "r006-fce45fda-f091-4402-992c-cceeb3ec83b8",
            "resource_controller_url": "https://cloud.ibm.com/vpc-ext/network/subnets",
            "resource_crn": "crn:v1:bluemix:public:is:us-south-1:a/65c005b968304c79af0072316cd66882::subnet:0717-07f4d45f-e5d8-49f5-88cf-80394edea3e6",
            "resource_group": "f85c67de9d944c59afb9709a10a7a25b",
            "resource_group_name": "Default",
            "resource_name": "private-subnet-kube",
            "resource_status": "available",
            "routing_table": "r006-f4119f2c-f4ca-401f-bd54-14621b7efbb7",
            "routing_table_crn": "crn:v1:bluemix:public:is:us-south:a/65c005b968304c79af0072316cd66882::vpc-routing-table:r006-8af72644-7fcd-4d73-b07b-8323bd4b626d/r006-f4119f2c-f4ca-401f-bd54-14621b7efbb7",
            "status": "available",
            "tags": [
              "name:subnet_private-subnet-kube"
            ],
            "timeouts": null,
            "total_ipv4_address_count": 256,
            "vpc": "r006-8af72644-7fcd-4d73-b07b-8323bd4b626d",
            "zone": "us-south-1"
          },
          "sensitive_attributes": [],
          "private": "eyJlMmJmYjczMC1lY2FhLTExZTYtOGY4OC0zNDM2M2JjN2M0YzAiOnsiY3JlYXRlIjo2MDAwMDAwMDAwMDAsImRlbGV0ZSI6NjAwMDAwMDAwMDAwLCJ1cGRhdGUiOjYwMDAwMDAwMDAwMH19",
          "dependencies": [
            "module.network.ibm_is_public_gateway.gateway",
            "module.network.ibm_is_vpc.vpc",
            "module.network.ibm_is_vpc_routing_table.khaled",
            "module.network.ibm_resource_group.resource_group"
          ]
        },
        {
          "index_key": "public-subnet-kube",
          "schema_version": 0,
          "attributes": {
            "access_tags": [],
            "available_ipv4_address_count": 250,
            "crn": "crn:v1:bluemix:public:is:us-south-1:a/65c005b968304c79af0072316cd66882::subnet:0717-0877df04-737e-42bd-8e26-2b70f86c7988",
            "id": "0717-0877df04-737e-42bd-8e26-2b70f86c7988",
            "ip_version": "ipv4",
            "ipv4_cidr_block": "10.240.0.0/24",
            "name": "public-subnet-kube",
            "network_acl": "r006-ec8a4290-2a89-4868-9a2d-993034a8ad77",
            "public_gateway": "r006-fce45fda-f091-4402-992c-cceeb3ec83b8",
            "resource_controller_url": "https://cloud.ibm.com/vpc-ext/network/subnets",
            "resource_crn": "crn:v1:bluemix:public:is:us-south-1:a/65c005b968304c79af0072316cd66882::subnet:0717-0877df04-737e-42bd-8e26-2b70f86c7988",
            "resource_group": "f85c67de9d944c59afb9709a10a7a25b",
            "resource_group_name": "Default",
            "resource_name": "public-subnet-kube",
            "resource_status": "available",
            "routing_table": "r006-f4119f2c-f4ca-401f-bd54-14621b7efbb7",
            "routing_table_crn": "crn:v1:bluemix:public:is:us-south:a/65c005b968304c79af0072316cd66882::vpc-routing-table:r006-8af72644-7fcd-4d73-b07b-8323bd4b626d/r006-f4119f2c-f4ca-401f-bd54-14621b7efbb7",
            "status": "available",
            "tags": [
              "name:subnet_public-subnet-kube"
            ],
            "timeouts": null,
            "total_ipv4_address_count": 256,
            "vpc": "r006-8af72644-7fcd-4d73-b07b-8323bd4b626d",
            "zone": "us-south-1"
          },
          "sensitive_attributes": [],
          "private": "eyJlMmJmYjczMC1lY2FhLTExZTYtOGY4OC0zNDM2M2JjN2M0YzAiOnsiY3JlYXRlIjo2MDAwMDAwMDAwMDAsImRlbGV0ZSI6NjAwMDAwMDAwMDAwLCJ1cGRhdGUiOjYwMDAwMDAwMDAwMH19",
          "dependencies": [
            "module.network.ibm_is_public_gateway.gateway",
            "module.network.ibm_is_vpc.vpc",
            "module.network.ibm_is_vpc_routing_table.khaled",
            "module.network.ibm_resource_group.resource_group"
          ]
        },
        {
          "index_key": "public-subnet-mohsen",
          "schema_version": 0,
          "attributes": {
            "access_tags": [],
            "available_ipv4_address_count": 250,
            "crn": "crn:v1:bluemix:public:is:us-south-1:a/65c005b968304c79af0072316cd66882::subnet:0717-9ff5c8a6-cd9b-49b1-92b6-0dd7e3f6ef94",
            "id": "0717-9ff5c8a6-cd9b-49b1-92b6-0dd7e3f6ef94",
            "ip_version": "ipv4",
            "ipv4_cidr_block": "10.240.2.0/24",
            "name": "public-subnet-mohsen",
            "network_acl": "r006-ec8a4290-2a89-4868-9a2d-993034a8ad77",
            "public_gateway": "r006-fce45fda-f091-4402-992c-cceeb3ec83b8",
            "resource_controller_url": "https://cloud.ibm.com/vpc-ext/network/subnets",
            "resource_crn": "crn:v1:bluemix:public:is:us-south-1:a/65c005b968304c79af0072316cd66882::subnet:0717-9ff5c8a6-cd9b-49b1-92b6-0dd7e3f6ef94",
            "resource_group": "f85c67de9d944c59afb9709a10a7a25b",
            "resource_group_name": "Default",
            "resource_name": "public-subnet-mohsen",
            "resource_status": "available",
            "routing_table": "r006-f4119f2c-f4ca-401f-bd54-14621b7efbb7",
            "routing_table_crn": "crn:v1:bluemix:public:is:us-south:a/65c005b968304c79af0072316cd66882::vpc-routing-table:r006-8af72644-7fcd-4d73-b07b-8323bd4b626d/r006-f4119f2c-f4ca-401f-bd54-14621b7efbb7",
            "status": "available",
            "tags": [
              "name:subnet_public-subnet-mohsen"
            ],
            "timeouts": null,
            "total_ipv4_address_count": 256,
            "vpc": "r006-8af72644-7fcd-4d73-b07b-8323bd4b626d",
            "zone": "us-south-1"
          },
          "sensitive_attributes": [],
          "private": "eyJlMmJmYjczMC1lY2FhLTExZTYtOGY4OC0zNDM2M2JjN2M0YzAiOnsiY3JlYXRlIjo2MDAwMDAwMDAwMDAsImRlbGV0ZSI6NjAwMDAwMDAwMDAwLCJ1cGRhdGUiOjYwMDAwMDAwMDAwMH19",
          "dependencies": [
            "module.network.ibm_is_public_gateway.gateway",
            "module.network.ibm_is_vpc.vpc",
            "module.network.ibm_is_vpc_routing_table.khaled",
            "module.network.ibm_resource_group.resource_group"
          ]
        }
      ]
    },
    {
      "module": "module.network",
      "mode": "managed",
      "type": "ibm_is_vpc",
      "name": "vpc",
      "provider": "module.network.provider[\"registry.terraform.io/ibm-cloud/ibm\"]",
      "instances": [
        {
          "index_key": "vpc-khaled",
          "schema_version": 0,
          "attributes": {
            "access_tags": [],
            "address_prefix_management": "auto",
            "classic_access": false,
            "crn": "crn:v1:bluemix:public:is:us-south:a/65c005b968304c79af0072316cd66882::vpc:r006-8af72644-7fcd-4d73-b07b-8323bd4b626d",
            "cse_source_addresses": [
              {
                "address": "10.22.213.146",
                "zone_name": "us-south-1"
              },
              {
                "address": "10.12.157.51",
                "zone_name": "us-south-2"
              },
              {
                "address": "10.16.250.173",
                "zone_name": "us-south-3"
              }
            ],
            "default_network_acl": "r006-ec8a4290-2a89-4868-9a2d-993034a8ad77",
            "default_network_acl_crn": "crn:v1:bluemix:public:is:us-south:a/65c005b968304c79af0072316cd66882::network-acl:r006-ec8a4290-2a89-4868-9a2d-993034a8ad77",
            "default_network_acl_name": "imaginary-trustee-scrawny-faculty",
            "default_routing_table": "r006-3fe527cb-2b07-4bea-85fe-541d65b293a1",
            "default_routing_table_crn": "crn:v1:bluemix:public:is:us-south:a/65c005b968304c79af0072316cd66882::vpc-routing-table:r006-8af72644-7fcd-4d73-b07b-8323bd4b626d/r006-3fe527cb-2b07-4bea-85fe-541d65b293a1",
            "default_routing_table_name": "mourning-antsy-slicing-smithy",
            "default_security_group": "r006-96e851e6-96c6-4efc-83a4-47a2993cc090",
            "default_security_group_crn": "crn:v1:bluemix:public:is:us-south:a/65c005b968304c79af0072316cd66882::security-group:r006-96e851e6-96c6-4efc-83a4-47a2993cc090",
            "default_security_group_name": "banal-delta-stream-generous",
            "dns": [
              {
                "enable_hub": false,
                "resolution_binding_count": 0,
                "resolver": [
                  {
                    "configuration": "default",
                    "dns_binding_id": "",
                    "dns_binding_name": "",
                    "manual_servers": [],
                    "servers": [
                      {
                        "address": "161.26.0.10",
                        "zone_affinity": ""
                      },
                      {
                        "address": "161.26.0.11",
                        "zone_affinity": ""
                      }
                    ],
                    "type": "system",
                    "vpc_crn": "",
                    "vpc_id": "",
                    "vpc_name": "",
                    "vpc_remote_account_id": "",
                    "vpc_remote_region": ""
                  }
                ]
              }
            ],
            "health_reasons": [],
            "health_state": "ok",
            "id": "r006-8af72644-7fcd-4d73-b07b-8323bd4b626d",
            "name": "vpc-khaled",
            "no_sg_acl_rules": false,
            "resource_controller_url": "https://cloud.ibm.com/vpc-ext/network/vpcs",
            "resource_crn": "crn:v1:bluemix:public:is:us-south:a/65c005b968304c79af0072316cd66882::vpc:r006-8af72644-7fcd-4d73-b07b-8323bd4b626d",
            "resource_group": "c1b26be79bf24bad9a79a237e20d453d",
            "resource_group_name": "khaled",
            "resource_name": "vpc-khaled",
            "resource_status": "available",
            "security_group": [
              {
                "group_id": "r006-06395d58-824c-42be-9473-b51af4e99a43",
                "group_name": "mohsen",
                "rules": [
                  {
                    "code": 0,
                    "direction": "outbound",
                    "ip_version": "ipv4",
                    "port_max": 0,
                    "port_min": 0,
                    "protocol": "icmp",
                    "remote": "0.0.0.0/0",
                    "rule_id": "r006-8c43d891-e7e8-43e3-972f-2adfc8c74888",
                    "type": 0
                  },
                  {
                    "code": 0,
                    "direction": "inbound",
                    "ip_version": "ipv4",
                    "port_max": 0,
                    "port_min": 0,
                    "protocol": "icmp",
                    "remote": "0.0.0.0/0",
                    "rule_id": "r006-78ed1fd0-9e61-4ab1-9f89-2fe9566918a1",
                    "type": 0
                  },
                  {
                    "code": 0,
                    "direction": "inbound",
                    "ip_version": "ipv4",
                    "port_max": 53,
                    "port_min": 53,
                    "protocol": "tcp",
                    "remote": "0.0.0.0/0",
                    "rule_id": "r006-7ebec2d2-1fc1-476f-9716-c2cc284b5203",
                    "type": 0
                  },
                  {
                    "code": 0,
                    "direction": "outbound",
                    "ip_version": "ipv4",
                    "port_max": 53,
                    "port_min": 53,
                    "protocol": "tcp",
                    "remote": "0.0.0.0/0",
                    "rule_id": "r006-108ab101-578a-4a54-a904-781f1ac53fec",
                    "type": 0
                  },
                  {
                    "code": 0,
                    "direction": "inbound",
                    "ip_version": "ipv4",
                    "port_max": 53,
                    "port_min": 53,
                    "protocol": "tcp",
                    "remote": "0.0.0.0/0",
                    "rule_id": "r006-00e6d960-6dc5-439d-ba70-83f7c586d232",
                    "type": 0
                  },
                  {
                    "code": 0,
                    "direction": "inbound",
                    "ip_version": "ipv4",
                    "port_max": 22,
                    "port_min": 22,
                    "protocol": "tcp",
                    "remote": "0.0.0.0/0",
                    "rule_id": "r006-12c4710e-bca9-4ae3-8c27-55ba98b03f11",
                    "type": 0
                  },
                  {
                    "code": 0,
                    "direction": "outbound",
                    "ip_version": "ipv4",
                    "port_max": 10251,
                    "port_min": 10251,
                    "protocol": "tcp",
                    "remote": "0.0.0.0/0",
                    "rule_id": "r006-f1949db6-6098-46da-9088-44e0a5ce2ce7",
                    "type": 0
                  },
                  {
                    "code": 0,
                    "direction": "inbound",
                    "ip_version": "ipv4",
                    "port_max": 443,
                    "port_min": 443,
                    "protocol": "tcp",
                    "remote": "0.0.0.0/0",
                    "rule_id": "r006-bbb72e76-b8db-45e8-b504-901a1d06bca4",
                    "type": 0
                  },
                  {
                    "code": 0,
                    "direction": "inbound",
                    "ip_version": "ipv4",
                    "port_max": 2380,
                    "port_min": 2379,
                    "protocol": "tcp",
                    "remote": "0.0.0.0/0",
                    "rule_id": "r006-b16ca21d-7a39-413d-ba71-e531c5363000",
                    "type": 0
                  },
                  {
                    "code": 0,
                    "direction": "inbound",
                    "ip_version": "ipv4",
                    "port_max": 10250,
                    "port_min": 10250,
                    "protocol": "tcp",
                    "remote": "0.0.0.0/0",
                    "rule_id": "r006-b5719337-dbcf-45f7-96e7-9bd545de13e9",
                    "type": 0
                  },
                  {
                    "code": 0,
                    "direction": "inbound",
                    "ip_version": "ipv4",
                    "port_max": 80,
                    "port_min": 80,
                    "protocol": "tcp",
                    "remote": "0.0.0.0/0",
                    "rule_id": "r006-bdae7ae2-aa76-4b20-877e-652011db4f64",
                    "type": 0
                  },
                  {
                    "code": 0,
                    "direction": "inbound",
                    "ip_version": "ipv4",
                    "port_max": 10251,
                    "port_min": 10251,
                    "protocol": "tcp",
                    "remote": "0.0.0.0/0",
                    "rule_id": "r006-7b76ebd6-2e80-482e-8171-9e55ade2fead",
                    "type": 0
                  },
                  {
                    "code": 0,
                    "direction": "outbound",
                    "ip_version": "ipv4",
                    "port_max": 10252,
                    "port_min": 10252,
                    "protocol": "tcp",
                    "remote": "0.0.0.0/0",
                    "rule_id": "r006-3b16c373-1e6f-42b7-abba-1fd1ec1554bc",
                    "type": 0
                  },
                  {
                    "code": 0,
                    "direction": "outbound",
                    "ip_version": "ipv4",
                    "port_max": 53,
                    "port_min": 53,
                    "protocol": "tcp",
                    "remote": "0.0.0.0/0",
                    "rule_id": "r006-b0cdbe68-6c51-4c1c-a603-fd0c3fb92ca3",
                    "type": 0
                  },
                  {
                    "code": 0,
                    "direction": "outbound",
                    "ip_version": "ipv4",
                    "port_max": 22,
                    "port_min": 22,
                    "protocol": "tcp",
                    "remote": "0.0.0.0/0",
                    "rule_id": "r006-e02ebe93-1ce1-4ef7-bae7-cc2a3f5775df",
                    "type": 0
                  },
                  {
                    "code": 0,
                    "direction": "inbound",
                    "ip_version": "ipv4",
                    "port_max": 10252,
                    "port_min": 10252,
                    "protocol": "tcp",
                    "remote": "0.0.0.0/0",
                    "rule_id": "r006-db1bc378-bf1a-4e55-baca-f73b2f48e415",
                    "type": 0
                  }
                ]
              },
              {
                "group_id": "r006-0d3bbc33-cfff-4c91-8284-b6ad6656b8ae",
                "group_name": "node",
                "rules": [
                  {
                    "code": 0,
                    "direction": "inbound",
                    "ip_version": "ipv4",
                    "port_max": 0,
                    "port_min": 0,
                    "protocol": "icmp",
                    "remote": "0.0.0.0/0",
                    "rule_id": "r006-1dc0f5ed-6b84-482d-a0ae-0c2440555865",
                    "type": 0
                  },
                  {
                    "code": 0,
                    "direction": "outbound",
                    "ip_version": "ipv4",
                    "port_max": 0,
                    "port_min": 0,
                    "protocol": "icmp",
                    "remote": "0.0.0.0/0",
                    "rule_id": "r006-d272c0e5-2dc5-46c3-bca9-36b33e6e4f71",
                    "type": 0
                  },
                  {
                    "code": 0,
                    "direction": "inbound",
                    "ip_version": "ipv4",
                    "port_max": 80,
                    "port_min": 80,
                    "protocol": "tcp",
                    "remote": "0.0.0.0/0",
                    "rule_id": "r006-61100c9d-9e32-44f6-93bf-d3bf46620cc0",
                    "type": 0
                  },
                  {
                    "code": 0,
                    "direction": "inbound",
                    "ip_version": "ipv4",
                    "port_max": 22,
                    "port_min": 22,
                    "protocol": "tcp",
                    "remote": "0.0.0.0/0",
                    "rule_id": "r006-3ae2808a-45e1-45cc-88c9-d617b4121e00",
                    "type": 0
                  },
                  {
                    "code": 0,
                    "direction": "inbound",
                    "ip_version": "ipv4",
                    "port_max": 443,
                    "port_min": 443,
                    "protocol": "tcp",
                    "remote": "0.0.0.0/0",
                    "rule_id": "r006-8e90e68e-81bd-43c3-a8ca-5cf2984d0165",
                    "type": 0
                  },
                  {
                    "code": 0,
                    "direction": "inbound",
                    "ip_version": "ipv4",
                    "port_max": 53,
                    "port_min": 53,
                    "protocol": "tcp",
                    "remote": "0.0.0.0/0",
                    "rule_id": "r006-9eda8f12-bf25-405e-8e2d-f76696b33e48",
                    "type": 0
                  },
                  {
                    "code": 0,
                    "direction": "outbound",
                    "ip_version": "ipv4",
                    "port_max": 53,
                    "port_min": 53,
                    "protocol": "tcp",
                    "remote": "0.0.0.0/0",
                    "rule_id": "r006-099f5ee9-bd0f-405b-b441-08366e731e9e",
                    "type": 0
                  },
                  {
                    "code": 0,
                    "direction": "inbound",
                    "ip_version": "ipv4",
                    "port_max": 6443,
                    "port_min": 6443,
                    "protocol": "tcp",
                    "remote": "0.0.0.0/0",
                    "rule_id": "r006-b1ee1afc-4e0d-494f-82d8-eda839609118",
                    "type": 0
                  },
                  {
                    "code": 0,
                    "direction": "outbound",
                    "ip_version": "ipv4",
                    "port_max": 6443,
                    "port_min": 6443,
                    "protocol": "tcp",
                    "remote": "0.0.0.0/0",
                    "rule_id": "r006-e1a21e35-9a5d-46d5-a3e1-9e85a94227a3",
                    "type": 0
                  },
                  {
                    "code": 0,
                    "direction": "inbound",
                    "ip_version": "ipv4",
                    "port_max": 10250,
                    "port_min": 10250,
                    "protocol": "tcp",
                    "remote": "0.0.0.0/0",
                    "rule_id": "r006-5cc770da-ead9-4dbc-9899-90d7757b4dda",
                    "type": 0
                  },
                  {
                    "code": 0,
                    "direction": "inbound",
                    "ip_version": "ipv4",
                    "port_max": 10251,
                    "port_min": 10251,
                    "protocol": "tcp",
                    "remote": "0.0.0.0/0",
                    "rule_id": "r006-07dfbcfb-e4db-473c-8962-61f6cf06cfcd",
                    "type": 0
                  },
                  {
                    "code": 0,
                    "direction": "outbound",
                    "ip_version": "ipv4",
                    "port_max": 53,
                    "port_min": 53,
                    "protocol": "tcp",
                    "remote": "0.0.0.0/0",
                    "rule_id": "r006-23833353-9695-4abd-aea9-771bb8222a1b",
                    "type": 0
                  },
                  {
                    "code": 0,
                    "direction": "outbound",
                    "ip_version": "ipv4",
                    "port_max": 10252,
                    "port_min": 10252,
                    "protocol": "tcp",
                    "remote": "0.0.0.0/0",
                    "rule_id": "r006-478d62b4-7ff1-407e-adab-ebcfaec1030c",
                    "type": 0
                  },
                  {
                    "code": 0,
                    "direction": "outbound",
                    "ip_version": "ipv4",
                    "port_max": 10251,
                    "port_min": 10251,
                    "protocol": "tcp",
                    "remote": "0.0.0.0/0",
                    "rule_id": "r006-419542ea-c43e-4963-8f3e-00c99bb96f9b",
                    "type": 0
                  },
                  {
                    "code": 0,
                    "direction": "inbound",
                    "ip_version": "ipv4",
                    "port_max": 2380,
                    "port_min": 2379,
                    "protocol": "tcp",
                    "remote": "0.0.0.0/0",
                    "rule_id": "r006-dbcafd78-1c12-44af-8bc3-343548235ee4",
                    "type": 0
                  },
                  {
                    "code": 0,
                    "direction": "inbound",
                    "ip_version": "ipv4",
                    "port_max": 10252,
                    "port_min": 10252,
                    "protocol": "tcp",
                    "remote": "0.0.0.0/0",
                    "rule_id": "r006-85084f1a-9617-42b9-8673-421c4f9258f1",
                    "type": 0
                  },
                  {
                    "code": 0,
                    "direction": "inbound",
                    "ip_version": "ipv4",
                    "port_max": 443,
                    "port_min": 443,
                    "protocol": "tcp",
                    "remote": "0.0.0.0/0",
                    "rule_id": "r006-4d688c14-6a49-4b28-99bf-59a27649a0ac",
                    "type": 0
                  },
                  {
                    "code": 0,
                    "direction": "outbound",
                    "ip_version": "ipv4",
                    "port_max": 22,
                    "port_min": 22,
                    "protocol": "tcp",
                    "remote": "0.0.0.0/0",
                    "rule_id": "r006-957c6333-4396-4b5c-b01c-db121c9e7ca6",
                    "type": 0
                  },
                  {
                    "code": 0,
                    "direction": "inbound",
                    "ip_version": "ipv4",
                    "port_max": 53,
                    "port_min": 53,
                    "protocol": "tcp",
                    "remote": "0.0.0.0/0",
                    "rule_id": "r006-04040ef8-526e-4535-a839-96be4d97dfc2",
                    "type": 0
                  },
                  {
                    "code": 0,
                    "direction": "inbound",
                    "ip_version": "ipv4",
                    "port_max": 80,
                    "port_min": 80,
                    "protocol": "tcp",
                    "remote": "0.0.0.0/0",
                    "rule_id": "r006-3c11b3d0-bff1-4562-9dad-66cd9a5d7a81",
                    "type": 0
                  },
                  {
                    "code": 0,
                    "direction": "inbound",
                    "ip_version": "ipv4",
                    "port_max": 22,
                    "port_min": 22,
                    "protocol": "tcp",
                    "remote": "0.0.0.0/0",
                    "rule_id": "r006-7f47e1e8-50ce-4c92-8130-ece47f082c2f",
                    "type": 0
                  }
                ]
              },
              {
                "group_id": "r006-8accab01-e0c1-4661-8df2-fdc9d4ecb4e9",
                "group_name": "master",
                "rules": [
                  {
                    "code": 0,
                    "direction": "inbound",
                    "ip_version": "ipv4",
                    "port_max": 0,
                    "port_min": 0,
                    "protocol": "icmp",
                    "remote": "0.0.0.0/0",
                    "rule_id": "r006-575d11ae-638f-48a4-aefa-00e64c5b186f",
                    "type": 0
                  },
                  {
                    "code": 0,
                    "direction": "outbound",
                    "ip_version": "ipv4",
                    "port_max": 0,
                    "port_min": 0,
                    "protocol": "icmp",
                    "remote": "0.0.0.0/0",
                    "rule_id": "r006-17ae7cea-4310-4128-9776-402d6ee2dc26",
                    "type": 0
                  },
                  {
                    "code": 0,
                    "direction": "inbound",
                    "ip_version": "ipv4",
                    "port_max": 443,
                    "port_min": 80,
                    "protocol": "tcp",
                    "remote": "0.0.0.0/0",
                    "rule_id": "r006-fb6d49ee-67a0-4b3d-964b-0af7733663b8",
                    "type": 0
                  },
                  {
                    "code": 0,
                    "direction": "inbound",
                    "ip_version": "ipv4",
                    "port_max": 22,
                    "port_min": 22,
                    "protocol": "tcp",
                    "remote": "0.0.0.0/0",
                    "rule_id": "r006-8c6fc2b0-2233-4def-ba5b-ae2a5b122562",
                    "type": 0
                  },
                  {
                    "code": 0,
                    "direction": "inbound",
                    "ip_version": "ipv4",
                    "port_max": 53,
                    "port_min": 53,
                    "protocol": "tcp",
                    "remote": "0.0.0.0/0",
                    "rule_id": "r006-5689f41f-2b91-4da1-ba56-e8b3aa63528a",
                    "type": 0
                  },
                  {
                    "code": 0,
                    "direction": "outbound",
                    "ip_version": "ipv4",
                    "port_max": 53,
                    "port_min": 53,
                    "protocol": "tcp",
                    "remote": "0.0.0.0/0",
                    "rule_id": "r006-0e61135e-dfdb-4bac-905f-a94be2eac2c6",
                    "type": 0
                  },
                  {
                    "code": 0,
                    "direction": "inbound",
                    "ip_version": "ipv4",
                    "port_max": 6443,
                    "port_min": 6443,
                    "protocol": "tcp",
                    "remote": "0.0.0.0/0",
                    "rule_id": "r006-7032a8db-66fb-40f7-9d2d-555dd6096ba4",
                    "type": 0
                  },
                  {
                    "code": 0,
                    "direction": "outbound",
                    "ip_version": "ipv4",
                    "port_max": 6443,
                    "port_min": 6443,
                    "protocol": "tcp",
                    "remote": "0.0.0.0/0",
                    "rule_id": "r006-379e53eb-287b-41e4-97bb-3d96d11b3e19",
                    "type": 0
                  },
                  {
                    "code": 0,
                    "direction": "outbound",
                    "ip_version": "ipv4",
                    "port_max": 22,
                    "port_min": 22,
                    "protocol": "tcp",
                    "remote": "0.0.0.0/0",
                    "rule_id": "r006-5a4a0ca8-338b-4182-a783-0ce681f58fe2",
                    "type": 0
                  },
                  {
                    "code": 0,
                    "direction": "outbound",
                    "ip_version": "ipv4",
                    "port_max": 10252,
                    "port_min": 10252,
                    "protocol": "tcp",
                    "remote": "0.0.0.0/0",
                    "rule_id": "r006-eedc1483-03ee-4dc2-898e-533d7a6f116d",
                    "type": 0
                  },
                  {
                    "code": 0,
                    "direction": "inbound",
                    "ip_version": "ipv4",
                    "port_max": 22,
                    "port_min": 22,
                    "protocol": "tcp",
                    "remote": "0.0.0.0/0",
                    "rule_id": "r006-e9ebfc8b-79bb-4073-8369-8c2a646543f0",
                    "type": 0
                  },
                  {
                    "code": 0,
                    "direction": "inbound",
                    "ip_version": "ipv4",
                    "port_max": 2380,
                    "port_min": 2379,
                    "protocol": "tcp",
                    "remote": "0.0.0.0/0",
                    "rule_id": "r006-ea01221c-a0d2-4a91-bb12-54bc56c8d97d",
                    "type": 0
                  },
                  {
                    "code": 0,
                    "direction": "inbound",
                    "ip_version": "ipv4",
                    "port_max": 10250,
                    "port_min": 10250,
                    "protocol": "tcp",
                    "remote": "0.0.0.0/0",
                    "rule_id": "r006-90b6c0b3-8a6d-48a2-a75c-58ab6b5fbced",
                    "type": 0
                  },
                  {
                    "code": 0,
                    "direction": "outbound",
                    "ip_version": "ipv4",
                    "port_max": 53,
                    "port_min": 53,
                    "protocol": "tcp",
                    "remote": "0.0.0.0/0",
                    "rule_id": "r006-5e0721f7-9af4-490d-a2be-14068324707a",
                    "type": 0
                  },
                  {
                    "code": 0,
                    "direction": "inbound",
                    "ip_version": "ipv4",
                    "port_max": 443,
                    "port_min": 443,
                    "protocol": "tcp",
                    "remote": "0.0.0.0/0",
                    "rule_id": "r006-05d8a1f9-f9e8-46e6-aad0-bf270f3d999c",
                    "type": 0
                  },
                  {
                    "code": 0,
                    "direction": "outbound",
                    "ip_version": "ipv4",
                    "port_max": 10251,
                    "port_min": 10251,
                    "protocol": "tcp",
                    "remote": "0.0.0.0/0",
                    "rule_id": "r006-1f242dd4-677d-4312-99a5-50a3dfdd42e5",
                    "type": 0
                  },
                  {
                    "code": 0,
                    "direction": "inbound",
                    "ip_version": "ipv4",
                    "port_max": 10251,
                    "port_min": 10251,
                    "protocol": "tcp",
                    "remote": "0.0.0.0/0",
                    "rule_id": "r006-20f63872-a9df-44fe-a425-fad62401f3b2",
                    "type": 0
                  },
                  {
                    "code": 0,
                    "direction": "inbound",
                    "ip_version": "ipv4",
                    "port_max": 80,
                    "port_min": 80,
                    "protocol": "tcp",
                    "remote": "0.0.0.0/0",
                    "rule_id": "r006-1557c3a1-305e-47bf-aae8-45b95f0ea988",
                    "type": 0
                  },
                  {
                    "code": 0,
                    "direction": "inbound",
                    "ip_version": "ipv4",
                    "port_max": 53,
                    "port_min": 53,
                    "protocol": "tcp",
                    "remote": "0.0.0.0/0",
                    "rule_id": "r006-883c4ccf-fa66-4791-8698-5b942856fd73",
                    "type": 0
                  },
                  {
                    "code": 0,
                    "direction": "inbound",
                    "ip_version": "ipv4",
                    "port_max": 10252,
                    "port_min": 10252,
                    "protocol": "tcp",
                    "remote": "0.0.0.0/0",
                    "rule_id": "r006-0eefa4d0-feb2-41d1-b29c-3a55fcb3bf3f",
                    "type": 0
                  }
                ]
              },
              {
                "group_id": "r006-96e851e6-96c6-4efc-83a4-47a2993cc090",
                "group_name": "banal-delta-stream-generous",
                "rules": [
                  {
                    "code": 0,
                    "direction": "outbound",
                    "ip_version": "ipv4",
                    "port_max": 0,
                    "port_min": 0,
                    "protocol": "all",
                    "remote": "0.0.0.0/0",
                    "rule_id": "r006-a73902e3-9b50-41ca-8ceb-2ab32e722948",
                    "type": 0
                  },
                  {
                    "code": 0,
                    "direction": "inbound",
                    "ip_version": "ipv4",
                    "port_max": 0,
                    "port_min": 0,
                    "protocol": "all",
                    "remote": "r006-96e851e6-96c6-4efc-83a4-47a2993cc090",
                    "rule_id": "r006-0d70d921-7fa0-4647-a22f-482a8268389b",
                    "type": 0
                  }
                ]
              }
            ],
            "status": "available",
            "subnets": [
              {
                "available_ipv4_address_count": 249,
                "id": "0717-07f4d45f-e5d8-49f5-88cf-80394edea3e6",
                "name": "private-subnet-kube",
                "status": "available",
                "total_ipv4_address_count": 256,
                "zone": "us-south-1"
              },
              {
                "available_ipv4_address_count": 250,
                "id": "0717-0877df04-737e-42bd-8e26-2b70f86c7988",
                "name": "public-subnet-kube",
                "status": "available",
                "total_ipv4_address_count": 256,
                "zone": "us-south-1"
              },
              {
                "available_ipv4_address_count": 250,
                "id": "0717-9ff5c8a6-cd9b-49b1-92b6-0dd7e3f6ef94",
                "name": "public-subnet-mohsen",
                "status": "available",
                "total_ipv4_address_count": 256,
                "zone": "us-south-1"
              }
            ],
            "tags": [
              "name:vpc-khaled"
            ],
            "timeouts": null
          },
          "sensitive_attributes": [],
          "private": "eyJlMmJmYjczMC1lY2FhLTExZTYtOGY4OC0zNDM2M2JjN2M0YzAiOnsiY3JlYXRlIjo2MDAwMDAwMDAwMDAsImRlbGV0ZSI6NjAwMDAwMDAwMDAwfX0=",
          "dependencies": [
            "module.network.ibm_resource_group.resource_group"
          ]
        }
      ]
    },
    {
      "module": "module.network",
      "mode": "managed",
      "type": "ibm_is_vpc_routing_table",
      "name": "khaled",
      "provider": "module.network.provider[\"registry.terraform.io/ibm-cloud/ibm\"]",
      "instances": [
        {
          "schema_version": 0,
          "attributes": {
            "accept_routes_from_resource_type": [],
            "access_tags": [],
            "advertise_routes_to": [],
            "created_at": "2024-12-06T13:13:18.000Z",
            "crn": "crn:v1:bluemix:public:is:us-south:a/65c005b968304c79af0072316cd66882::vpc-routing-table:r006-8af72644-7fcd-4d73-b07b-8323bd4b626d/r006-f4119f2c-f4ca-401f-bd54-14621b7efbb7",
            "href": "https://us-south.iaas.cloud.ibm.com/v1/vpcs/r006-8af72644-7fcd-4d73-b07b-8323bd4b626d/routing_tables/r006-f4119f2c-f4ca-401f-bd54-14621b7efbb7",
            "id": "r006-8af72644-7fcd-4d73-b07b-8323bd4b626d/r006-f4119f2c-f4ca-401f-bd54-14621b7efbb7",
            "is_default": false,
            "lifecycle_state": "stable",
            "name": "khaled-routing-table",
            "resource_group": [
              {
                "href": "https://resource-controller.cloud.ibm.com/v2/resource_groups/c1b26be79bf24bad9a79a237e20d453d",
                "id": "c1b26be79bf24bad9a79a237e20d453d",
                "name": "khaled"
              }
            ],
            "resource_type": "routing_table",
            "route_direct_link_ingress": false,
            "route_internet_ingress": false,
            "route_transit_gateway_ingress": false,
            "route_vpc_zone_ingress": false,
            "routing_table": "r006-f4119f2c-f4ca-401f-bd54-14621b7efbb7",
            "subnets": [
              {
                "id": "0717-07f4d45f-e5d8-49f5-88cf-80394edea3e6",
                "name": "private-subnet-kube"
              },
              {
                "id": "0717-0877df04-737e-42bd-8e26-2b70f86c7988",
                "name": "public-subnet-kube"
              },
              {
                "id": "0717-9ff5c8a6-cd9b-49b1-92b6-0dd7e3f6ef94",
                "name": "public-subnet-mohsen"
              }
            ],
            "tags": [],
            "timeouts": null,
            "vpc": "r006-8af72644-7fcd-4d73-b07b-8323bd4b626d"
          },
          "sensitive_attributes": [],
          "private": "eyJlMmJmYjczMC1lY2FhLTExZTYtOGY4OC0zNDM2M2JjN2M0YzAiOnsiY3JlYXRlIjo2MDAwMDAwMDAwMDAsImRlbGV0ZSI6NjAwMDAwMDAwMDAwLCJ1cGRhdGUiOjYwMDAwMDAwMDAwMH19",
          "dependencies": [
            "module.network.ibm_is_vpc.vpc",
            "module.network.ibm_resource_group.resource_group"
          ]
        }
      ]
    },
    {
      "module": "module.network",
      "mode": "managed",
      "type": "ibm_resource_group",
      "name": "resource_group",
      "provider": "module.network.provider[\"registry.terraform.io/ibm-cloud/ibm\"]",
      "instances": [
        {
          "schema_version": 0,
          "attributes": {
            "created_at": "2024-12-06T13:12:28.616Z",
            "crn": "crn:v1:bluemix:public:resource-controller::a/65c005b968304c79af0072316cd66882::resource-group:c1b26be79bf24bad9a79a237e20d453d",
            "default": false,
            "id": "c1b26be79bf24bad9a79a237e20d453d",
            "name": "khaled",
            "payment_methods_url": null,
            "quota_id": "a3d7b8d01e261c24677937c29ab33f3c",
            "quota_url": "/v2/quota_definitions/a3d7b8d01e261c24677937c29ab33f3c",
            "resource_linkages": [],
            "state": "ACTIVE",
            "tags": null,
            "teams_url": null,
            "timeouts": null,
            "updated_at": "2024-12-06T13:12:28.616Z"
          },
          "sensitive_attributes": [],
          "private": "eyJlMmJmYjczMC1lY2FhLTExZTYtOGY4OC0zNDM2M2JjN2M0YzAiOnsiZGVsZXRlIjoxMjAwMDAwMDAwMDAwfX0="
        }
      ]
    },
    {
      "module": "module.security",
      "mode": "managed",
      "type": "ibm_is_security_group",
      "name": "SG",
      "provider": "module.security.provider[\"registry.terraform.io/ibm-cloud/ibm\"]",
      "instances": [
        {
          "index_key": "master",
          "schema_version": 0,
          "attributes": {
            "access_tags": [],
            "crn": "crn:v1:bluemix:public:is:us-south:a/65c005b968304c79af0072316cd66882::security-group:r006-8accab01-e0c1-4661-8df2-fdc9d4ecb4e9",
            "id": "r006-8accab01-e0c1-4661-8df2-fdc9d4ecb4e9",
            "name": "master",
            "resource_controller_url": "https://cloud.ibm.com/vpc-ext/network/securityGroups",
            "resource_crn": "crn:v1:bluemix:public:is:us-south:a/65c005b968304c79af0072316cd66882::security-group:r006-8accab01-e0c1-4661-8df2-fdc9d4ecb4e9",
            "resource_group": "f85c67de9d944c59afb9709a10a7a25b",
            "resource_group_name": "Default",
            "resource_name": "master",
            "rules": [
              {
                "code": 0,
                "direction": "inbound",
                "ip_version": "ipv4",
                "local": "0.0.0.0/0",
                "port_max": 0,
                "port_min": 0,
                "protocol": "icmp",
                "remote": "0.0.0.0/0",
                "type": 0
              },
              {
                "code": 0,
                "direction": "outbound",
                "ip_version": "ipv4",
                "local": "0.0.0.0/0",
                "port_max": 0,
                "port_min": 0,
                "protocol": "icmp",
                "remote": "0.0.0.0/0",
                "type": 0
              },
              {
                "code": 0,
                "direction": "inbound",
                "ip_version": "ipv4",
                "local": "0.0.0.0/0",
                "port_max": 443,
                "port_min": 80,
                "protocol": "tcp",
                "remote": "0.0.0.0/0",
                "type": 0
              },
              {
                "code": 0,
                "direction": "inbound",
                "ip_version": "ipv4",
                "local": "0.0.0.0/0",
                "port_max": 22,
                "port_min": 22,
                "protocol": "tcp",
                "remote": "0.0.0.0/0",
                "type": 0
              },
              {
                "code": 0,
                "direction": "inbound",
                "ip_version": "ipv4",
                "local": "0.0.0.0/0",
                "port_max": 53,
                "port_min": 53,
                "protocol": "tcp",
                "remote": "0.0.0.0/0",
                "type": 0
              },
              {
                "code": 0,
                "direction": "outbound",
                "ip_version": "ipv4",
                "local": "0.0.0.0/0",
                "port_max": 53,
                "port_min": 53,
                "protocol": "tcp",
                "remote": "0.0.0.0/0",
                "type": 0
              },
              {
                "code": 0,
                "direction": "inbound",
                "ip_version": "ipv4",
                "local": "0.0.0.0/0",
                "port_max": 6443,
                "port_min": 6443,
                "protocol": "tcp",
                "remote": "0.0.0.0/0",
                "type": 0
              },
              {
                "code": 0,
                "direction": "outbound",
                "ip_version": "ipv4",
                "local": "0.0.0.0/0",
                "port_max": 6443,
                "port_min": 6443,
                "protocol": "tcp",
                "remote": "0.0.0.0/0",
                "type": 0
              },
              {
                "code": 0,
                "direction": "outbound",
                "ip_version": "ipv4",
                "local": "0.0.0.0/0",
                "port_max": 22,
                "port_min": 22,
                "protocol": "tcp",
                "remote": "0.0.0.0/0",
                "type": 0
              },
              {
                "code": 0,
                "direction": "outbound",
                "ip_version": "ipv4",
                "local": "0.0.0.0/0",
                "port_max": 10252,
                "port_min": 10252,
                "protocol": "tcp",
                "remote": "0.0.0.0/0",
                "type": 0
              },
              {
                "code": 0,
                "direction": "inbound",
                "ip_version": "ipv4",
                "local": "0.0.0.0/0",
                "port_max": 22,
                "port_min": 22,
                "protocol": "tcp",
                "remote": "0.0.0.0/0",
                "type": 0
              },
              {
                "code": 0,
                "direction": "inbound",
                "ip_version": "ipv4",
                "local": "0.0.0.0/0",
                "port_max": 2380,
                "port_min": 2379,
                "protocol": "tcp",
                "remote": "0.0.0.0/0",
                "type": 0
              },
              {
                "code": 0,
                "direction": "inbound",
                "ip_version": "ipv4",
                "local": "0.0.0.0/0",
                "port_max": 10250,
                "port_min": 10250,
                "protocol": "tcp",
                "remote": "0.0.0.0/0",
                "type": 0
              },
              {
                "code": 0,
                "direction": "outbound",
                "ip_version": "ipv4",
                "local": "0.0.0.0/0",
                "port_max": 53,
                "port_min": 53,
                "protocol": "tcp",
                "remote": "0.0.0.0/0",
                "type": 0
              },
              {
                "code": 0,
                "direction": "inbound",
                "ip_version": "ipv4",
                "local": "0.0.0.0/0",
                "port_max": 443,
                "port_min": 443,
                "protocol": "tcp",
                "remote": "0.0.0.0/0",
                "type": 0
              },
              {
                "code": 0,
                "direction": "outbound",
                "ip_version": "ipv4",
                "local": "0.0.0.0/0",
                "port_max": 10251,
                "port_min": 10251,
                "protocol": "tcp",
                "remote": "0.0.0.0/0",
                "type": 0
              },
              {
                "code": 0,
                "direction": "inbound",
                "ip_version": "ipv4",
                "local": "0.0.0.0/0",
                "port_max": 10251,
                "port_min": 10251,
                "protocol": "tcp",
                "remote": "0.0.0.0/0",
                "type": 0
              },
              {
                "code": 0,
                "direction": "inbound",
                "ip_version": "ipv4",
                "local": "0.0.0.0/0",
                "port_max": 80,
                "port_min": 80,
                "protocol": "tcp",
                "remote": "0.0.0.0/0",
                "type": 0
              },
              {
                "code": 0,
                "direction": "inbound",
                "ip_version": "ipv4",
                "local": "0.0.0.0/0",
                "port_max": 53,
                "port_min": 53,
                "protocol": "tcp",
                "remote": "0.0.0.0/0",
                "type": 0
              },
              {
                "code": 0,
                "direction": "inbound",
                "ip_version": "ipv4",
                "local": "0.0.0.0/0",
                "port_max": 10252,
                "port_min": 10252,
                "protocol": "tcp",
                "remote": "0.0.0.0/0",
                "type": 0
              }
            ],
            "tags": [
              "name:sg_master"
            ],
            "timeouts": null,
            "vpc": "r006-8af72644-7fcd-4d73-b07b-8323bd4b626d"
          },
          "sensitive_attributes": [],
          "private": "eyJlMmJmYjczMC1lY2FhLTExZTYtOGY4OC0zNDM2M2JjN2M0YzAiOnsiY3JlYXRlIjo2MDAwMDAwMDAwMDAsImRlbGV0ZSI6NjAwMDAwMDAwMDAwfX0=",
          "dependencies": [
            "module.network.ibm_is_vpc.vpc",
            "module.network.ibm_resource_group.resource_group"
          ]
        },
        {
          "index_key": "mohsen",
          "schema_version": 0,
          "attributes": {
            "access_tags": [],
            "crn": "crn:v1:bluemix:public:is:us-south:a/65c005b968304c79af0072316cd66882::security-group:r006-06395d58-824c-42be-9473-b51af4e99a43",
            "id": "r006-06395d58-824c-42be-9473-b51af4e99a43",
            "name": "mohsen",
            "resource_controller_url": "https://cloud.ibm.com/vpc-ext/network/securityGroups",
            "resource_crn": "crn:v1:bluemix:public:is:us-south:a/65c005b968304c79af0072316cd66882::security-group:r006-06395d58-824c-42be-9473-b51af4e99a43",
            "resource_group": "f85c67de9d944c59afb9709a10a7a25b",
            "resource_group_name": "Default",
            "resource_name": "mohsen",
            "rules": [
              {
                "code": 0,
                "direction": "outbound",
                "ip_version": "ipv4",
                "local": "0.0.0.0/0",
                "port_max": 0,
                "port_min": 0,
                "protocol": "icmp",
                "remote": "0.0.0.0/0",
                "type": 0
              },
              {
                "code": 0,
                "direction": "inbound",
                "ip_version": "ipv4",
                "local": "0.0.0.0/0",
                "port_max": 0,
                "port_min": 0,
                "protocol": "icmp",
                "remote": "0.0.0.0/0",
                "type": 0
              },
              {
                "code": 0,
                "direction": "inbound",
                "ip_version": "ipv4",
                "local": "0.0.0.0/0",
                "port_max": 53,
                "port_min": 53,
                "protocol": "tcp",
                "remote": "0.0.0.0/0",
                "type": 0
              },
              {
                "code": 0,
                "direction": "outbound",
                "ip_version": "ipv4",
                "local": "0.0.0.0/0",
                "port_max": 53,
                "port_min": 53,
                "protocol": "tcp",
                "remote": "0.0.0.0/0",
                "type": 0
              },
              {
                "code": 0,
                "direction": "inbound",
                "ip_version": "ipv4",
                "local": "0.0.0.0/0",
                "port_max": 53,
                "port_min": 53,
                "protocol": "tcp",
                "remote": "0.0.0.0/0",
                "type": 0
              },
              {
                "code": 0,
                "direction": "inbound",
                "ip_version": "ipv4",
                "local": "0.0.0.0/0",
                "port_max": 22,
                "port_min": 22,
                "protocol": "tcp",
                "remote": "0.0.0.0/0",
                "type": 0
              },
              {
                "code": 0,
                "direction": "outbound",
                "ip_version": "ipv4",
                "local": "0.0.0.0/0",
                "port_max": 10251,
                "port_min": 10251,
                "protocol": "tcp",
                "remote": "0.0.0.0/0",
                "type": 0
              },
              {
                "code": 0,
                "direction": "inbound",
                "ip_version": "ipv4",
                "local": "0.0.0.0/0",
                "port_max": 443,
                "port_min": 443,
                "protocol": "tcp",
                "remote": "0.0.0.0/0",
                "type": 0
              },
              {
                "code": 0,
                "direction": "inbound",
                "ip_version": "ipv4",
                "local": "0.0.0.0/0",
                "port_max": 2380,
                "port_min": 2379,
                "protocol": "tcp",
                "remote": "0.0.0.0/0",
                "type": 0
              },
              {
                "code": 0,
                "direction": "inbound",
                "ip_version": "ipv4",
                "local": "0.0.0.0/0",
                "port_max": 10250,
                "port_min": 10250,
                "protocol": "tcp",
                "remote": "0.0.0.0/0",
                "type": 0
              },
              {
                "code": 0,
                "direction": "inbound",
                "ip_version": "ipv4",
                "local": "0.0.0.0/0",
                "port_max": 80,
                "port_min": 80,
                "protocol": "tcp",
                "remote": "0.0.0.0/0",
                "type": 0
              },
              {
                "code": 0,
                "direction": "inbound",
                "ip_version": "ipv4",
                "local": "0.0.0.0/0",
                "port_max": 10251,
                "port_min": 10251,
                "protocol": "tcp",
                "remote": "0.0.0.0/0",
                "type": 0
              },
              {
                "code": 0,
                "direction": "outbound",
                "ip_version": "ipv4",
                "local": "0.0.0.0/0",
                "port_max": 10252,
                "port_min": 10252,
                "protocol": "tcp",
                "remote": "0.0.0.0/0",
                "type": 0
              },
              {
                "code": 0,
                "direction": "outbound",
                "ip_version": "ipv4",
                "local": "0.0.0.0/0",
                "port_max": 53,
                "port_min": 53,
                "protocol": "tcp",
                "remote": "0.0.0.0/0",
                "type": 0
              },
              {
                "code": 0,
                "direction": "outbound",
                "ip_version": "ipv4",
                "local": "0.0.0.0/0",
                "port_max": 22,
                "port_min": 22,
                "protocol": "tcp",
                "remote": "0.0.0.0/0",
                "type": 0
              },
              {
                "code": 0,
                "direction": "inbound",
                "ip_version": "ipv4",
                "local": "0.0.0.0/0",
                "port_max": 10252,
                "port_min": 10252,
                "protocol": "tcp",
                "remote": "0.0.0.0/0",
                "type": 0
              }
            ],
            "tags": [
              "name:sg_mohsen"
            ],
            "timeouts": null,
            "vpc": "r006-8af72644-7fcd-4d73-b07b-8323bd4b626d"
          },
          "sensitive_attributes": [],
          "private": "eyJlMmJmYjczMC1lY2FhLTExZTYtOGY4OC0zNDM2M2JjN2M0YzAiOnsiY3JlYXRlIjo2MDAwMDAwMDAwMDAsImRlbGV0ZSI6NjAwMDAwMDAwMDAwfX0=",
          "dependencies": [
            "module.network.ibm_is_vpc.vpc",
            "module.network.ibm_resource_group.resource_group"
          ]
        },
        {
          "index_key": "node",
          "schema_version": 0,
          "attributes": {
            "access_tags": [],
            "crn": "crn:v1:bluemix:public:is:us-south:a/65c005b968304c79af0072316cd66882::security-group:r006-0d3bbc33-cfff-4c91-8284-b6ad6656b8ae",
            "id": "r006-0d3bbc33-cfff-4c91-8284-b6ad6656b8ae",
            "name": "node",
            "resource_controller_url": "https://cloud.ibm.com/vpc-ext/network/securityGroups",
            "resource_crn": "crn:v1:bluemix:public:is:us-south:a/65c005b968304c79af0072316cd66882::security-group:r006-0d3bbc33-cfff-4c91-8284-b6ad6656b8ae",
            "resource_group": "f85c67de9d944c59afb9709a10a7a25b",
            "resource_group_name": "Default",
            "resource_name": "node",
            "rules": [
              {
                "code": 0,
                "direction": "inbound",
                "ip_version": "ipv4",
                "local": "0.0.0.0/0",
                "port_max": 0,
                "port_min": 0,
                "protocol": "icmp",
                "remote": "0.0.0.0/0",
                "type": 0
              },
              {
                "code": 0,
                "direction": "outbound",
                "ip_version": "ipv4",
                "local": "0.0.0.0/0",
                "port_max": 0,
                "port_min": 0,
                "protocol": "icmp",
                "remote": "0.0.0.0/0",
                "type": 0
              },
              {
                "code": 0,
                "direction": "inbound",
                "ip_version": "ipv4",
                "local": "0.0.0.0/0",
                "port_max": 80,
                "port_min": 80,
                "protocol": "tcp",
                "remote": "0.0.0.0/0",
                "type": 0
              },
              {
                "code": 0,
                "direction": "inbound",
                "ip_version": "ipv4",
                "local": "0.0.0.0/0",
                "port_max": 22,
                "port_min": 22,
                "protocol": "tcp",
                "remote": "0.0.0.0/0",
                "type": 0
              },
              {
                "code": 0,
                "direction": "inbound",
                "ip_version": "ipv4",
                "local": "0.0.0.0/0",
                "port_max": 443,
                "port_min": 443,
                "protocol": "tcp",
                "remote": "0.0.0.0/0",
                "type": 0
              },
              {
                "code": 0,
                "direction": "inbound",
                "ip_version": "ipv4",
                "local": "0.0.0.0/0",
                "port_max": 53,
                "port_min": 53,
                "protocol": "tcp",
                "remote": "0.0.0.0/0",
                "type": 0
              },
              {
                "code": 0,
                "direction": "outbound",
                "ip_version": "ipv4",
                "local": "0.0.0.0/0",
                "port_max": 53,
                "port_min": 53,
                "protocol": "tcp",
                "remote": "0.0.0.0/0",
                "type": 0
              },
              {
                "code": 0,
                "direction": "inbound",
                "ip_version": "ipv4",
                "local": "0.0.0.0/0",
                "port_max": 6443,
                "port_min": 6443,
                "protocol": "tcp",
                "remote": "0.0.0.0/0",
                "type": 0
              },
              {
                "code": 0,
                "direction": "outbound",
                "ip_version": "ipv4",
                "local": "0.0.0.0/0",
                "port_max": 6443,
                "port_min": 6443,
                "protocol": "tcp",
                "remote": "0.0.0.0/0",
                "type": 0
              },
              {
                "code": 0,
                "direction": "inbound",
                "ip_version": "ipv4",
                "local": "0.0.0.0/0",
                "port_max": 10250,
                "port_min": 10250,
                "protocol": "tcp",
                "remote": "0.0.0.0/0",
                "type": 0
              },
              {
                "code": 0,
                "direction": "inbound",
                "ip_version": "ipv4",
                "local": "0.0.0.0/0",
                "port_max": 10251,
                "port_min": 10251,
                "protocol": "tcp",
                "remote": "0.0.0.0/0",
                "type": 0
              },
              {
                "code": 0,
                "direction": "outbound",
                "ip_version": "ipv4",
                "local": "0.0.0.0/0",
                "port_max": 53,
                "port_min": 53,
                "protocol": "tcp",
                "remote": "0.0.0.0/0",
                "type": 0
              },
              {
                "code": 0,
                "direction": "outbound",
                "ip_version": "ipv4",
                "local": "0.0.0.0/0",
                "port_max": 10252,
                "port_min": 10252,
                "protocol": "tcp",
                "remote": "0.0.0.0/0",
                "type": 0
              },
              {
                "code": 0,
                "direction": "outbound",
                "ip_version": "ipv4",
                "local": "0.0.0.0/0",
                "port_max": 10251,
                "port_min": 10251,
                "protocol": "tcp",
                "remote": "0.0.0.0/0",
                "type": 0
              },
              {
                "code": 0,
                "direction": "inbound",
                "ip_version": "ipv4",
                "local": "0.0.0.0/0",
                "port_max": 2380,
                "port_min": 2379,
                "protocol": "tcp",
                "remote": "0.0.0.0/0",
                "type": 0
              },
              {
                "code": 0,
                "direction": "inbound",
                "ip_version": "ipv4",
                "local": "0.0.0.0/0",
                "port_max": 10252,
                "port_min": 10252,
                "protocol": "tcp",
                "remote": "0.0.0.0/0",
                "type": 0
              },
              {
                "code": 0,
                "direction": "inbound",
                "ip_version": "ipv4",
                "local": "0.0.0.0/0",
                "port_max": 443,
                "port_min": 443,
                "protocol": "tcp",
                "remote": "0.0.0.0/0",
                "type": 0
              },
              {
                "code": 0,
                "direction": "outbound",
                "ip_version": "ipv4",
                "local": "0.0.0.0/0",
                "port_max": 22,
                "port_min": 22,
                "protocol": "tcp",
                "remote": "0.0.0.0/0",
                "type": 0
              },
              {
                "code": 0,
                "direction": "inbound",
                "ip_version": "ipv4",
                "local": "0.0.0.0/0",
                "port_max": 53,
                "port_min": 53,
                "protocol": "tcp",
                "remote": "0.0.0.0/0",
                "type": 0
              },
              {
                "code": 0,
                "direction": "inbound",
                "ip_version": "ipv4",
                "local": "0.0.0.0/0",
                "port_max": 80,
                "port_min": 80,
                "protocol": "tcp",
                "remote": "0.0.0.0/0",
                "type": 0
              },
              {
                "code": 0,
                "direction": "inbound",
                "ip_version": "ipv4",
                "local": "0.0.0.0/0",
                "port_max": 22,
                "port_min": 22,
                "protocol": "tcp",
                "remote": "0.0.0.0/0",
                "type": 0
              }
            ],
            "tags": [
              "name:sg_node"
            ],
            "timeouts": null,
            "vpc": "r006-8af72644-7fcd-4d73-b07b-8323bd4b626d"
          },
          "sensitive_attributes": [],
          "private": "eyJlMmJmYjczMC1lY2FhLTExZTYtOGY4OC0zNDM2M2JjN2M0YzAiOnsiY3JlYXRlIjo2MDAwMDAwMDAwMDAsImRlbGV0ZSI6NjAwMDAwMDAwMDAwfX0=",
          "dependencies": [
            "module.network.ibm_is_vpc.vpc",
            "module.network.ibm_resource_group.resource_group"
          ]
        }
      ]
    },
    {
      "module": "module.security",
      "mode": "managed",
      "type": "ibm_is_security_group_rule",
      "name": "SGR_icmp",
      "provider": "module.security.provider[\"registry.terraform.io/ibm-cloud/ibm\"]",
      "instances": [
        {
          "index_key": "SGR_icmp_master_inbound",
          "schema_version": 0,
          "attributes": {
            "direction": "inbound",
            "group": "r006-8accab01-e0c1-4661-8df2-fdc9d4ecb4e9",
            "icmp": [
              {
                "code": null,
                "type": null
              }
            ],
            "id": "r006-8accab01-e0c1-4661-8df2-fdc9d4ecb4e9.r006-575d11ae-638f-48a4-aefa-00e64c5b186f",
            "ip_version": "ipv4",
            "local": "0.0.0.0/0",
            "protocol": "icmp",
            "related_crn": "crn:v1:bluemix:public:is:us-south:a/65c005b968304c79af0072316cd66882::security-group:r006-8accab01-e0c1-4661-8df2-fdc9d4ecb4e9",
            "remote": "0.0.0.0/0",
            "rule_id": "r006-575d11ae-638f-48a4-aefa-00e64c5b186f",
            "tcp": [],
            "udp": []
          },
          "sensitive_attributes": [],
          "private": "bnVsbA==",
          "dependencies": [
            "module.network.ibm_is_vpc.vpc",
            "module.network.ibm_resource_group.resource_group",
            "module.security.ibm_is_security_group.SG"
          ]
        },
        {
          "index_key": "SGR_icmp_master_outbound",
          "schema_version": 0,
          "attributes": {
            "direction": "outbound",
            "group": "r006-8accab01-e0c1-4661-8df2-fdc9d4ecb4e9",
            "icmp": [
              {
                "code": null,
                "type": null
              }
            ],
            "id": "r006-8accab01-e0c1-4661-8df2-fdc9d4ecb4e9.r006-17ae7cea-4310-4128-9776-402d6ee2dc26",
            "ip_version": "ipv4",
            "local": "0.0.0.0/0",
            "protocol": "icmp",
            "related_crn": "crn:v1:bluemix:public:is:us-south:a/65c005b968304c79af0072316cd66882::security-group:r006-8accab01-e0c1-4661-8df2-fdc9d4ecb4e9",
            "remote": "0.0.0.0/0",
            "rule_id": "r006-17ae7cea-4310-4128-9776-402d6ee2dc26",
            "tcp": [],
            "udp": []
          },
          "sensitive_attributes": [],
          "private": "bnVsbA==",
          "dependencies": [
            "module.network.ibm_is_vpc.vpc",
            "module.network.ibm_resource_group.resource_group",
            "module.security.ibm_is_security_group.SG"
          ]
        },
        {
          "index_key": "SGR_icmp_mohsen_inbound",
          "schema_version": 0,
          "attributes": {
            "direction": "inbound",
            "group": "r006-06395d58-824c-42be-9473-b51af4e99a43",
            "icmp": [
              {
                "code": null,
                "type": null
              }
            ],
            "id": "r006-06395d58-824c-42be-9473-b51af4e99a43.r006-78ed1fd0-9e61-4ab1-9f89-2fe9566918a1",
            "ip_version": "ipv4",
            "local": "0.0.0.0/0",
            "protocol": "icmp",
            "related_crn": "crn:v1:bluemix:public:is:us-south:a/65c005b968304c79af0072316cd66882::security-group:r006-06395d58-824c-42be-9473-b51af4e99a43",
            "remote": "0.0.0.0/0",
            "rule_id": "r006-78ed1fd0-9e61-4ab1-9f89-2fe9566918a1",
            "tcp": [],
            "udp": []
          },
          "sensitive_attributes": [],
          "private": "bnVsbA==",
          "dependencies": [
            "module.network.ibm_is_vpc.vpc",
            "module.network.ibm_resource_group.resource_group",
            "module.security.ibm_is_security_group.SG"
          ]
        },
        {
          "index_key": "SGR_icmp_mohsen_outbound",
          "schema_version": 0,
          "attributes": {
            "direction": "outbound",
            "group": "r006-06395d58-824c-42be-9473-b51af4e99a43",
            "icmp": [
              {
                "code": null,
                "type": null
              }
            ],
            "id": "r006-06395d58-824c-42be-9473-b51af4e99a43.r006-8c43d891-e7e8-43e3-972f-2adfc8c74888",
            "ip_version": "ipv4",
            "local": "0.0.0.0/0",
            "protocol": "icmp",
            "related_crn": "crn:v1:bluemix:public:is:us-south:a/65c005b968304c79af0072316cd66882::security-group:r006-06395d58-824c-42be-9473-b51af4e99a43",
            "remote": "0.0.0.0/0",
            "rule_id": "r006-8c43d891-e7e8-43e3-972f-2adfc8c74888",
            "tcp": [],
            "udp": []
          },
          "sensitive_attributes": [],
          "private": "bnVsbA==",
          "dependencies": [
            "module.network.ibm_is_vpc.vpc",
            "module.network.ibm_resource_group.resource_group",
            "module.security.ibm_is_security_group.SG"
          ]
        },
        {
          "index_key": "SGR_icmp_node_inbound",
          "schema_version": 0,
          "attributes": {
            "direction": "inbound",
            "group": "r006-0d3bbc33-cfff-4c91-8284-b6ad6656b8ae",
            "icmp": [
              {
                "code": null,
                "type": null
              }
            ],
            "id": "r006-0d3bbc33-cfff-4c91-8284-b6ad6656b8ae.r006-1dc0f5ed-6b84-482d-a0ae-0c2440555865",
            "ip_version": "ipv4",
            "local": "0.0.0.0/0",
            "protocol": "icmp",
            "related_crn": "crn:v1:bluemix:public:is:us-south:a/65c005b968304c79af0072316cd66882::security-group:r006-0d3bbc33-cfff-4c91-8284-b6ad6656b8ae",
            "remote": "0.0.0.0/0",
            "rule_id": "r006-1dc0f5ed-6b84-482d-a0ae-0c2440555865",
            "tcp": [],
            "udp": []
          },
          "sensitive_attributes": [],
          "private": "bnVsbA==",
          "dependencies": [
            "module.network.ibm_is_vpc.vpc",
            "module.network.ibm_resource_group.resource_group",
            "module.security.ibm_is_security_group.SG"
          ]
        },
        {
          "index_key": "SGR_icmp_node_outbound",
          "schema_version": 0,
          "attributes": {
            "direction": "outbound",
            "group": "r006-0d3bbc33-cfff-4c91-8284-b6ad6656b8ae",
            "icmp": [
              {
                "code": null,
                "type": null
              }
            ],
            "id": "r006-0d3bbc33-cfff-4c91-8284-b6ad6656b8ae.r006-d272c0e5-2dc5-46c3-bca9-36b33e6e4f71",
            "ip_version": "ipv4",
            "local": "0.0.0.0/0",
            "protocol": "icmp",
            "related_crn": "crn:v1:bluemix:public:is:us-south:a/65c005b968304c79af0072316cd66882::security-group:r006-0d3bbc33-cfff-4c91-8284-b6ad6656b8ae",
            "remote": "0.0.0.0/0",
            "rule_id": "r006-d272c0e5-2dc5-46c3-bca9-36b33e6e4f71",
            "tcp": [],
            "udp": []
          },
          "sensitive_attributes": [],
          "private": "bnVsbA==",
          "dependencies": [
            "module.network.ibm_is_vpc.vpc",
            "module.network.ibm_resource_group.resource_group",
            "module.security.ibm_is_security_group.SG"
          ]
        }
      ]
    },
    {
      "module": "module.security",
      "mode": "managed",
      "type": "ibm_is_security_group_rule",
      "name": "SGR_tcp",
      "provider": "module.security.provider[\"registry.terraform.io/ibm-cloud/ibm\"]",
      "instances": [
        {
          "index_key": "master_inbound_10250",
          "schema_version": 0,
          "attributes": {
            "direction": "inbound",
            "group": "r006-8accab01-e0c1-4661-8df2-fdc9d4ecb4e9",
            "icmp": [],
            "id": "r006-8accab01-e0c1-4661-8df2-fdc9d4ecb4e9.r006-90b6c0b3-8a6d-48a2-a75c-58ab6b5fbced",
            "ip_version": "ipv4",
            "local": "0.0.0.0/0",
            "protocol": "tcp",
            "related_crn": "crn:v1:bluemix:public:is:us-south:a/65c005b968304c79af0072316cd66882::security-group:r006-8accab01-e0c1-4661-8df2-fdc9d4ecb4e9",
            "remote": "0.0.0.0/0",
            "rule_id": "r006-90b6c0b3-8a6d-48a2-a75c-58ab6b5fbced",
            "tcp": [
              {
                "port_max": 10250,
                "port_min": 10250
              }
            ],
            "udp": []
          },
          "sensitive_attributes": [],
          "private": "bnVsbA==",
          "dependencies": [
            "module.network.ibm_is_vpc.vpc",
            "module.network.ibm_resource_group.resource_group",
            "module.security.ibm_is_security_group.SG"
          ]
        },
        {
          "index_key": "master_inbound_10251",
          "schema_version": 0,
          "attributes": {
            "direction": "inbound",
            "group": "r006-8accab01-e0c1-4661-8df2-fdc9d4ecb4e9",
            "icmp": [],
            "id": "r006-8accab01-e0c1-4661-8df2-fdc9d4ecb4e9.r006-20f63872-a9df-44fe-a425-fad62401f3b2",
            "ip_version": "ipv4",
            "local": "0.0.0.0/0",
            "protocol": "tcp",
            "related_crn": "crn:v1:bluemix:public:is:us-south:a/65c005b968304c79af0072316cd66882::security-group:r006-8accab01-e0c1-4661-8df2-fdc9d4ecb4e9",
            "remote": "0.0.0.0/0",
            "rule_id": "r006-20f63872-a9df-44fe-a425-fad62401f3b2",
            "tcp": [
              {
                "port_max": 10251,
                "port_min": 10251
              }
            ],
            "udp": []
          },
          "sensitive_attributes": [],
          "private": "bnVsbA==",
          "dependencies": [
            "module.network.ibm_is_vpc.vpc",
            "module.network.ibm_resource_group.resource_group",
            "module.security.ibm_is_security_group.SG"
          ]
        },
        {
          "index_key": "master_inbound_10252",
          "schema_version": 0,
          "attributes": {
            "direction": "inbound",
            "group": "r006-8accab01-e0c1-4661-8df2-fdc9d4ecb4e9",
            "icmp": [],
            "id": "r006-8accab01-e0c1-4661-8df2-fdc9d4ecb4e9.r006-0eefa4d0-feb2-41d1-b29c-3a55fcb3bf3f",
            "ip_version": "ipv4",
            "local": "0.0.0.0/0",
            "protocol": "tcp",
            "related_crn": "crn:v1:bluemix:public:is:us-south:a/65c005b968304c79af0072316cd66882::security-group:r006-8accab01-e0c1-4661-8df2-fdc9d4ecb4e9",
            "remote": "0.0.0.0/0",
            "rule_id": "r006-0eefa4d0-feb2-41d1-b29c-3a55fcb3bf3f",
            "tcp": [
              {
                "port_max": 10252,
                "port_min": 10252
              }
            ],
            "udp": []
          },
          "sensitive_attributes": [],
          "private": "bnVsbA==",
          "dependencies": [
            "module.network.ibm_is_vpc.vpc",
            "module.network.ibm_resource_group.resource_group",
            "module.security.ibm_is_security_group.SG"
          ]
        },
        {
          "index_key": "master_inbound_2379_to_2380",
          "schema_version": 0,
          "attributes": {
            "direction": "inbound",
            "group": "r006-8accab01-e0c1-4661-8df2-fdc9d4ecb4e9",
            "icmp": [],
            "id": "r006-8accab01-e0c1-4661-8df2-fdc9d4ecb4e9.r006-ea01221c-a0d2-4a91-bb12-54bc56c8d97d",
            "ip_version": "ipv4",
            "local": "0.0.0.0/0",
            "protocol": "tcp",
            "related_crn": "crn:v1:bluemix:public:is:us-south:a/65c005b968304c79af0072316cd66882::security-group:r006-8accab01-e0c1-4661-8df2-fdc9d4ecb4e9",
            "remote": "0.0.0.0/0",
            "rule_id": "r006-ea01221c-a0d2-4a91-bb12-54bc56c8d97d",
            "tcp": [
              {
                "port_max": 2380,
                "port_min": 2379
              }
            ],
            "udp": []
          },
          "sensitive_attributes": [],
          "private": "bnVsbA==",
          "dependencies": [
            "module.network.ibm_is_vpc.vpc",
            "module.network.ibm_resource_group.resource_group",
            "module.security.ibm_is_security_group.SG"
          ]
        },
        {
          "index_key": "master_inbound_DNS",
          "schema_version": 0,
          "attributes": {
            "direction": "inbound",
            "group": "r006-8accab01-e0c1-4661-8df2-fdc9d4ecb4e9",
            "icmp": [],
            "id": "r006-8accab01-e0c1-4661-8df2-fdc9d4ecb4e9.r006-883c4ccf-fa66-4791-8698-5b942856fd73",
            "ip_version": "ipv4",
            "local": "0.0.0.0/0",
            "protocol": "tcp",
            "related_crn": "crn:v1:bluemix:public:is:us-south:a/65c005b968304c79af0072316cd66882::security-group:r006-8accab01-e0c1-4661-8df2-fdc9d4ecb4e9",
            "remote": "0.0.0.0/0",
            "rule_id": "r006-883c4ccf-fa66-4791-8698-5b942856fd73",
            "tcp": [
              {
                "port_max": 53,
                "port_min": 53
              }
            ],
            "udp": []
          },
          "sensitive_attributes": [],
          "private": "bnVsbA==",
          "dependencies": [
            "module.network.ibm_is_vpc.vpc",
            "module.network.ibm_resource_group.resource_group",
            "module.security.ibm_is_security_group.SG"
          ]
        },
        {
          "index_key": "master_inbound_http",
          "schema_version": 0,
          "attributes": {
            "direction": "inbound",
            "group": "r006-8accab01-e0c1-4661-8df2-fdc9d4ecb4e9",
            "icmp": [],
            "id": "r006-8accab01-e0c1-4661-8df2-fdc9d4ecb4e9.r006-1557c3a1-305e-47bf-aae8-45b95f0ea988",
            "ip_version": "ipv4",
            "local": "0.0.0.0/0",
            "protocol": "tcp",
            "related_crn": "crn:v1:bluemix:public:is:us-south:a/65c005b968304c79af0072316cd66882::security-group:r006-8accab01-e0c1-4661-8df2-fdc9d4ecb4e9",
            "remote": "0.0.0.0/0",
            "rule_id": "r006-1557c3a1-305e-47bf-aae8-45b95f0ea988",
            "tcp": [
              {
                "port_max": 80,
                "port_min": 80
              }
            ],
            "udp": []
          },
          "sensitive_attributes": [],
          "private": "bnVsbA==",
          "dependencies": [
            "module.network.ibm_is_vpc.vpc",
            "module.network.ibm_resource_group.resource_group",
            "module.security.ibm_is_security_group.SG"
          ]
        },
        {
          "index_key": "master_inbound_https",
          "schema_version": 0,
          "attributes": {
            "direction": "inbound",
            "group": "r006-8accab01-e0c1-4661-8df2-fdc9d4ecb4e9",
            "icmp": [],
            "id": "r006-8accab01-e0c1-4661-8df2-fdc9d4ecb4e9.r006-05d8a1f9-f9e8-46e6-aad0-bf270f3d999c",
            "ip_version": "ipv4",
            "local": "0.0.0.0/0",
            "protocol": "tcp",
            "related_crn": "crn:v1:bluemix:public:is:us-south:a/65c005b968304c79af0072316cd66882::security-group:r006-8accab01-e0c1-4661-8df2-fdc9d4ecb4e9",
            "remote": "0.0.0.0/0",
            "rule_id": "r006-05d8a1f9-f9e8-46e6-aad0-bf270f3d999c",
            "tcp": [
              {
                "port_max": 443,
                "port_min": 443
              }
            ],
            "udp": []
          },
          "sensitive_attributes": [],
          "private": "bnVsbA==",
          "dependencies": [
            "module.network.ibm_is_vpc.vpc",
            "module.network.ibm_resource_group.resource_group",
            "module.security.ibm_is_security_group.SG"
          ]
        },
        {
          "index_key": "master_inbound_ssh",
          "schema_version": 0,
          "attributes": {
            "direction": "inbound",
            "group": "r006-8accab01-e0c1-4661-8df2-fdc9d4ecb4e9",
            "icmp": [],
            "id": "r006-8accab01-e0c1-4661-8df2-fdc9d4ecb4e9.r006-e9ebfc8b-79bb-4073-8369-8c2a646543f0",
            "ip_version": "ipv4",
            "local": "0.0.0.0/0",
            "protocol": "tcp",
            "related_crn": "crn:v1:bluemix:public:is:us-south:a/65c005b968304c79af0072316cd66882::security-group:r006-8accab01-e0c1-4661-8df2-fdc9d4ecb4e9",
            "remote": "0.0.0.0/0",
            "rule_id": "r006-e9ebfc8b-79bb-4073-8369-8c2a646543f0",
            "tcp": [
              {
                "port_max": 22,
                "port_min": 22
              }
            ],
            "udp": []
          },
          "sensitive_attributes": [],
          "private": "bnVsbA==",
          "dependencies": [
            "module.network.ibm_is_vpc.vpc",
            "module.network.ibm_resource_group.resource_group",
            "module.security.ibm_is_security_group.SG"
          ]
        },
        {
          "index_key": "master_outbound_10251",
          "schema_version": 0,
          "attributes": {
            "direction": "outbound",
            "group": "r006-8accab01-e0c1-4661-8df2-fdc9d4ecb4e9",
            "icmp": [],
            "id": "r006-8accab01-e0c1-4661-8df2-fdc9d4ecb4e9.r006-1f242dd4-677d-4312-99a5-50a3dfdd42e5",
            "ip_version": "ipv4",
            "local": "0.0.0.0/0",
            "protocol": "tcp",
            "related_crn": "crn:v1:bluemix:public:is:us-south:a/65c005b968304c79af0072316cd66882::security-group:r006-8accab01-e0c1-4661-8df2-fdc9d4ecb4e9",
            "remote": "0.0.0.0/0",
            "rule_id": "r006-1f242dd4-677d-4312-99a5-50a3dfdd42e5",
            "tcp": [
              {
                "port_max": 10251,
                "port_min": 10251
              }
            ],
            "udp": []
          },
          "sensitive_attributes": [],
          "private": "bnVsbA==",
          "dependencies": [
            "module.network.ibm_is_vpc.vpc",
            "module.network.ibm_resource_group.resource_group",
            "module.security.ibm_is_security_group.SG"
          ]
        },
        {
          "index_key": "master_outbound_10252",
          "schema_version": 0,
          "attributes": {
            "direction": "outbound",
            "group": "r006-8accab01-e0c1-4661-8df2-fdc9d4ecb4e9",
            "icmp": [],
            "id": "r006-8accab01-e0c1-4661-8df2-fdc9d4ecb4e9.r006-eedc1483-03ee-4dc2-898e-533d7a6f116d",
            "ip_version": "ipv4",
            "local": "0.0.0.0/0",
            "protocol": "tcp",
            "related_crn": "crn:v1:bluemix:public:is:us-south:a/65c005b968304c79af0072316cd66882::security-group:r006-8accab01-e0c1-4661-8df2-fdc9d4ecb4e9",
            "remote": "0.0.0.0/0",
            "rule_id": "r006-eedc1483-03ee-4dc2-898e-533d7a6f116d",
            "tcp": [
              {
                "port_max": 10252,
                "port_min": 10252
              }
            ],
            "udp": []
          },
          "sensitive_attributes": [],
          "private": "bnVsbA==",
          "dependencies": [
            "module.network.ibm_is_vpc.vpc",
            "module.network.ibm_resource_group.resource_group",
            "module.security.ibm_is_security_group.SG"
          ]
        },
        {
          "index_key": "master_outbound_DNS",
          "schema_version": 0,
          "attributes": {
            "direction": "outbound",
            "group": "r006-8accab01-e0c1-4661-8df2-fdc9d4ecb4e9",
            "icmp": [],
            "id": "r006-8accab01-e0c1-4661-8df2-fdc9d4ecb4e9.r006-5e0721f7-9af4-490d-a2be-14068324707a",
            "ip_version": "ipv4",
            "local": "0.0.0.0/0",
            "protocol": "tcp",
            "related_crn": "crn:v1:bluemix:public:is:us-south:a/65c005b968304c79af0072316cd66882::security-group:r006-8accab01-e0c1-4661-8df2-fdc9d4ecb4e9",
            "remote": "0.0.0.0/0",
            "rule_id": "r006-5e0721f7-9af4-490d-a2be-14068324707a",
            "tcp": [
              {
                "port_max": 53,
                "port_min": 53
              }
            ],
            "udp": []
          },
          "sensitive_attributes": [],
          "private": "bnVsbA==",
          "dependencies": [
            "module.network.ibm_is_vpc.vpc",
            "module.network.ibm_resource_group.resource_group",
            "module.security.ibm_is_security_group.SG"
          ]
        },
        {
          "index_key": "master_outbound_ssh",
          "schema_version": 0,
          "attributes": {
            "direction": "outbound",
            "group": "r006-8accab01-e0c1-4661-8df2-fdc9d4ecb4e9",
            "icmp": [],
            "id": "r006-8accab01-e0c1-4661-8df2-fdc9d4ecb4e9.r006-5a4a0ca8-338b-4182-a783-0ce681f58fe2",
            "ip_version": "ipv4",
            "local": "0.0.0.0/0",
            "protocol": "tcp",
            "related_crn": "crn:v1:bluemix:public:is:us-south:a/65c005b968304c79af0072316cd66882::security-group:r006-8accab01-e0c1-4661-8df2-fdc9d4ecb4e9",
            "remote": "0.0.0.0/0",
            "rule_id": "r006-5a4a0ca8-338b-4182-a783-0ce681f58fe2",
            "tcp": [
              {
                "port_max": 22,
                "port_min": 22
              }
            ],
            "udp": []
          },
          "sensitive_attributes": [],
          "private": "bnVsbA==",
          "dependencies": [
            "module.network.ibm_is_vpc.vpc",
            "module.network.ibm_resource_group.resource_group",
            "module.security.ibm_is_security_group.SG"
          ]
        },
        {
          "index_key": "mohsen_inbound_10250",
          "schema_version": 0,
          "attributes": {
            "direction": "inbound",
            "group": "r006-06395d58-824c-42be-9473-b51af4e99a43",
            "icmp": [],
            "id": "r006-06395d58-824c-42be-9473-b51af4e99a43.r006-b5719337-dbcf-45f7-96e7-9bd545de13e9",
            "ip_version": "ipv4",
            "local": "0.0.0.0/0",
            "protocol": "tcp",
            "related_crn": "crn:v1:bluemix:public:is:us-south:a/65c005b968304c79af0072316cd66882::security-group:r006-06395d58-824c-42be-9473-b51af4e99a43",
            "remote": "0.0.0.0/0",
            "rule_id": "r006-b5719337-dbcf-45f7-96e7-9bd545de13e9",
            "tcp": [
              {
                "port_max": 10250,
                "port_min": 10250
              }
            ],
            "udp": []
          },
          "sensitive_attributes": [],
          "private": "bnVsbA==",
          "dependencies": [
            "module.network.ibm_is_vpc.vpc",
            "module.network.ibm_resource_group.resource_group",
            "module.security.ibm_is_security_group.SG"
          ]
        },
        {
          "index_key": "mohsen_inbound_10251",
          "schema_version": 0,
          "attributes": {
            "direction": "inbound",
            "group": "r006-06395d58-824c-42be-9473-b51af4e99a43",
            "icmp": [],
            "id": "r006-06395d58-824c-42be-9473-b51af4e99a43.r006-7b76ebd6-2e80-482e-8171-9e55ade2fead",
            "ip_version": "ipv4",
            "local": "0.0.0.0/0",
            "protocol": "tcp",
            "related_crn": "crn:v1:bluemix:public:is:us-south:a/65c005b968304c79af0072316cd66882::security-group:r006-06395d58-824c-42be-9473-b51af4e99a43",
            "remote": "0.0.0.0/0",
            "rule_id": "r006-7b76ebd6-2e80-482e-8171-9e55ade2fead",
            "tcp": [
              {
                "port_max": 10251,
                "port_min": 10251
              }
            ],
            "udp": []
          },
          "sensitive_attributes": [],
          "private": "bnVsbA==",
          "dependencies": [
            "module.network.ibm_is_vpc.vpc",
            "module.network.ibm_resource_group.resource_group",
            "module.security.ibm_is_security_group.SG"
          ]
        },
        {
          "index_key": "mohsen_inbound_10252",
          "schema_version": 0,
          "attributes": {
            "direction": "inbound",
            "group": "r006-06395d58-824c-42be-9473-b51af4e99a43",
            "icmp": [],
            "id": "r006-06395d58-824c-42be-9473-b51af4e99a43.r006-db1bc378-bf1a-4e55-baca-f73b2f48e415",
            "ip_version": "ipv4",
            "local": "0.0.0.0/0",
            "protocol": "tcp",
            "related_crn": "crn:v1:bluemix:public:is:us-south:a/65c005b968304c79af0072316cd66882::security-group:r006-06395d58-824c-42be-9473-b51af4e99a43",
            "remote": "0.0.0.0/0",
            "rule_id": "r006-db1bc378-bf1a-4e55-baca-f73b2f48e415",
            "tcp": [
              {
                "port_max": 10252,
                "port_min": 10252
              }
            ],
            "udp": []
          },
          "sensitive_attributes": [],
          "private": "bnVsbA==",
          "dependencies": [
            "module.network.ibm_is_vpc.vpc",
            "module.network.ibm_resource_group.resource_group",
            "module.security.ibm_is_security_group.SG"
          ]
        },
        {
          "index_key": "mohsen_inbound_2379_to_2380",
          "schema_version": 0,
          "attributes": {
            "direction": "inbound",
            "group": "r006-06395d58-824c-42be-9473-b51af4e99a43",
            "icmp": [],
            "id": "r006-06395d58-824c-42be-9473-b51af4e99a43.r006-b16ca21d-7a39-413d-ba71-e531c5363000",
            "ip_version": "ipv4",
            "local": "0.0.0.0/0",
            "protocol": "tcp",
            "related_crn": "crn:v1:bluemix:public:is:us-south:a/65c005b968304c79af0072316cd66882::security-group:r006-06395d58-824c-42be-9473-b51af4e99a43",
            "remote": "0.0.0.0/0",
            "rule_id": "r006-b16ca21d-7a39-413d-ba71-e531c5363000",
            "tcp": [
              {
                "port_max": 2380,
                "port_min": 2379
              }
            ],
            "udp": []
          },
          "sensitive_attributes": [],
          "private": "bnVsbA==",
          "dependencies": [
            "module.network.ibm_is_vpc.vpc",
            "module.network.ibm_resource_group.resource_group",
            "module.security.ibm_is_security_group.SG"
          ]
        },
        {
          "index_key": "mohsen_inbound_DNS",
          "schema_version": 0,
          "attributes": {
            "direction": "inbound",
            "group": "r006-06395d58-824c-42be-9473-b51af4e99a43",
            "icmp": [],
            "id": "r006-06395d58-824c-42be-9473-b51af4e99a43.r006-00e6d960-6dc5-439d-ba70-83f7c586d232",
            "ip_version": "ipv4",
            "local": "0.0.0.0/0",
            "protocol": "tcp",
            "related_crn": "crn:v1:bluemix:public:is:us-south:a/65c005b968304c79af0072316cd66882::security-group:r006-06395d58-824c-42be-9473-b51af4e99a43",
            "remote": "0.0.0.0/0",
            "rule_id": "r006-00e6d960-6dc5-439d-ba70-83f7c586d232",
            "tcp": [
              {
                "port_max": 53,
                "port_min": 53
              }
            ],
            "udp": []
          },
          "sensitive_attributes": [],
          "private": "bnVsbA==",
          "dependencies": [
            "module.network.ibm_is_vpc.vpc",
            "module.network.ibm_resource_group.resource_group",
            "module.security.ibm_is_security_group.SG"
          ]
        },
        {
          "index_key": "mohsen_inbound_http",
          "schema_version": 0,
          "attributes": {
            "direction": "inbound",
            "group": "r006-06395d58-824c-42be-9473-b51af4e99a43",
            "icmp": [],
            "id": "r006-06395d58-824c-42be-9473-b51af4e99a43.r006-bdae7ae2-aa76-4b20-877e-652011db4f64",
            "ip_version": "ipv4",
            "local": "0.0.0.0/0",
            "protocol": "tcp",
            "related_crn": "crn:v1:bluemix:public:is:us-south:a/65c005b968304c79af0072316cd66882::security-group:r006-06395d58-824c-42be-9473-b51af4e99a43",
            "remote": "0.0.0.0/0",
            "rule_id": "r006-bdae7ae2-aa76-4b20-877e-652011db4f64",
            "tcp": [
              {
                "port_max": 80,
                "port_min": 80
              }
            ],
            "udp": []
          },
          "sensitive_attributes": [],
          "private": "bnVsbA==",
          "dependencies": [
            "module.network.ibm_is_vpc.vpc",
            "module.network.ibm_resource_group.resource_group",
            "module.security.ibm_is_security_group.SG"
          ]
        },
        {
          "index_key": "mohsen_inbound_https",
          "schema_version": 0,
          "attributes": {
            "direction": "inbound",
            "group": "r006-06395d58-824c-42be-9473-b51af4e99a43",
            "icmp": [],
            "id": "r006-06395d58-824c-42be-9473-b51af4e99a43.r006-bbb72e76-b8db-45e8-b504-901a1d06bca4",
            "ip_version": "ipv4",
            "local": "0.0.0.0/0",
            "protocol": "tcp",
            "related_crn": "crn:v1:bluemix:public:is:us-south:a/65c005b968304c79af0072316cd66882::security-group:r006-06395d58-824c-42be-9473-b51af4e99a43",
            "remote": "0.0.0.0/0",
            "rule_id": "r006-bbb72e76-b8db-45e8-b504-901a1d06bca4",
            "tcp": [
              {
                "port_max": 443,
                "port_min": 443
              }
            ],
            "udp": []
          },
          "sensitive_attributes": [],
          "private": "bnVsbA==",
          "dependencies": [
            "module.network.ibm_is_vpc.vpc",
            "module.network.ibm_resource_group.resource_group",
            "module.security.ibm_is_security_group.SG"
          ]
        },
        {
          "index_key": "mohsen_inbound_ssh",
          "schema_version": 0,
          "attributes": {
            "direction": "inbound",
            "group": "r006-06395d58-824c-42be-9473-b51af4e99a43",
            "icmp": [],
            "id": "r006-06395d58-824c-42be-9473-b51af4e99a43.r006-12c4710e-bca9-4ae3-8c27-55ba98b03f11",
            "ip_version": "ipv4",
            "local": "0.0.0.0/0",
            "protocol": "tcp",
            "related_crn": "crn:v1:bluemix:public:is:us-south:a/65c005b968304c79af0072316cd66882::security-group:r006-06395d58-824c-42be-9473-b51af4e99a43",
            "remote": "0.0.0.0/0",
            "rule_id": "r006-12c4710e-bca9-4ae3-8c27-55ba98b03f11",
            "tcp": [
              {
                "port_max": 22,
                "port_min": 22
              }
            ],
            "udp": []
          },
          "sensitive_attributes": [],
          "private": "bnVsbA==",
          "dependencies": [
            "module.network.ibm_is_vpc.vpc",
            "module.network.ibm_resource_group.resource_group",
            "module.security.ibm_is_security_group.SG"
          ]
        },
        {
          "index_key": "mohsen_outbound_10251",
          "schema_version": 0,
          "attributes": {
            "direction": "outbound",
            "group": "r006-06395d58-824c-42be-9473-b51af4e99a43",
            "icmp": [],
            "id": "r006-06395d58-824c-42be-9473-b51af4e99a43.r006-f1949db6-6098-46da-9088-44e0a5ce2ce7",
            "ip_version": "ipv4",
            "local": "0.0.0.0/0",
            "protocol": "tcp",
            "related_crn": "crn:v1:bluemix:public:is:us-south:a/65c005b968304c79af0072316cd66882::security-group:r006-06395d58-824c-42be-9473-b51af4e99a43",
            "remote": "0.0.0.0/0",
            "rule_id": "r006-f1949db6-6098-46da-9088-44e0a5ce2ce7",
            "tcp": [
              {
                "port_max": 10251,
                "port_min": 10251
              }
            ],
            "udp": []
          },
          "sensitive_attributes": [],
          "private": "bnVsbA==",
          "dependencies": [
            "module.network.ibm_is_vpc.vpc",
            "module.network.ibm_resource_group.resource_group",
            "module.security.ibm_is_security_group.SG"
          ]
        },
        {
          "index_key": "mohsen_outbound_10252",
          "schema_version": 0,
          "attributes": {
            "direction": "outbound",
            "group": "r006-06395d58-824c-42be-9473-b51af4e99a43",
            "icmp": [],
            "id": "r006-06395d58-824c-42be-9473-b51af4e99a43.r006-3b16c373-1e6f-42b7-abba-1fd1ec1554bc",
            "ip_version": "ipv4",
            "local": "0.0.0.0/0",
            "protocol": "tcp",
            "related_crn": "crn:v1:bluemix:public:is:us-south:a/65c005b968304c79af0072316cd66882::security-group:r006-06395d58-824c-42be-9473-b51af4e99a43",
            "remote": "0.0.0.0/0",
            "rule_id": "r006-3b16c373-1e6f-42b7-abba-1fd1ec1554bc",
            "tcp": [
              {
                "port_max": 10252,
                "port_min": 10252
              }
            ],
            "udp": []
          },
          "sensitive_attributes": [],
          "private": "bnVsbA==",
          "dependencies": [
            "module.network.ibm_is_vpc.vpc",
            "module.network.ibm_resource_group.resource_group",
            "module.security.ibm_is_security_group.SG"
          ]
        },
        {
          "index_key": "mohsen_outbound_DNS",
          "schema_version": 0,
          "attributes": {
            "direction": "outbound",
            "group": "r006-06395d58-824c-42be-9473-b51af4e99a43",
            "icmp": [],
            "id": "r006-06395d58-824c-42be-9473-b51af4e99a43.r006-b0cdbe68-6c51-4c1c-a603-fd0c3fb92ca3",
            "ip_version": "ipv4",
            "local": "0.0.0.0/0",
            "protocol": "tcp",
            "related_crn": "crn:v1:bluemix:public:is:us-south:a/65c005b968304c79af0072316cd66882::security-group:r006-06395d58-824c-42be-9473-b51af4e99a43",
            "remote": "0.0.0.0/0",
            "rule_id": "r006-b0cdbe68-6c51-4c1c-a603-fd0c3fb92ca3",
            "tcp": [
              {
                "port_max": 53,
                "port_min": 53
              }
            ],
            "udp": []
          },
          "sensitive_attributes": [],
          "private": "bnVsbA==",
          "dependencies": [
            "module.network.ibm_is_vpc.vpc",
            "module.network.ibm_resource_group.resource_group",
            "module.security.ibm_is_security_group.SG"
          ]
        },
        {
          "index_key": "mohsen_outbound_ssh",
          "schema_version": 0,
          "attributes": {
            "direction": "outbound",
            "group": "r006-06395d58-824c-42be-9473-b51af4e99a43",
            "icmp": [],
            "id": "r006-06395d58-824c-42be-9473-b51af4e99a43.r006-e02ebe93-1ce1-4ef7-bae7-cc2a3f5775df",
            "ip_version": "ipv4",
            "local": "0.0.0.0/0",
            "protocol": "tcp",
            "related_crn": "crn:v1:bluemix:public:is:us-south:a/65c005b968304c79af0072316cd66882::security-group:r006-06395d58-824c-42be-9473-b51af4e99a43",
            "remote": "0.0.0.0/0",
            "rule_id": "r006-e02ebe93-1ce1-4ef7-bae7-cc2a3f5775df",
            "tcp": [
              {
                "port_max": 22,
                "port_min": 22
              }
            ],
            "udp": []
          },
          "sensitive_attributes": [],
          "private": "bnVsbA==",
          "dependencies": [
            "module.network.ibm_is_vpc.vpc",
            "module.network.ibm_resource_group.resource_group",
            "module.security.ibm_is_security_group.SG"
          ]
        },
        {
          "index_key": "node_inbound_10250",
          "schema_version": 0,
          "attributes": {
            "direction": "inbound",
            "group": "r006-0d3bbc33-cfff-4c91-8284-b6ad6656b8ae",
            "icmp": [],
            "id": "r006-0d3bbc33-cfff-4c91-8284-b6ad6656b8ae.r006-5cc770da-ead9-4dbc-9899-90d7757b4dda",
            "ip_version": "ipv4",
            "local": "0.0.0.0/0",
            "protocol": "tcp",
            "related_crn": "crn:v1:bluemix:public:is:us-south:a/65c005b968304c79af0072316cd66882::security-group:r006-0d3bbc33-cfff-4c91-8284-b6ad6656b8ae",
            "remote": "0.0.0.0/0",
            "rule_id": "r006-5cc770da-ead9-4dbc-9899-90d7757b4dda",
            "tcp": [
              {
                "port_max": 10250,
                "port_min": 10250
              }
            ],
            "udp": []
          },
          "sensitive_attributes": [],
          "private": "bnVsbA==",
          "dependencies": [
            "module.network.ibm_is_vpc.vpc",
            "module.network.ibm_resource_group.resource_group",
            "module.security.ibm_is_security_group.SG"
          ]
        },
        {
          "index_key": "node_inbound_10251",
          "schema_version": 0,
          "attributes": {
            "direction": "inbound",
            "group": "r006-0d3bbc33-cfff-4c91-8284-b6ad6656b8ae",
            "icmp": [],
            "id": "r006-0d3bbc33-cfff-4c91-8284-b6ad6656b8ae.r006-07dfbcfb-e4db-473c-8962-61f6cf06cfcd",
            "ip_version": "ipv4",
            "local": "0.0.0.0/0",
            "protocol": "tcp",
            "related_crn": "crn:v1:bluemix:public:is:us-south:a/65c005b968304c79af0072316cd66882::security-group:r006-0d3bbc33-cfff-4c91-8284-b6ad6656b8ae",
            "remote": "0.0.0.0/0",
            "rule_id": "r006-07dfbcfb-e4db-473c-8962-61f6cf06cfcd",
            "tcp": [
              {
                "port_max": 10251,
                "port_min": 10251
              }
            ],
            "udp": []
          },
          "sensitive_attributes": [],
          "private": "bnVsbA==",
          "dependencies": [
            "module.network.ibm_is_vpc.vpc",
            "module.network.ibm_resource_group.resource_group",
            "module.security.ibm_is_security_group.SG"
          ]
        },
        {
          "index_key": "node_inbound_10252",
          "schema_version": 0,
          "attributes": {
            "direction": "inbound",
            "group": "r006-0d3bbc33-cfff-4c91-8284-b6ad6656b8ae",
            "icmp": [],
            "id": "r006-0d3bbc33-cfff-4c91-8284-b6ad6656b8ae.r006-85084f1a-9617-42b9-8673-421c4f9258f1",
            "ip_version": "ipv4",
            "local": "0.0.0.0/0",
            "protocol": "tcp",
            "related_crn": "crn:v1:bluemix:public:is:us-south:a/65c005b968304c79af0072316cd66882::security-group:r006-0d3bbc33-cfff-4c91-8284-b6ad6656b8ae",
            "remote": "0.0.0.0/0",
            "rule_id": "r006-85084f1a-9617-42b9-8673-421c4f9258f1",
            "tcp": [
              {
                "port_max": 10252,
                "port_min": 10252
              }
            ],
            "udp": []
          },
          "sensitive_attributes": [],
          "private": "bnVsbA==",
          "dependencies": [
            "module.network.ibm_is_vpc.vpc",
            "module.network.ibm_resource_group.resource_group",
            "module.security.ibm_is_security_group.SG"
          ]
        },
        {
          "index_key": "node_inbound_2379_to_2380",
          "schema_version": 0,
          "attributes": {
            "direction": "inbound",
            "group": "r006-0d3bbc33-cfff-4c91-8284-b6ad6656b8ae",
            "icmp": [],
            "id": "r006-0d3bbc33-cfff-4c91-8284-b6ad6656b8ae.r006-dbcafd78-1c12-44af-8bc3-343548235ee4",
            "ip_version": "ipv4",
            "local": "0.0.0.0/0",
            "protocol": "tcp",
            "related_crn": "crn:v1:bluemix:public:is:us-south:a/65c005b968304c79af0072316cd66882::security-group:r006-0d3bbc33-cfff-4c91-8284-b6ad6656b8ae",
            "remote": "0.0.0.0/0",
            "rule_id": "r006-dbcafd78-1c12-44af-8bc3-343548235ee4",
            "tcp": [
              {
                "port_max": 2380,
                "port_min": 2379
              }
            ],
            "udp": []
          },
          "sensitive_attributes": [],
          "private": "bnVsbA==",
          "dependencies": [
            "module.network.ibm_is_vpc.vpc",
            "module.network.ibm_resource_group.resource_group",
            "module.security.ibm_is_security_group.SG"
          ]
        },
        {
          "index_key": "node_inbound_DNS",
          "schema_version": 0,
          "attributes": {
            "direction": "inbound",
            "group": "r006-0d3bbc33-cfff-4c91-8284-b6ad6656b8ae",
            "icmp": [],
            "id": "r006-0d3bbc33-cfff-4c91-8284-b6ad6656b8ae.r006-04040ef8-526e-4535-a839-96be4d97dfc2",
            "ip_version": "ipv4",
            "local": "0.0.0.0/0",
            "protocol": "tcp",
            "related_crn": "crn:v1:bluemix:public:is:us-south:a/65c005b968304c79af0072316cd66882::security-group:r006-0d3bbc33-cfff-4c91-8284-b6ad6656b8ae",
            "remote": "0.0.0.0/0",
            "rule_id": "r006-04040ef8-526e-4535-a839-96be4d97dfc2",
            "tcp": [
              {
                "port_max": 53,
                "port_min": 53
              }
            ],
            "udp": []
          },
          "sensitive_attributes": [],
          "private": "bnVsbA==",
          "dependencies": [
            "module.network.ibm_is_vpc.vpc",
            "module.network.ibm_resource_group.resource_group",
            "module.security.ibm_is_security_group.SG"
          ]
        },
        {
          "index_key": "node_inbound_http",
          "schema_version": 0,
          "attributes": {
            "direction": "inbound",
            "group": "r006-0d3bbc33-cfff-4c91-8284-b6ad6656b8ae",
            "icmp": [],
            "id": "r006-0d3bbc33-cfff-4c91-8284-b6ad6656b8ae.r006-3c11b3d0-bff1-4562-9dad-66cd9a5d7a81",
            "ip_version": "ipv4",
            "local": "0.0.0.0/0",
            "protocol": "tcp",
            "related_crn": "crn:v1:bluemix:public:is:us-south:a/65c005b968304c79af0072316cd66882::security-group:r006-0d3bbc33-cfff-4c91-8284-b6ad6656b8ae",
            "remote": "0.0.0.0/0",
            "rule_id": "r006-3c11b3d0-bff1-4562-9dad-66cd9a5d7a81",
            "tcp": [
              {
                "port_max": 80,
                "port_min": 80
              }
            ],
            "udp": []
          },
          "sensitive_attributes": [],
          "private": "bnVsbA==",
          "dependencies": [
            "module.network.ibm_is_vpc.vpc",
            "module.network.ibm_resource_group.resource_group",
            "module.security.ibm_is_security_group.SG"
          ]
        },
        {
          "index_key": "node_inbound_https",
          "schema_version": 0,
          "attributes": {
            "direction": "inbound",
            "group": "r006-0d3bbc33-cfff-4c91-8284-b6ad6656b8ae",
            "icmp": [],
            "id": "r006-0d3bbc33-cfff-4c91-8284-b6ad6656b8ae.r006-4d688c14-6a49-4b28-99bf-59a27649a0ac",
            "ip_version": "ipv4",
            "local": "0.0.0.0/0",
            "protocol": "tcp",
            "related_crn": "crn:v1:bluemix:public:is:us-south:a/65c005b968304c79af0072316cd66882::security-group:r006-0d3bbc33-cfff-4c91-8284-b6ad6656b8ae",
            "remote": "0.0.0.0/0",
            "rule_id": "r006-4d688c14-6a49-4b28-99bf-59a27649a0ac",
            "tcp": [
              {
                "port_max": 443,
                "port_min": 443
              }
            ],
            "udp": []
          },
          "sensitive_attributes": [],
          "private": "bnVsbA==",
          "dependencies": [
            "module.network.ibm_is_vpc.vpc",
            "module.network.ibm_resource_group.resource_group",
            "module.security.ibm_is_security_group.SG"
          ]
        },
        {
          "index_key": "node_inbound_ssh",
          "schema_version": 0,
          "attributes": {
            "direction": "inbound",
            "group": "r006-0d3bbc33-cfff-4c91-8284-b6ad6656b8ae",
            "icmp": [],
            "id": "r006-0d3bbc33-cfff-4c91-8284-b6ad6656b8ae.r006-7f47e1e8-50ce-4c92-8130-ece47f082c2f",
            "ip_version": "ipv4",
            "local": "0.0.0.0/0",
            "protocol": "tcp",
            "related_crn": "crn:v1:bluemix:public:is:us-south:a/65c005b968304c79af0072316cd66882::security-group:r006-0d3bbc33-cfff-4c91-8284-b6ad6656b8ae",
            "remote": "0.0.0.0/0",
            "rule_id": "r006-7f47e1e8-50ce-4c92-8130-ece47f082c2f",
            "tcp": [
              {
                "port_max": 22,
                "port_min": 22
              }
            ],
            "udp": []
          },
          "sensitive_attributes": [],
          "private": "bnVsbA==",
          "dependencies": [
            "module.network.ibm_is_vpc.vpc",
            "module.network.ibm_resource_group.resource_group",
            "module.security.ibm_is_security_group.SG"
          ]
        },
        {
          "index_key": "node_outbound_10251",
          "schema_version": 0,
          "attributes": {
            "direction": "outbound",
            "group": "r006-0d3bbc33-cfff-4c91-8284-b6ad6656b8ae",
            "icmp": [],
            "id": "r006-0d3bbc33-cfff-4c91-8284-b6ad6656b8ae.r006-419542ea-c43e-4963-8f3e-00c99bb96f9b",
            "ip_version": "ipv4",
            "local": "0.0.0.0/0",
            "protocol": "tcp",
            "related_crn": "crn:v1:bluemix:public:is:us-south:a/65c005b968304c79af0072316cd66882::security-group:r006-0d3bbc33-cfff-4c91-8284-b6ad6656b8ae",
            "remote": "0.0.0.0/0",
            "rule_id": "r006-419542ea-c43e-4963-8f3e-00c99bb96f9b",
            "tcp": [
              {
                "port_max": 10251,
                "port_min": 10251
              }
            ],
            "udp": []
          },
          "sensitive_attributes": [],
          "private": "bnVsbA==",
          "dependencies": [
            "module.network.ibm_is_vpc.vpc",
            "module.network.ibm_resource_group.resource_group",
            "module.security.ibm_is_security_group.SG"
          ]
        },
        {
          "index_key": "node_outbound_10252",
          "schema_version": 0,
          "attributes": {
            "direction": "outbound",
            "group": "r006-0d3bbc33-cfff-4c91-8284-b6ad6656b8ae",
            "icmp": [],
            "id": "r006-0d3bbc33-cfff-4c91-8284-b6ad6656b8ae.r006-478d62b4-7ff1-407e-adab-ebcfaec1030c",
            "ip_version": "ipv4",
            "local": "0.0.0.0/0",
            "protocol": "tcp",
            "related_crn": "crn:v1:bluemix:public:is:us-south:a/65c005b968304c79af0072316cd66882::security-group:r006-0d3bbc33-cfff-4c91-8284-b6ad6656b8ae",
            "remote": "0.0.0.0/0",
            "rule_id": "r006-478d62b4-7ff1-407e-adab-ebcfaec1030c",
            "tcp": [
              {
                "port_max": 10252,
                "port_min": 10252
              }
            ],
            "udp": []
          },
          "sensitive_attributes": [],
          "private": "bnVsbA==",
          "dependencies": [
            "module.network.ibm_is_vpc.vpc",
            "module.network.ibm_resource_group.resource_group",
            "module.security.ibm_is_security_group.SG"
          ]
        },
        {
          "index_key": "node_outbound_DNS",
          "schema_version": 0,
          "attributes": {
            "direction": "outbound",
            "group": "r006-0d3bbc33-cfff-4c91-8284-b6ad6656b8ae",
            "icmp": [],
            "id": "r006-0d3bbc33-cfff-4c91-8284-b6ad6656b8ae.r006-23833353-9695-4abd-aea9-771bb8222a1b",
            "ip_version": "ipv4",
            "local": "0.0.0.0/0",
            "protocol": "tcp",
            "related_crn": "crn:v1:bluemix:public:is:us-south:a/65c005b968304c79af0072316cd66882::security-group:r006-0d3bbc33-cfff-4c91-8284-b6ad6656b8ae",
            "remote": "0.0.0.0/0",
            "rule_id": "r006-23833353-9695-4abd-aea9-771bb8222a1b",
            "tcp": [
              {
                "port_max": 53,
                "port_min": 53
              }
            ],
            "udp": []
          },
          "sensitive_attributes": [],
          "private": "bnVsbA==",
          "dependencies": [
            "module.network.ibm_is_vpc.vpc",
            "module.network.ibm_resource_group.resource_group",
            "module.security.ibm_is_security_group.SG"
          ]
        },
        {
          "index_key": "node_outbound_ssh",
          "schema_version": 0,
          "attributes": {
            "direction": "outbound",
            "group": "r006-0d3bbc33-cfff-4c91-8284-b6ad6656b8ae",
            "icmp": [],
            "id": "r006-0d3bbc33-cfff-4c91-8284-b6ad6656b8ae.r006-957c6333-4396-4b5c-b01c-db121c9e7ca6",
            "ip_version": "ipv4",
            "local": "0.0.0.0/0",
            "protocol": "tcp",
            "related_crn": "crn:v1:bluemix:public:is:us-south:a/65c005b968304c79af0072316cd66882::security-group:r006-0d3bbc33-cfff-4c91-8284-b6ad6656b8ae",
            "remote": "0.0.0.0/0",
            "rule_id": "r006-957c6333-4396-4b5c-b01c-db121c9e7ca6",
            "tcp": [
              {
                "port_max": 22,
                "port_min": 22
              }
            ],
            "udp": []
          },
          "sensitive_attributes": [],
          "private": "bnVsbA==",
          "dependencies": [
            "module.network.ibm_is_vpc.vpc",
            "module.network.ibm_resource_group.resource_group",
            "module.security.ibm_is_security_group.SG"
          ]
        }
      ]
    },
    {
      "module": "module.security",
      "mode": "managed",
      "type": "ibm_is_ssh_key",
      "name": "ssh",
      "provider": "module.security.provider[\"registry.terraform.io/ibm-cloud/ibm\"]",
      "instances": [
        {
          "index_key": "master",
          "schema_version": 0,
          "attributes": {
            "access_tags": [],
            "crn": "crn:v1:bluemix:public:is:us-south:a/65c005b968304c79af0072316cd66882::key:r006-acd6aead-18b1-4e95-a21f-6b00c2df134d",
            "fingerprint": "SHA256:ymvt0vF8YxkCe7dc/2xag2msONRDS3Md3nxQAjRWJ1o",
            "id": "r006-acd6aead-18b1-4e95-a21f-6b00c2df134d",
            "length": 2048,
            "name": "master",
            "public_key": "ssh-rsa AAAAB3NzaC1yc2EAAAADAQABAAABAQCQBeNzV333BwUQsblsodTYPdsdYsm+Sqzq//bVD8R+b/87VlB0SzsJV9Dw09cOS5D+FeqfSmchvLqGJY6D96UvnBMKNWxP71qMokOxmYezm91WdA/4UA9i5Z6Nbn5JkJgQqeyj7xrWH1mjE1GAwMYJSSi+kpIW5qSk+JKr69rVTa6uMQzeC0RYQwBXCdVToBwTzK4WIgFUXdBKd8YPYStdaFLOe7Hs8o32VmzswKakYlBpf9RBqCSiozeLDioG+QOTe0EFPI8Mj64TLSncSVKCIb9BEZm5N455E50rLH66iTR9ZOJINqiSVsZVW6xRKGjZSmD0+Mkor2LpfNNJaFcP",
            "resource_controller_url": "https://cloud.ibm.com/vpc-ext/compute/sshKeys",
            "resource_crn": "crn:v1:bluemix:public:is:us-south:a/65c005b968304c79af0072316cd66882::key:r006-acd6aead-18b1-4e95-a21f-6b00c2df134d",
            "resource_group": "f85c67de9d944c59afb9709a10a7a25b",
            "resource_group_name": "Default",
            "resource_name": "master",
            "tags": [],
            "type": "rsa"
          },
          "sensitive_attributes": [],
          "private": "bnVsbA=="
        },
        {
          "index_key": "mohsen",
          "schema_version": 0,
          "attributes": {
            "access_tags": [],
            "crn": "crn:v1:bluemix:public:is:us-south:a/65c005b968304c79af0072316cd66882::key:r006-a58173f6-2da2-4e6c-ad07-dd5f5d91073d",
            "fingerprint": "SHA256:jeM4EtGM6W1Kx1pualheSCaPlPw4Vj8swEbx/XUYeLI",
            "id": "r006-a58173f6-2da2-4e6c-ad07-dd5f5d91073d",
            "length": 2048,
            "name": "mohsen",
            "public_key": "ssh-rsa AAAAB3NzaC1yc2EAAAADAQABAAABAQCdG5EZrwASgdYyM/ZmeRSJMaRqHgNrlOURubAjwLa0SBjABoTZvxO4fkU3WmWNX5uzXgp6YNEh/ZLgW9JuiJllwmPXJbPaYhAl9KKLQcqAg3MPE9FmlehNBK5IIObqXdtfiHbwb5YhnXXKXYz+jTFr6tPnnQnpneXEFdYLdAcBUNUln8Qk7zE7ScJGMkronGXZRXIGhnS6rkfmMHtr5KIrZXffcTGWZHuHfxpybOsc4AHUXvyibK5vx2PAIVsyjj7+p5WR3Wx7Aixzaw2Ek7sGZEATxbnPu9gVnNtZLzutsHRbA0WWExeWTvE4lAf/jrsSQ/6N8bxIN5s0/tWkPAxP",
            "resource_controller_url": "https://cloud.ibm.com/vpc-ext/compute/sshKeys",
            "resource_crn": "crn:v1:bluemix:public:is:us-south:a/65c005b968304c79af0072316cd66882::key:r006-a58173f6-2da2-4e6c-ad07-dd5f5d91073d",
            "resource_group": "f85c67de9d944c59afb9709a10a7a25b",
            "resource_group_name": "Default",
            "resource_name": "mohsen",
            "tags": [],
            "type": "rsa"
          },
          "sensitive_attributes": [],
          "private": "bnVsbA=="
        },
        {
          "index_key": "node",
          "schema_version": 0,
          "attributes": {
            "access_tags": [],
            "crn": "crn:v1:bluemix:public:is:us-south:a/65c005b968304c79af0072316cd66882::key:r006-de9e7317-da7e-42d7-b359-55012117234c",
            "fingerprint": "SHA256:S91BtshSgOaTPE0RIY2Yu8zo3FqUksKYzcMI4tzw4Ro",
            "id": "r006-de9e7317-da7e-42d7-b359-55012117234c",
            "length": 2048,
            "name": "node",
            "public_key": "ssh-rsa AAAAB3NzaC1yc2EAAAADAQABAAABAQCJQ3CNDDUuORn+LQTQqXF4uqumr1xYrf7Ru28ZjzCjK5zmvI8oPN3YP8/sp80PDfF2UWp6kI8mgteBGaJtKn+X42FHqMAcN6Qgwmiv8PF+mGrLx5wytONFZS8wASk0JwOHaZUf0TAw3fMLdRJXvj6yX7VSbsuohIIjph+F/7pzlSanLbbUgUSzDHqtJJZwMfKIaiDEvZsEnYy2PYrrGc5jIVjHou3qZ9X17AgGTvaFFFZX1gAYA0X5VJX4e5rItmoOWnLHa7HLXGumYjw4HvNiKEUtv1h98tdu96SKm4CgqAYpbD7qbBhW9AyIytttt/EBTFWCOK5n+g3wG21H350/",
            "resource_controller_url": "https://cloud.ibm.com/vpc-ext/compute/sshKeys",
            "resource_crn": "crn:v1:bluemix:public:is:us-south:a/65c005b968304c79af0072316cd66882::key:r006-de9e7317-da7e-42d7-b359-55012117234c",
            "resource_group": "f85c67de9d944c59afb9709a10a7a25b",
            "resource_group_name": "Default",
            "resource_name": "node",
            "tags": [],
            "type": "rsa"
          },
          "sensitive_attributes": [],
          "private": "bnVsbA=="
        }
      ]
    }
  ],
  "check_results": null
}
